{
  "pins" : [
    {
      "identity" : "predicateqi",
      "kind" : "remoteSourceControl",
      "location" : "https://github.com/prosumma/PredicateQI",
      "state" : {
        "revision" : "04eb97b10538f2b490d396087955697623b65347",
        "version" : "1.0.0"
      }
    }
  ],
  "version" : 2
}
