{
  "pins" : [
    {
      "identity" : "predicateqi",
      "kind" : "remoteSourceControl",
      "location" : "https://github.com/prosumma/PredicateQI",
      "state" : {
        "revision" : "bf8351a4f1b9ba05de346bb47bfd8af590c92bcb",
        "version" : "1.0.5"
      }
    }
  ],
  "version" : 2
}
