// !$*UTF8*$!
{
	archiveVersion = 1;
	classes = {
	};
	objectVersion = 46;
	objects = {

/* Begin PBXBuildFile section */
		F340B30E1C40EA08008CF49E /* Assets.xcassets in Resources */ = {isa = PBXBuildFile; fileRef = F340B30D1C40EA08008CF49E /* Assets.xcassets */; };
		F340B3111C40EA08008CF49E /* LaunchScreen.storyboard in Resources */ = {isa = PBXBuildFile; fileRef = F340B30F1C40EA08008CF49E /* LaunchScreen.storyboard */; };
		F340B3191C40EA78008CF49E /* AppDelegate.swift in Sources */ = {isa = PBXBuildFile; fileRef = F340B3181C40EA78008CF49E /* AppDelegate.swift */; };
		F340B31E1C40EAC9008CF49E /* Main.storyboard in Resources */ = {isa = PBXBuildFile; fileRef = F340B31C1C40EAC8008CF49E /* Main.storyboard */; };
		F340B3211C40EAF0008CF49E /* TopHits.xcdatamodeld in Sources */ = {isa = PBXBuildFile; fileRef = F340B31F1C40EAF0008CF49E /* TopHits.xcdatamodeld */; };
		F340B32E1C40EB31008CF49E /* Artist.swift in Sources */ = {isa = PBXBuildFile; fileRef = F340B3221C40EB31008CF49E /* Artist.swift */; };
		F340B32F1C40EB31008CF49E /* Artist+CoreDataProperties.swift in Sources */ = {isa = PBXBuildFile; fileRef = F340B3231C40EB31008CF49E /* Artist+CoreDataProperties.swift */; };
		F340B3301C40EB31008CF49E /* ArtistAttribute.swift in Sources */ = {isa = PBXBuildFile; fileRef = F340B3241C40EB31008CF49E /* ArtistAttribute.swift */; };
		F340B3311C40EB31008CF49E /* CoreDataController.swift in Sources */ = {isa = PBXBuildFile; fileRef = F340B3251C40EB31008CF49E /* CoreDataController.swift */; };
		F340B3321C40EB31008CF49E /* NSManagedObjectContextExtensions.swift in Sources */ = {isa = PBXBuildFile; fileRef = F340B3261C40EB31008CF49E /* NSManagedObjectContextExtensions.swift */; };
		F340B3331C40EB31008CF49E /* SearchViewController.swift in Sources */ = {isa = PBXBuildFile; fileRef = F340B3271C40EB31008CF49E /* SearchViewController.swift */; };
		F340B3341C40EB31008CF49E /* Song.swift in Sources */ = {isa = PBXBuildFile; fileRef = F340B3281C40EB31008CF49E /* Song.swift */; };
		F340B3351C40EB31008CF49E /* Song+CoreDataProperties.swift in Sources */ = {isa = PBXBuildFile; fileRef = F340B3291C40EB31008CF49E /* Song+CoreDataProperties.swift */; };
		F340B3361C40EB31008CF49E /* SongAttribute.swift in Sources */ = {isa = PBXBuildFile; fileRef = F340B32A1C40EB31008CF49E /* SongAttribute.swift */; };
		F340B3371C40EB31008CF49E /* SongTableViewCell.swift in Sources */ = {isa = PBXBuildFile; fileRef = F340B32B1C40EB31008CF49E /* SongTableViewCell.swift */; };
		F340B3381C40EB31008CF49E /* UIViewControllerExtensions.swift in Sources */ = {isa = PBXBuildFile; fileRef = F340B32C1C40EB31008CF49E /* UIViewControllerExtensions.swift */; };
		F340B3391C40EB31008CF49E /* SetupViewController.swift in Sources */ = {isa = PBXBuildFile; fileRef = F340B32D1C40EB31008CF49E /* SetupViewController.swift */; };
		F340B3491C40EB4A008CF49E /* CoreDataQueryInterface.framework in Frameworks */ = {isa = PBXBuildFile; fileRef = F340B3421C40EB3B008CF49E /* CoreDataQueryInterface.framework */; };
		F340B34A1C40EB4A008CF49E /* CoreDataQueryInterface.framework in Embed Frameworks */ = {isa = PBXBuildFile; fileRef = F340B3421C40EB3B008CF49E /* CoreDataQueryInterface.framework */; settings = {ATTRIBUTES = (CodeSignOnCopy, RemoveHeadersOnCopy, ); }; };
		F340B34F1C40EC08008CF49E /* TopHits.psv in Resources */ = {isa = PBXBuildFile; fileRef = F340B34E1C40EC08008CF49E /* TopHits.psv */; };
/* End PBXBuildFile section */

/* Begin PBXContainerItemProxy section */
		8E009ECA1CD5759B00B056B4 /* PBXContainerItemProxy */ = {
			isa = PBXContainerItemProxy;
			containerPortal = F340B33A1C40EB3B008CF49E /* CoreDataQueryInterface.xcodeproj */;
			proxyType = 2;
			remoteGlobalIDString = F356DC2B1CCFFF4C00BF0907;
			remoteInfo = CoreDataQueryInterfacetvOS;
		};
		8E009ECC1CD5759B00B056B4 /* PBXContainerItemProxy */ = {
			isa = PBXContainerItemProxy;
			containerPortal = F340B33A1C40EB3B008CF49E /* CoreDataQueryInterface.xcodeproj */;
			proxyType = 2;
			remoteGlobalIDString = F356DC341CCFFF4C00BF0907;
			remoteInfo = CoreDataQueryInterfacetvOSTests;
		};
		8E009ECE1CD5759B00B056B4 /* PBXContainerItemProxy */ = {
			isa = PBXContainerItemProxy;
			containerPortal = F340B33A1C40EB3B008CF49E /* CoreDataQueryInterface.xcodeproj */;
			proxyType = 2;
			remoteGlobalIDString = F3F1BC531CD0020100F9072D;
			remoteInfo = CoreDataQueryInterfacewatchOS;
		};
		F340B3411C40EB3B008CF49E /* PBXContainerItemProxy */ = {
			isa = PBXContainerItemProxy;
			containerPortal = F340B33A1C40EB3B008CF49E /* CoreDataQueryInterface.xcodeproj */;
			proxyType = 2;
			remoteGlobalIDString = F37C46A21B2A780200B35B1B;
			remoteInfo = CoreDataQueryInterfaceiOS;
		};
		F340B3431C40EB3B008CF49E /* PBXContainerItemProxy */ = {
			isa = PBXContainerItemProxy;
			containerPortal = F340B33A1C40EB3B008CF49E /* CoreDataQueryInterface.xcodeproj */;
			proxyType = 2;
			remoteGlobalIDString = F37C46AC1B2A780200B35B1B;
			remoteInfo = CoreDataQueryInterfaceiOSTests;
		};
		F340B3451C40EB3B008CF49E /* PBXContainerItemProxy */ = {
			isa = PBXContainerItemProxy;
			containerPortal = F340B33A1C40EB3B008CF49E /* CoreDataQueryInterface.xcodeproj */;
			proxyType = 2;
			remoteGlobalIDString = F30D1CCA1B2A891100AF80A1;
			remoteInfo = CoreDataQueryInterfaceOSX;
		};
		F340B3471C40EB3B008CF49E /* PBXContainerItemProxy */ = {
			isa = PBXContainerItemProxy;
			containerPortal = F340B33A1C40EB3B008CF49E /* CoreDataQueryInterface.xcodeproj */;
			proxyType = 2;
			remoteGlobalIDString = F30D1CD31B2A891100AF80A1;
			remoteInfo = CoreDataQueryInterfaceOSXTests;
		};
		F340B34B1C40EB4A008CF49E /* PBXContainerItemProxy */ = {
			isa = PBXContainerItemProxy;
			containerPortal = F340B33A1C40EB3B008CF49E /* CoreDataQueryInterface.xcodeproj */;
			proxyType = 1;
			remoteGlobalIDString = F37C46A11B2A780200B35B1B;
			remoteInfo = CoreDataQueryInterfaceiOS;
		};
/* End PBXContainerItemProxy section */

/* Begin PBXCopyFilesBuildPhase section */
		F340B34D1C40EB4A008CF49E /* Embed Frameworks */ = {
			isa = PBXCopyFilesBuildPhase;
			buildActionMask = 2147483647;
			dstPath = "";
			dstSubfolderSpec = 10;
			files = (
				F340B34A1C40EB4A008CF49E /* CoreDataQueryInterface.framework in Embed Frameworks */,
			);
			name = "Embed Frameworks";
			runOnlyForDeploymentPostprocessing = 0;
		};
/* End PBXCopyFilesBuildPhase section */

/* Begin PBXFileReference section */
		F340B3031C40EA08008CF49E /* TopHits.app */ = {isa = PBXFileReference; explicitFileType = wrapper.application; includeInIndex = 0; path = TopHits.app; sourceTree = BUILT_PRODUCTS_DIR; };
		F340B30D1C40EA08008CF49E /* Assets.xcassets */ = {isa = PBXFileReference; lastKnownFileType = folder.assetcatalog; path = Assets.xcassets; sourceTree = "<group>"; };
		F340B3101C40EA08008CF49E /* Base */ = {isa = PBXFileReference; lastKnownFileType = file.storyboard; name = Base; path = Base.lproj/LaunchScreen.storyboard; sourceTree = "<group>"; };
		F340B3121C40EA08008CF49E /* Info.plist */ = {isa = PBXFileReference; lastKnownFileType = text.plist.xml; path = Info.plist; sourceTree = "<group>"; };
		F340B3181C40EA78008CF49E /* AppDelegate.swift */ = {isa = PBXFileReference; fileEncoding = 4; lastKnownFileType = sourcecode.swift; path = AppDelegate.swift; sourceTree = "<group>"; };
		F340B31D1C40EAC9008CF49E /* Base */ = {isa = PBXFileReference; lastKnownFileType = file.storyboard; name = Base; path = Base.lproj/Main.storyboard; sourceTree = "<group>"; };
		F340B3201C40EAF0008CF49E /* TopHits.xcdatamodel */ = {isa = PBXFileReference; lastKnownFileType = wrapper.xcdatamodel; path = TopHits.xcdatamodel; sourceTree = "<group>"; };
		F340B3221C40EB31008CF49E /* Artist.swift */ = {isa = PBXFileReference; fileEncoding = 4; lastKnownFileType = sourcecode.swift; path = Artist.swift; sourceTree = "<group>"; };
		F340B3231C40EB31008CF49E /* Artist+CoreDataProperties.swift */ = {isa = PBXFileReference; fileEncoding = 4; lastKnownFileType = sourcecode.swift; path = "Artist+CoreDataProperties.swift"; sourceTree = "<group>"; };
		F340B3241C40EB31008CF49E /* ArtistAttribute.swift */ = {isa = PBXFileReference; fileEncoding = 4; lastKnownFileType = sourcecode.swift; path = ArtistAttribute.swift; sourceTree = "<group>"; };
		F340B3251C40EB31008CF49E /* CoreDataController.swift */ = {isa = PBXFileReference; fileEncoding = 4; lastKnownFileType = sourcecode.swift; path = CoreDataController.swift; sourceTree = "<group>"; };
		F340B3261C40EB31008CF49E /* NSManagedObjectContextExtensions.swift */ = {isa = PBXFileReference; fileEncoding = 4; lastKnownFileType = sourcecode.swift; path = NSManagedObjectContextExtensions.swift; sourceTree = "<group>"; };
		F340B3271C40EB31008CF49E /* SearchViewController.swift */ = {isa = PBXFileReference; fileEncoding = 4; lastKnownFileType = sourcecode.swift; path = SearchViewController.swift; sourceTree = "<group>"; };
		F340B3281C40EB31008CF49E /* Song.swift */ = {isa = PBXFileReference; fileEncoding = 4; lastKnownFileType = sourcecode.swift; path = Song.swift; sourceTree = "<group>"; };
		F340B3291C40EB31008CF49E /* Song+CoreDataProperties.swift */ = {isa = PBXFileReference; fileEncoding = 4; lastKnownFileType = sourcecode.swift; path = "Song+CoreDataProperties.swift"; sourceTree = "<group>"; };
		F340B32A1C40EB31008CF49E /* SongAttribute.swift */ = {isa = PBXFileReference; fileEncoding = 4; lastKnownFileType = sourcecode.swift; path = SongAttribute.swift; sourceTree = "<group>"; };
		F340B32B1C40EB31008CF49E /* SongTableViewCell.swift */ = {isa = PBXFileReference; fileEncoding = 4; lastKnownFileType = sourcecode.swift; path = SongTableViewCell.swift; sourceTree = "<group>"; };
		F340B32C1C40EB31008CF49E /* UIViewControllerExtensions.swift */ = {isa = PBXFileReference; fileEncoding = 4; lastKnownFileType = sourcecode.swift; path = UIViewControllerExtensions.swift; sourceTree = "<group>"; };
		F340B32D1C40EB31008CF49E /* SetupViewController.swift */ = {isa = PBXFileReference; fileEncoding = 4; lastKnownFileType = sourcecode.swift; path = SetupViewController.swift; sourceTree = "<group>"; };
		F340B33A1C40EB3B008CF49E /* CoreDataQueryInterface.xcodeproj */ = {isa = PBXFileReference; lastKnownFileType = "wrapper.pb-project"; name = CoreDataQueryInterface.xcodeproj; path = ../../CoreDataQueryInterface.xcodeproj; sourceTree = "<group>"; };
		F340B34E1C40EC08008CF49E /* TopHits.psv */ = {isa = PBXFileReference; fileEncoding = 4; lastKnownFileType = text; path = TopHits.psv; sourceTree = "<group>"; };
/* End PBXFileReference section */

/* Begin PBXFrameworksBuildPhase section */
		F340B3001C40EA08008CF49E /* Frameworks */ = {
			isa = PBXFrameworksBuildPhase;
			buildActionMask = 2147483647;
			files = (
				F340B3491C40EB4A008CF49E /* CoreDataQueryInterface.framework in Frameworks */,
			);
			runOnlyForDeploymentPostprocessing = 0;
		};
/* End PBXFrameworksBuildPhase section */

/* Begin PBXGroup section */
		F340B2FA1C40EA08008CF49E = {
			isa = PBXGroup;
			children = (
				F340B33A1C40EB3B008CF49E /* CoreDataQueryInterface.xcodeproj */,
				F340B3051C40EA08008CF49E /* TopHits */,
				F340B3041C40EA08008CF49E /* Products */,
			);
			sourceTree = "<group>";
		};
		F340B3041C40EA08008CF49E /* Products */ = {
			isa = PBXGroup;
			children = (
				F340B3031C40EA08008CF49E /* TopHits.app */,
			);
			name = Products;
			sourceTree = "<group>";
		};
		F340B3051C40EA08008CF49E /* TopHits */ = {
			isa = PBXGroup;
			children = (
				F340B3181C40EA78008CF49E /* AppDelegate.swift */,
				F340B3511C4102F9008CF49E /* UIKit */,
				F340B3501C4102EA008CF49E /* Core Data */,
				F340B3121C40EA08008CF49E /* Info.plist */,
			);
			path = TopHits;
			sourceTree = "<group>";
		};
		F340B33B1C40EB3B008CF49E /* Products */ = {
			isa = PBXGroup;
			children = (
				F340B3421C40EB3B008CF49E /* CoreDataQueryInterface.framework */,
				F340B3441C40EB3B008CF49E /* CoreDataQueryInterfaceiOSTests.xctest */,
				F340B3461C40EB3B008CF49E /* CoreDataQueryInterface.framework */,
				F340B3481C40EB3B008CF49E /* CoreDataQueryInterfaceOSXTests.xctest */,
				8E009ECB1CD5759B00B056B4 /* CoreDataQueryInterface.framework */,
				8E009ECD1CD5759B00B056B4 /* CoreDataQueryInterfacetvOSTests.xctest */,
				8E009ECF1CD5759B00B056B4 /* CoreDataQueryInterface.framework */,
			);
			name = Products;
			sourceTree = "<group>";
		};
		F340B3501C4102EA008CF49E /* Core Data */ = {
			isa = PBXGroup;
			children = (
				F340B3221C40EB31008CF49E /* Artist.swift */,
				F340B3231C40EB31008CF49E /* Artist+CoreDataProperties.swift */,
				F340B3241C40EB31008CF49E /* ArtistAttribute.swift */,
				F340B3251C40EB31008CF49E /* CoreDataController.swift */,
				F340B3261C40EB31008CF49E /* NSManagedObjectContextExtensions.swift */,
				F340B3281C40EB31008CF49E /* Song.swift */,
				F340B3291C40EB31008CF49E /* Song+CoreDataProperties.swift */,
				F340B32A1C40EB31008CF49E /* SongAttribute.swift */,
				F340B32B1C40EB31008CF49E /* SongTableViewCell.swift */,
				F340B34E1C40EC08008CF49E /* TopHits.psv */,
				F340B31F1C40EAF0008CF49E /* TopHits.xcdatamodeld */,
			);
			name = "Core Data";
			sourceTree = "<group>";
		};
		F340B3511C4102F9008CF49E /* UIKit */ = {
			isa = PBXGroup;
			children = (
				F340B30D1C40EA08008CF49E /* Assets.xcassets */,
				F340B30F1C40EA08008CF49E /* LaunchScreen.storyboard */,
				F340B31C1C40EAC8008CF49E /* Main.storyboard */,
				F340B3271C40EB31008CF49E /* SearchViewController.swift */,
				F340B32D1C40EB31008CF49E /* SetupViewController.swift */,
				F340B32C1C40EB31008CF49E /* UIViewControllerExtensions.swift */,
			);
			name = UIKit;
			sourceTree = "<group>";
		};
/* End PBXGroup section */

/* Begin PBXNativeTarget section */
		F340B3021C40EA08008CF49E /* TopHits */ = {
			isa = PBXNativeTarget;
			buildConfigurationList = F340B3151C40EA08008CF49E /* Build configuration list for PBXNativeTarget "TopHits" */;
			buildPhases = (
				8E009EC31CD5759B00B056B4 /* CDQI */,
				F340B2FF1C40EA08008CF49E /* Sources */,
				F340B3001C40EA08008CF49E /* Frameworks */,
				F340B3011C40EA08008CF49E /* Resources */,
				F340B34D1C40EB4A008CF49E /* Embed Frameworks */,
			);
			buildRules = (
			);
			dependencies = (
				F340B34C1C40EB4A008CF49E /* PBXTargetDependency */,
			);
			name = TopHits;
			productName = TopHits;
			productReference = F340B3031C40EA08008CF49E /* TopHits.app */;
			productType = "com.apple.product-type.application";
		};
/* End PBXNativeTarget section */

/* Begin PBXProject section */
		F340B2FB1C40EA08008CF49E /* Project object */ = {
			isa = PBXProject;
			attributes = {
				LastSwiftUpdateCheck = 0720;
				LastUpgradeCheck = 0720;
				ORGANIZATIONNAME = "Prosumma LLC";
				TargetAttributes = {
					F340B3021C40EA08008CF49E = {
						CreatedOnToolsVersion = 7.2;
					};
				};
			};
			buildConfigurationList = F340B2FE1C40EA08008CF49E /* Build configuration list for PBXProject "TopHits" */;
			compatibilityVersion = "Xcode 3.2";
			developmentRegion = English;
			hasScannedForEncodings = 0;
			knownRegions = (
				en,
				Base,
			);
			mainGroup = F340B2FA1C40EA08008CF49E;
			productRefGroup = F340B3041C40EA08008CF49E /* Products */;
			projectDirPath = "";
			projectReferences = (
				{
					ProductGroup = F340B33B1C40EB3B008CF49E /* Products */;
					ProjectRef = F340B33A1C40EB3B008CF49E /* CoreDataQueryInterface.xcodeproj */;
				},
			);
			projectRoot = "";
			targets = (
				F340B3021C40EA08008CF49E /* TopHits */,
			);
		};
/* End PBXProject section */

/* Begin PBXReferenceProxy section */
		8E009ECB1CD5759B00B056B4 /* CoreDataQueryInterface.framework */ = {
			isa = PBXReferenceProxy;
			fileType = wrapper.framework;
			path = CoreDataQueryInterface.framework;
			remoteRef = 8E009ECA1CD5759B00B056B4 /* PBXContainerItemProxy */;
			sourceTree = BUILT_PRODUCTS_DIR;
		};
		8E009ECD1CD5759B00B056B4 /* CoreDataQueryInterfacetvOSTests.xctest */ = {
			isa = PBXReferenceProxy;
			fileType = wrapper.cfbundle;
			path = CoreDataQueryInterfacetvOSTests.xctest;
			remoteRef = 8E009ECC1CD5759B00B056B4 /* PBXContainerItemProxy */;
			sourceTree = BUILT_PRODUCTS_DIR;
		};
		8E009ECF1CD5759B00B056B4 /* CoreDataQueryInterface.framework */ = {
			isa = PBXReferenceProxy;
			fileType = wrapper.framework;
			path = CoreDataQueryInterface.framework;
			remoteRef = 8E009ECE1CD5759B00B056B4 /* PBXContainerItemProxy */;
			sourceTree = BUILT_PRODUCTS_DIR;
		};
		F340B3421C40EB3B008CF49E /* CoreDataQueryInterface.framework */ = {
			isa = PBXReferenceProxy;
			fileType = wrapper.framework;
			path = CoreDataQueryInterface.framework;
			remoteRef = F340B3411C40EB3B008CF49E /* PBXContainerItemProxy */;
			sourceTree = BUILT_PRODUCTS_DIR;
		};
		F340B3441C40EB3B008CF49E /* CoreDataQueryInterfaceiOSTests.xctest */ = {
			isa = PBXReferenceProxy;
			fileType = wrapper.cfbundle;
			path = CoreDataQueryInterfaceiOSTests.xctest;
			remoteRef = F340B3431C40EB3B008CF49E /* PBXContainerItemProxy */;
			sourceTree = BUILT_PRODUCTS_DIR;
		};
		F340B3461C40EB3B008CF49E /* CoreDataQueryInterface.framework */ = {
			isa = PBXReferenceProxy;
			fileType = wrapper.framework;
			path = CoreDataQueryInterface.framework;
			remoteRef = F340B3451C40EB3B008CF49E /* PBXContainerItemProxy */;
			sourceTree = BUILT_PRODUCTS_DIR;
		};
		F340B3481C40EB3B008CF49E /* CoreDataQueryInterfaceOSXTests.xctest */ = {
			isa = PBXReferenceProxy;
			fileType = wrapper.cfbundle;
			path = CoreDataQueryInterfaceOSXTests.xctest;
			remoteRef = F340B3471C40EB3B008CF49E /* PBXContainerItemProxy */;
			sourceTree = BUILT_PRODUCTS_DIR;
		};
/* End PBXReferenceProxy section */

/* Begin PBXResourcesBuildPhase section */
		F340B3011C40EA08008CF49E /* Resources */ = {
			isa = PBXResourcesBuildPhase;
			buildActionMask = 2147483647;
			files = (
				F340B31E1C40EAC9008CF49E /* Main.storyboard in Resources */,
				F340B34F1C40EC08008CF49E /* TopHits.psv in Resources */,
				F340B3111C40EA08008CF49E /* LaunchScreen.storyboard in Resources */,
				F340B30E1C40EA08008CF49E /* Assets.xcassets in Resources */,
			);
			runOnlyForDeploymentPostprocessing = 0;
		};
/* End PBXResourcesBuildPhase section */

/* Begin PBXShellScriptBuildPhase section */
		8E009EC31CD5759B00B056B4 /* CDQI */ = {
			isa = PBXShellScriptBuildPhase;
			buildActionMask = 2147483647;
			files = (
			);
			inputPaths = (
			);
			name = CDQI;
			outputPaths = (
			);
			runOnlyForDeploymentPostprocessing = 0;
			shellPath = /bin/sh;
			shellScript = "TARGET_DIR=\"${PROJECT_DIR}/${TARGET_NAME}\"\nCDQI=\"$(dirname $(dirname ${PROJECT_DIR}))/bin/cdqi\"\n# for carthage install use ${PROJECT_DIR}/Carthage/Checkouts/CoreDataQueryInterface/bin/cdqi\n\nfor f in $(find $TARGET_DIR -name \"*.xcdatamodeld\")\ndo\n    FILENAME=\"$(basename $f)\"\n    MODEL_DIR=\"$(dirname $f)\"\n    MODEL=${FILENAME%.*}\n    echo \"Generating model attributes for ${f}\"\n    $($CDQI --in $MODEL_DIR --force \"${MODEL}\")\ndone";
		};
/* End PBXShellScriptBuildPhase section */

/* Begin PBXSourcesBuildPhase section */
		F340B2FF1C40EA08008CF49E /* Sources */ = {
			isa = PBXSourcesBuildPhase;
			buildActionMask = 2147483647;
			files = (
				F340B3371C40EB31008CF49E /* SongTableViewCell.swift in Sources */,
				F340B3341C40EB31008CF49E /* Song.swift in Sources */,
				F340B32F1C40EB31008CF49E /* Artist+CoreDataProperties.swift in Sources */,
				F340B3381C40EB31008CF49E /* UIViewControllerExtensions.swift in Sources */,
				F340B3391C40EB31008CF49E /* SetupViewController.swift in Sources */,
				F340B3321C40EB31008CF49E /* NSManagedObjectContextExtensions.swift in Sources */,
				F340B3331C40EB31008CF49E /* SearchViewController.swift in Sources */,
				F340B3351C40EB31008CF49E /* Song+CoreDataProperties.swift in Sources */,
				F340B32E1C40EB31008CF49E /* Artist.swift in Sources */,
				F340B3361C40EB31008CF49E /* SongAttribute.swift in Sources */,
				F340B3311C40EB31008CF49E /* CoreDataController.swift in Sources */,
				F340B3191C40EA78008CF49E /* AppDelegate.swift in Sources */,
				F340B3301C40EB31008CF49E /* ArtistAttribute.swift in Sources */,
				F340B3211C40EAF0008CF49E /* TopHits.xcdatamodeld in Sources */,
			);
			runOnlyForDeploymentPostprocessing = 0;
		};
/* End PBXSourcesBuildPhase section */

/* Begin PBXTargetDependency section */
		F340B34C1C40EB4A008CF49E /* PBXTargetDependency */ = {
			isa = PBXTargetDependency;
			name = CoreDataQueryInterfaceiOS;
			targetProxy = F340B34B1C40EB4A008CF49E /* PBXContainerItemProxy */;
		};
/* End PBXTargetDependency section */

/* Begin PBXVariantGroup section */
		F340B30F1C40EA08008CF49E /* LaunchScreen.storyboard */ = {
			isa = PBXVariantGroup;
			children = (
				F340B3101C40EA08008CF49E /* Base */,
			);
			name = LaunchScreen.storyboard;
			sourceTree = "<group>";
		};
		F340B31C1C40EAC8008CF49E /* Main.storyboard */ = {
			isa = PBXVariantGroup;
			children = (
				F340B31D1C40EAC9008CF49E /* Base */,
			);
			name = Main.storyboard;
			sourceTree = "<group>";
		};
/* End PBXVariantGroup section */

/* Begin XCBuildConfiguration section */
		F340B3131C40EA08008CF49E /* Debug */ = {
			isa = XCBuildConfiguration;
			buildSettings = {
				ALWAYS_SEARCH_USER_PATHS = NO;
				CLANG_CXX_LANGUAGE_STANDARD = "gnu++0x";
				CLANG_CXX_LIBRARY = "libc++";
				CLANG_ENABLE_MODULES = YES;
				CLANG_ENABLE_OBJC_ARC = YES;
				CLANG_WARN_BOOL_CONVERSION = YES;
				CLANG_WARN_CONSTANT_CONVERSION = YES;
				CLANG_WARN_DIRECT_OBJC_ISA_USAGE = YES_ERROR;
				CLANG_WARN_EMPTY_BODY = YES;
				CLANG_WARN_ENUM_CONVERSION = YES;
				CLANG_WARN_INT_CONVERSION = YES;
				CLANG_WARN_OBJC_ROOT_CLASS = YES_ERROR;
				CLANG_WARN_UNREACHABLE_CODE = YES;
				CLANG_WARN__DUPLICATE_METHOD_MATCH = YES;
				"CODE_SIGN_IDENTITY[sdk=iphoneos*]" = "iPhone Developer";
				COPY_PHASE_STRIP = NO;
				DEBUG_INFORMATION_FORMAT = dwarf;
				ENABLE_STRICT_OBJC_MSGSEND = YES;
				ENABLE_TESTABILITY = YES;
				GCC_C_LANGUAGE_STANDARD = gnu99;
				GCC_DYNAMIC_NO_PIC = NO;
				GCC_NO_COMMON_BLOCKS = YES;
				GCC_OPTIMIZATION_LEVEL = 0;
				GCC_PREPROCESSOR_DEFINITIONS = (
					"DEBUG=1",
					"$(inherited)",
				);
				GCC_WARN_64_TO_32_BIT_CONVERSION = YES;
				GCC_WARN_ABOUT_RETURN_TYPE = YES_ERROR;
				GCC_WARN_UNDECLARED_SELECTOR = YES;
				GCC_WARN_UNINITIALIZED_AUTOS = YES_AGGRESSIVE;
				GCC_WARN_UNUSED_FUNCTION = YES;
				GCC_WARN_UNUSED_VARIABLE = YES;
				IPHONEOS_DEPLOYMENT_TARGET = 9.2;
				MTL_ENABLE_DEBUG_INFO = YES;
				ONLY_ACTIVE_ARCH = YES;
				SDKROOT = iphoneos;
				SWIFT_OPTIMIZATION_LEVEL = "-Onone";
				TARGETED_DEVICE_FAMILY = "1,2";
			};
			name = Debug;
		};
		F340B3141C40EA08008CF49E /* Release */ = {
			isa = XCBuildConfiguration;
			buildSettings = {
				ALWAYS_SEARCH_USER_PATHS = NO;
				CLANG_CXX_LANGUAGE_STANDARD = "gnu++0x";
				CLANG_CXX_LIBRARY = "libc++";
				CLANG_ENABLE_MODULES = YES;
				CLANG_ENABLE_OBJC_ARC = YES;
				CLANG_WARN_BOOL_CONVERSION = YES;
				CLANG_WARN_CONSTANT_CONVERSION = YES;
				CLANG_WARN_DIRECT_OBJC_ISA_USAGE = YES_ERROR;
				CLANG_WARN_EMPTY_BODY = YES;
				CLANG_WARN_ENUM_CONVERSION = YES;
				CLANG_WARN_INT_CONVERSION = YES;
				CLANG_WARN_OBJC_ROOT_CLASS = YES_ERROR;
				CLANG_WARN_UNREACHABLE_CODE = YES;
				CLANG_WARN__DUPLICATE_METHOD_MATCH = YES;
				"CODE_SIGN_IDENTITY[sdk=iphoneos*]" = "iPhone Developer";
				COPY_PHASE_STRIP = NO;
				DEBUG_INFORMATION_FORMAT = "dwarf-with-dsym";
				ENABLE_NS_ASSERTIONS = NO;
				ENABLE_STRICT_OBJC_MSGSEND = YES;
				GCC_C_LANGUAGE_STANDARD = gnu99;
				GCC_NO_COMMON_BLOCKS = YES;
				GCC_WARN_64_TO_32_BIT_CONVERSION = YES;
				GCC_WARN_ABOUT_RETURN_TYPE = YES_ERROR;
				GCC_WARN_UNDECLARED_SELECTOR = YES;
				GCC_WARN_UNINITIALIZED_AUTOS = YES_AGGRESSIVE;
				GCC_WARN_UNUSED_FUNCTION = YES;
				GCC_WARN_UNUSED_VARIABLE = YES;
				IPHONEOS_DEPLOYMENT_TARGET = 9.2;
				MTL_ENABLE_DEBUG_INFO = NO;
				SDKROOT = iphoneos;
				TARGETED_DEVICE_FAMILY = "1,2";
				VALIDATE_PRODUCT = YES;
			};
			name = Release;
		};
		F340B3161C40EA08008CF49E /* Debug */ = {
			isa = XCBuildConfiguration;
			buildSettings = {
				ASSETCATALOG_COMPILER_APPICON_NAME = AppIcon;
				CLANG_ENABLE_MODULES = YES;
				EMBEDDED_CONTENT_CONTAINS_SWIFT = YES;
				INFOPLIST_FILE = TopHits/Info.plist;
				LD_RUNPATH_SEARCH_PATHS = "$(inherited) @executable_path/Frameworks";
				PRODUCT_BUNDLE_IDENTIFIER = com.prosumma.TopHits;
				PRODUCT_NAME = "$(TARGET_NAME)";
				SWIFT_OPTIMIZATION_LEVEL = "-Onone";
			};
			name = Debug;
		};
		F340B3171C40EA08008CF49E /* Release */ = {
			isa = XCBuildConfiguration;
			buildSettings = {
				ASSETCATALOG_COMPILER_APPICON_NAME = AppIcon;
				CLANG_ENABLE_MODULES = YES;
				EMBEDDED_CONTENT_CONTAINS_SWIFT = YES;
				INFOPLIST_FILE = TopHits/Info.plist;
				LD_RUNPATH_SEARCH_PATHS = "$(inherited) @executable_path/Frameworks";
				PRODUCT_BUNDLE_IDENTIFIER = com.prosumma.TopHits;
				PRODUCT_NAME = "$(TARGET_NAME)";
			};
			name = Release;
		};
/* End XCBuildConfiguration section */

/* Begin XCConfigurationList section */
		F340B2FE1C40EA08008CF49E /* Build configuration list for PBXProject "TopHits" */ = {
			isa = XCConfigurationList;
			buildConfigurations = (
				F340B3131C40EA08008CF49E /* Debug */,
				F340B3141C40EA08008CF49E /* Release */,
			);
			defaultConfigurationIsVisible = 0;
			defaultConfigurationName = Release;
		};
		F340B3151C40EA08008CF49E /* Build configuration list for PBXNativeTarget "TopHits" */ = {
			isa = XCConfigurationList;
			buildConfigurations = (
				F340B3161C40EA08008CF49E /* Debug */,
				F340B3171C40EA08008CF49E /* Release */,
			);
			defaultConfigurationIsVisible = 0;
			defaultConfigurationName = Release;
		};
/* End XCConfigurationList section */

/* Begin XCVersionGroup section */
		F340B31F1C40EAF0008CF49E /* TopHits.xcdatamodeld */ = {
			isa = XCVersionGroup;
			children = (
				F340B3201C40EAF0008CF49E /* TopHits.xcdatamodel */,
			);
			currentVersion = F340B3201C40EAF0008CF49E /* TopHits.xcdatamodel */;
			path = TopHits.xcdatamodeld;
			sourceTree = "<group>";
			versionGroupType = wrapper.xcdatamodel;
		};
/* End XCVersionGroup section */
	};
	rootObject = F340B2FB1C40EA08008CF49E /* Project object */;
}
