// !$*UTF8*$!
{
	archiveVersion = 1;
	classes = {
	};
	objectVersion = 46;
	objects = {

/* Begin PBXBuildFile section */
		F30C371E1ADB0115003B1C0E /* NSManagedObjectExtensions.swift in Sources */ = {isa = PBXBuildFile; fileRef = F30C371D1ADB0115003B1C0E /* NSManagedObjectExtensions.swift */; };
		F30C371F1ADB0115003B1C0E /* NSManagedObjectExtensions.swift in Sources */ = {isa = PBXBuildFile; fileRef = F30C371D1ADB0115003B1C0E /* NSManagedObjectExtensions.swift */; };
		F30C37201ADB0115003B1C0E /* NSManagedObjectExtensions.swift in Sources */ = {isa = PBXBuildFile; fileRef = F30C371D1ADB0115003B1C0E /* NSManagedObjectExtensions.swift */; };
		F321BE851ADA3B4100AA9B40 /* Expression.swift in Sources */ = {isa = PBXBuildFile; fileRef = F321BE841ADA3B4100AA9B40 /* Expression.swift */; };
		F321BE861ADA3B4100AA9B40 /* Expression.swift in Sources */ = {isa = PBXBuildFile; fileRef = F321BE841ADA3B4100AA9B40 /* Expression.swift */; };
		F321BE871ADA3B4100AA9B40 /* Expression.swift in Sources */ = {isa = PBXBuildFile; fileRef = F321BE841ADA3B4100AA9B40 /* Expression.swift */; };
		F371EDEA1AD913B9007D1F32 /* NSManagedObjectContextExtensions.swift in Sources */ = {isa = PBXBuildFile; fileRef = F3B66E481AD8D9640045E578 /* NSManagedObjectContextExtensions.swift */; };
		F371EDEC1AD913BF007D1F32 /* EntityQuery.swift in Sources */ = {isa = PBXBuildFile; fileRef = F3B66E421AD8C6990045E578 /* EntityQuery.swift */; };
		F371EDF21AD91BD8007D1F32 /* QueryBuilder.swift in Sources */ = {isa = PBXBuildFile; fileRef = F371EDF11AD91BD8007D1F32 /* QueryBuilder.swift */; };
		F371EDF31AD91BD8007D1F32 /* QueryBuilder.swift in Sources */ = {isa = PBXBuildFile; fileRef = F371EDF11AD91BD8007D1F32 /* QueryBuilder.swift */; };
		F371EDF41AD91BD8007D1F32 /* QueryBuilder.swift in Sources */ = {isa = PBXBuildFile; fileRef = F371EDF11AD91BD8007D1F32 /* QueryBuilder.swift */; };
		F371EDF61AD91D0A007D1F32 /* ExpressionQuery.swift in Sources */ = {isa = PBXBuildFile; fileRef = F371EDF51AD91D0A007D1F32 /* ExpressionQuery.swift */; };
		F371EDF71AD91D0A007D1F32 /* ExpressionQuery.swift in Sources */ = {isa = PBXBuildFile; fileRef = F371EDF51AD91D0A007D1F32 /* ExpressionQuery.swift */; };
		F371EDF81AD91D0A007D1F32 /* ExpressionQuery.swift in Sources */ = {isa = PBXBuildFile; fileRef = F371EDF51AD91D0A007D1F32 /* ExpressionQuery.swift */; };
		F371EDFA1AD91F87007D1F32 /* QueryType.swift in Sources */ = {isa = PBXBuildFile; fileRef = F371EDF91AD91F87007D1F32 /* QueryType.swift */; };
		F371EDFB1AD91F87007D1F32 /* QueryType.swift in Sources */ = {isa = PBXBuildFile; fileRef = F371EDF91AD91F87007D1F32 /* QueryType.swift */; };
		F371EDFC1AD91F87007D1F32 /* QueryType.swift in Sources */ = {isa = PBXBuildFile; fileRef = F371EDF91AD91F87007D1F32 /* QueryType.swift */; };
		F375B9A21AD8C53500575538 /* CoreDataQueryInterface.h in Headers */ = {isa = PBXBuildFile; fileRef = F375B9A11AD8C53500575538 /* CoreDataQueryInterface.h */; settings = {ATTRIBUTES = (Public, ); }; };
		F375B9A81AD8C53500575538 /* CoreDataQueryInterface.framework in Frameworks */ = {isa = PBXBuildFile; fileRef = F375B99C1AD8C53500575538 /* CoreDataQueryInterface.framework */; };
		F382C59C1AD9A31D00BD23C9 /* ManagedObjectIDQuery.swift in Sources */ = {isa = PBXBuildFile; fileRef = F382C59B1AD9A31D00BD23C9 /* ManagedObjectIDQuery.swift */; };
		F382C59D1AD9A31D00BD23C9 /* ManagedObjectIDQuery.swift in Sources */ = {isa = PBXBuildFile; fileRef = F382C59B1AD9A31D00BD23C9 /* ManagedObjectIDQuery.swift */; };
		F382C59E1AD9A31D00BD23C9 /* ManagedObjectIDQuery.swift in Sources */ = {isa = PBXBuildFile; fileRef = F382C59B1AD9A31D00BD23C9 /* ManagedObjectIDQuery.swift */; };
		F382C5A01AD9A91B00BD23C9 /* ExpressionQueryType.swift in Sources */ = {isa = PBXBuildFile; fileRef = F382C59F1AD9A91B00BD23C9 /* ExpressionQueryType.swift */; };
		F382C5A11AD9A91B00BD23C9 /* ExpressionQueryType.swift in Sources */ = {isa = PBXBuildFile; fileRef = F382C59F1AD9A91B00BD23C9 /* ExpressionQueryType.swift */; };
		F382C5A21AD9A91B00BD23C9 /* ExpressionQueryType.swift in Sources */ = {isa = PBXBuildFile; fileRef = F382C59F1AD9A91B00BD23C9 /* ExpressionQueryType.swift */; };
		F3B66E431AD8C6990045E578 /* EntityQuery.swift in Sources */ = {isa = PBXBuildFile; fileRef = F3B66E421AD8C6990045E578 /* EntityQuery.swift */; };
		F3B66E441AD8C6990045E578 /* EntityQuery.swift in Sources */ = {isa = PBXBuildFile; fileRef = F3B66E421AD8C6990045E578 /* EntityQuery.swift */; };
		F3B66E491AD8D9640045E578 /* NSManagedObjectContextExtensions.swift in Sources */ = {isa = PBXBuildFile; fileRef = F3B66E481AD8D9640045E578 /* NSManagedObjectContextExtensions.swift */; };
		F3B66E4A1AD8D9640045E578 /* NSManagedObjectContextExtensions.swift in Sources */ = {isa = PBXBuildFile; fileRef = F3B66E481AD8D9640045E578 /* NSManagedObjectContextExtensions.swift */; };
		F3CDA8311AD90A6A00B9D8BF /* CoreDataQueryInterface.h in Headers */ = {isa = PBXBuildFile; fileRef = F375B9A11AD8C53500575538 /* CoreDataQueryInterface.h */; settings = {ATTRIBUTES = (Public, ); }; };
		F3DF61B61ADCC2040003E75A /* Employees.xcdatamodeld in Sources */ = {isa = PBXBuildFile; fileRef = F3DF61B41ADCC2040003E75A /* Employees.xcdatamodeld */; };
		F3DF61B81ADCC51C0003E75A /* CoreDataQueryInterfaceTests.swift in Sources */ = {isa = PBXBuildFile; fileRef = F3DF61B71ADCC51C0003E75A /* CoreDataQueryInterfaceTests.swift */; };
		F3DF61BA1ADCC66E0003E75A /* Employee.swift in Sources */ = {isa = PBXBuildFile; fileRef = F3DF61B91ADCC66E0003E75A /* Employee.swift */; };
/* End PBXBuildFile section */

/* Begin PBXContainerItemProxy section */
		F375B9A91AD8C53500575538 /* PBXContainerItemProxy */ = {
			isa = PBXContainerItemProxy;
			containerPortal = F375B9931AD8C53500575538 /* Project object */;
			proxyType = 1;
			remoteGlobalIDString = F375B99B1AD8C53500575538;
			remoteInfo = CoreDataQueryInterface;
		};
/* End PBXContainerItemProxy section */

/* Begin PBXFileReference section */
		F30C371D1ADB0115003B1C0E /* NSManagedObjectExtensions.swift */ = {isa = PBXFileReference; fileEncoding = 4; lastKnownFileType = sourcecode.swift; path = NSManagedObjectExtensions.swift; sourceTree = "<group>"; };
		F321BE841ADA3B4100AA9B40 /* Expression.swift */ = {isa = PBXFileReference; fileEncoding = 4; lastKnownFileType = sourcecode.swift; path = Expression.swift; sourceTree = "<group>"; };
		F371EDF11AD91BD8007D1F32 /* QueryBuilder.swift */ = {isa = PBXFileReference; fileEncoding = 4; lastKnownFileType = sourcecode.swift; path = QueryBuilder.swift; sourceTree = "<group>"; };
		F371EDF51AD91D0A007D1F32 /* ExpressionQuery.swift */ = {isa = PBXFileReference; fileEncoding = 4; lastKnownFileType = sourcecode.swift; path = ExpressionQuery.swift; sourceTree = "<group>"; };
		F371EDF91AD91F87007D1F32 /* QueryType.swift */ = {isa = PBXFileReference; fileEncoding = 4; lastKnownFileType = sourcecode.swift; path = QueryType.swift; sourceTree = "<group>"; };
		F375B99C1AD8C53500575538 /* CoreDataQueryInterface.framework */ = {isa = PBXFileReference; explicitFileType = wrapper.framework; includeInIndex = 0; path = CoreDataQueryInterface.framework; sourceTree = BUILT_PRODUCTS_DIR; };
		F375B9A01AD8C53500575538 /* Info.plist */ = {isa = PBXFileReference; lastKnownFileType = text.plist.xml; path = Info.plist; sourceTree = "<group>"; };
		F375B9A11AD8C53500575538 /* CoreDataQueryInterface.h */ = {isa = PBXFileReference; lastKnownFileType = sourcecode.c.h; path = CoreDataQueryInterface.h; sourceTree = "<group>"; };
		F375B9A71AD8C53500575538 /* CoreDataQueryInterfaceTests.xctest */ = {isa = PBXFileReference; explicitFileType = wrapper.cfbundle; includeInIndex = 0; path = CoreDataQueryInterfaceTests.xctest; sourceTree = BUILT_PRODUCTS_DIR; };
		F375B9AD1AD8C53500575538 /* Info.plist */ = {isa = PBXFileReference; lastKnownFileType = text.plist.xml; path = Info.plist; sourceTree = "<group>"; };
		F382C59B1AD9A31D00BD23C9 /* ManagedObjectIDQuery.swift */ = {isa = PBXFileReference; fileEncoding = 4; lastKnownFileType = sourcecode.swift; path = ManagedObjectIDQuery.swift; sourceTree = "<group>"; };
		F382C59F1AD9A91B00BD23C9 /* ExpressionQueryType.swift */ = {isa = PBXFileReference; fileEncoding = 4; lastKnownFileType = sourcecode.swift; path = ExpressionQueryType.swift; sourceTree = "<group>"; };
		F3B66E421AD8C6990045E578 /* EntityQuery.swift */ = {isa = PBXFileReference; fileEncoding = 4; lastKnownFileType = sourcecode.swift; path = EntityQuery.swift; sourceTree = "<group>"; };
		F3B66E481AD8D9640045E578 /* NSManagedObjectContextExtensions.swift */ = {isa = PBXFileReference; fileEncoding = 4; lastKnownFileType = sourcecode.swift; path = NSManagedObjectContextExtensions.swift; sourceTree = "<group>"; };
		F3CDA8181AD9099F00B9D8BF /* CoreDataQueryInterface.framework */ = {isa = PBXFileReference; explicitFileType = wrapper.framework; includeInIndex = 0; path = CoreDataQueryInterface.framework; sourceTree = BUILT_PRODUCTS_DIR; };
		F3DF61B51ADCC2040003E75A /* Employees.xcdatamodel */ = {isa = PBXFileReference; lastKnownFileType = wrapper.xcdatamodel; path = Employees.xcdatamodel; sourceTree = "<group>"; };
		F3DF61B71ADCC51C0003E75A /* CoreDataQueryInterfaceTests.swift */ = {isa = PBXFileReference; fileEncoding = 4; lastKnownFileType = sourcecode.swift; path = CoreDataQueryInterfaceTests.swift; sourceTree = "<group>"; };
		F3DF61B91ADCC66E0003E75A /* Employee.swift */ = {isa = PBXFileReference; fileEncoding = 4; lastKnownFileType = sourcecode.swift; path = Employee.swift; sourceTree = "<group>"; };
/* End PBXFileReference section */

/* Begin PBXFrameworksBuildPhase section */
		F375B9981AD8C53500575538 /* Frameworks */ = {
			isa = PBXFrameworksBuildPhase;
			buildActionMask = 2147483647;
			files = (
			);
			runOnlyForDeploymentPostprocessing = 0;
		};
		F375B9A41AD8C53500575538 /* Frameworks */ = {
			isa = PBXFrameworksBuildPhase;
			buildActionMask = 2147483647;
			files = (
				F375B9A81AD8C53500575538 /* CoreDataQueryInterface.framework in Frameworks */,
			);
			runOnlyForDeploymentPostprocessing = 0;
		};
		F3CDA8141AD9099F00B9D8BF /* Frameworks */ = {
			isa = PBXFrameworksBuildPhase;
			buildActionMask = 2147483647;
			files = (
			);
			runOnlyForDeploymentPostprocessing = 0;
		};
/* End PBXFrameworksBuildPhase section */

/* Begin PBXGroup section */
		F375B9921AD8C53500575538 = {
			isa = PBXGroup;
			children = (
				F375B99E1AD8C53500575538 /* CoreDataQueryInterface */,
				F375B9AB1AD8C53500575538 /* CoreDataQueryInterfaceTests */,
				F375B99D1AD8C53500575538 /* Products */,
			);
			sourceTree = "<group>";
		};
		F375B99D1AD8C53500575538 /* Products */ = {
			isa = PBXGroup;
			children = (
				F375B99C1AD8C53500575538 /* CoreDataQueryInterface.framework */,
				F375B9A71AD8C53500575538 /* CoreDataQueryInterfaceTests.xctest */,
				F3CDA8181AD9099F00B9D8BF /* CoreDataQueryInterface.framework */,
			);
			name = Products;
			sourceTree = "<group>";
		};
		F375B99E1AD8C53500575538 /* CoreDataQueryInterface */ = {
			isa = PBXGroup;
			children = (
				F375B9A11AD8C53500575538 /* CoreDataQueryInterface.h */,
				F3B66E421AD8C6990045E578 /* EntityQuery.swift */,
				F321BE841ADA3B4100AA9B40 /* Expression.swift */,
				F371EDF51AD91D0A007D1F32 /* ExpressionQuery.swift */,
				F382C59F1AD9A91B00BD23C9 /* ExpressionQueryType.swift */,
				F382C59B1AD9A31D00BD23C9 /* ManagedObjectIDQuery.swift */,
				F30C371D1ADB0115003B1C0E /* NSManagedObjectExtensions.swift */,
				F3B66E481AD8D9640045E578 /* NSManagedObjectContextExtensions.swift */,
				F371EDF91AD91F87007D1F32 /* QueryType.swift */,
				F371EDF11AD91BD8007D1F32 /* QueryBuilder.swift */,
				F375B99F1AD8C53500575538 /* Supporting Files */,
			);
			path = CoreDataQueryInterface;
			sourceTree = "<group>";
		};
		F375B99F1AD8C53500575538 /* Supporting Files */ = {
			isa = PBXGroup;
			children = (
				F375B9A01AD8C53500575538 /* Info.plist */,
			);
			name = "Supporting Files";
			sourceTree = "<group>";
		};
		F375B9AB1AD8C53500575538 /* CoreDataQueryInterfaceTests */ = {
			isa = PBXGroup;
			children = (
				F3DF61B41ADCC2040003E75A /* Employees.xcdatamodeld */,
				F3DF61B91ADCC66E0003E75A /* Employee.swift */,
				F3DF61B71ADCC51C0003E75A /* CoreDataQueryInterfaceTests.swift */,
				F375B9AC1AD8C53500575538 /* Supporting Files */,
			);
			path = CoreDataQueryInterfaceTests;
			sourceTree = "<group>";
		};
		F375B9AC1AD8C53500575538 /* Supporting Files */ = {
			isa = PBXGroup;
			children = (
				F375B9AD1AD8C53500575538 /* Info.plist */,
			);
			name = "Supporting Files";
			sourceTree = "<group>";
		};
/* End PBXGroup section */

/* Begin PBXHeadersBuildPhase section */
		F375B9991AD8C53500575538 /* Headers */ = {
			isa = PBXHeadersBuildPhase;
			buildActionMask = 2147483647;
			files = (
				F375B9A21AD8C53500575538 /* CoreDataQueryInterface.h in Headers */,
			);
			runOnlyForDeploymentPostprocessing = 0;
		};
		F3CDA8151AD9099F00B9D8BF /* Headers */ = {
			isa = PBXHeadersBuildPhase;
			buildActionMask = 2147483647;
			files = (
				F3CDA8311AD90A6A00B9D8BF /* CoreDataQueryInterface.h in Headers */,
			);
			runOnlyForDeploymentPostprocessing = 0;
		};
/* End PBXHeadersBuildPhase section */

/* Begin PBXNativeTarget section */
		F375B99B1AD8C53500575538 /* CoreDataQueryInterfaceiOS */ = {
			isa = PBXNativeTarget;
			buildConfigurationList = F375B9B21AD8C53500575538 /* Build configuration list for PBXNativeTarget "CoreDataQueryInterfaceiOS" */;
			buildPhases = (
				F375B9971AD8C53500575538 /* Sources */,
				F375B9981AD8C53500575538 /* Frameworks */,
				F375B9991AD8C53500575538 /* Headers */,
				F375B99A1AD8C53500575538 /* Resources */,
			);
			buildRules = (
			);
			dependencies = (
			);
			name = CoreDataQueryInterfaceiOS;
			productName = CoreDataQueryInterface;
			productReference = F375B99C1AD8C53500575538 /* CoreDataQueryInterface.framework */;
			productType = "com.apple.product-type.framework";
		};
		F375B9A61AD8C53500575538 /* CoreDataQueryInterfaceTests */ = {
			isa = PBXNativeTarget;
			buildConfigurationList = F375B9B51AD8C53500575538 /* Build configuration list for PBXNativeTarget "CoreDataQueryInterfaceTests" */;
			buildPhases = (
				F375B9A31AD8C53500575538 /* Sources */,
				F375B9A41AD8C53500575538 /* Frameworks */,
				F375B9A51AD8C53500575538 /* Resources */,
			);
			buildRules = (
			);
			dependencies = (
				F375B9AA1AD8C53500575538 /* PBXTargetDependency */,
			);
			name = CoreDataQueryInterfaceTests;
			productName = CoreDataQueryInterfaceTests;
			productReference = F375B9A71AD8C53500575538 /* CoreDataQueryInterfaceTests.xctest */;
			productType = "com.apple.product-type.bundle.unit-test";
		};
		F3CDA8171AD9099F00B9D8BF /* CoreDataQueryInterfaceOSX */ = {
			isa = PBXNativeTarget;
			buildConfigurationList = F3CDA82B1AD9099F00B9D8BF /* Build configuration list for PBXNativeTarget "CoreDataQueryInterfaceOSX" */;
			buildPhases = (
				F3CDA8131AD9099F00B9D8BF /* Sources */,
				F3CDA8141AD9099F00B9D8BF /* Frameworks */,
				F3CDA8151AD9099F00B9D8BF /* Headers */,
				F3CDA8161AD9099F00B9D8BF /* Resources */,
			);
			buildRules = (
			);
			dependencies = (
			);
			name = CoreDataQueryInterfaceOSX;
			productName = CoreDataQueryInterface;
			productReference = F3CDA8181AD9099F00B9D8BF /* CoreDataQueryInterface.framework */;
			productType = "com.apple.product-type.framework";
		};
/* End PBXNativeTarget section */

/* Begin PBXProject section */
		F375B9931AD8C53500575538 /* Project object */ = {
			isa = PBXProject;
			attributes = {
				LastUpgradeCheck = 0630;
				ORGANIZATIONNAME = "Prosumma LLC";
				TargetAttributes = {
					F375B99B1AD8C53500575538 = {
						CreatedOnToolsVersion = 6.3;
					};
					F375B9A61AD8C53500575538 = {
						CreatedOnToolsVersion = 6.3;
					};
					F3CDA8171AD9099F00B9D8BF = {
						CreatedOnToolsVersion = 6.3;
					};
				};
			};
			buildConfigurationList = F375B9961AD8C53500575538 /* Build configuration list for PBXProject "CoreDataQueryInterface" */;
			compatibilityVersion = "Xcode 3.2";
			developmentRegion = English;
			hasScannedForEncodings = 0;
			knownRegions = (
				en,
			);
			mainGroup = F375B9921AD8C53500575538;
			productRefGroup = F375B99D1AD8C53500575538 /* Products */;
			projectDirPath = "";
			projectRoot = "";
			targets = (
				F375B99B1AD8C53500575538 /* CoreDataQueryInterfaceiOS */,
				F375B9A61AD8C53500575538 /* CoreDataQueryInterfaceTests */,
				F3CDA8171AD9099F00B9D8BF /* CoreDataQueryInterfaceOSX */,
			);
		};
/* End PBXProject section */

/* Begin PBXResourcesBuildPhase section */
		F375B99A1AD8C53500575538 /* Resources */ = {
			isa = PBXResourcesBuildPhase;
			buildActionMask = 2147483647;
			files = (
			);
			runOnlyForDeploymentPostprocessing = 0;
		};
		F375B9A51AD8C53500575538 /* Resources */ = {
			isa = PBXResourcesBuildPhase;
			buildActionMask = 2147483647;
			files = (
			);
			runOnlyForDeploymentPostprocessing = 0;
		};
		F3CDA8161AD9099F00B9D8BF /* Resources */ = {
			isa = PBXResourcesBuildPhase;
			buildActionMask = 2147483647;
			files = (
			);
			runOnlyForDeploymentPostprocessing = 0;
		};
/* End PBXResourcesBuildPhase section */

/* Begin PBXSourcesBuildPhase section */
		F375B9971AD8C53500575538 /* Sources */ = {
			isa = PBXSourcesBuildPhase;
			buildActionMask = 2147483647;
			files = (
				F382C59C1AD9A31D00BD23C9 /* ManagedObjectIDQuery.swift in Sources */,
				F3B66E491AD8D9640045E578 /* NSManagedObjectContextExtensions.swift in Sources */,
				F321BE851ADA3B4100AA9B40 /* Expression.swift in Sources */,
				F3B66E431AD8C6990045E578 /* EntityQuery.swift in Sources */,
				F382C5A01AD9A91B00BD23C9 /* ExpressionQueryType.swift in Sources */,
				F371EDF61AD91D0A007D1F32 /* ExpressionQuery.swift in Sources */,
				F371EDFA1AD91F87007D1F32 /* QueryType.swift in Sources */,
				F371EDF21AD91BD8007D1F32 /* QueryBuilder.swift in Sources */,
				F30C371E1ADB0115003B1C0E /* NSManagedObjectExtensions.swift in Sources */,
			);
			runOnlyForDeploymentPostprocessing = 0;
		};
		F375B9A31AD8C53500575538 /* Sources */ = {
			isa = PBXSourcesBuildPhase;
			buildActionMask = 2147483647;
			files = (
				F371EDF31AD91BD8007D1F32 /* QueryBuilder.swift in Sources */,
				F3DF61BA1ADCC66E0003E75A /* Employee.swift in Sources */,
				F3DF61B81ADCC51C0003E75A /* CoreDataQueryInterfaceTests.swift in Sources */,
				F371EDFB1AD91F87007D1F32 /* QueryType.swift in Sources */,
				F30C371F1ADB0115003B1C0E /* NSManagedObjectExtensions.swift in Sources */,
				F3B66E441AD8C6990045E578 /* EntityQuery.swift in Sources */,
				F3B66E4A1AD8D9640045E578 /* NSManagedObjectContextExtensions.swift in Sources */,
				F371EDF71AD91D0A007D1F32 /* ExpressionQuery.swift in Sources */,
				F382C59D1AD9A31D00BD23C9 /* ManagedObjectIDQuery.swift in Sources */,
				F3DF61B61ADCC2040003E75A /* Employees.xcdatamodeld in Sources */,
				F382C5A11AD9A91B00BD23C9 /* ExpressionQueryType.swift in Sources */,
				F321BE861ADA3B4100AA9B40 /* Expression.swift in Sources */,
			);
			runOnlyForDeploymentPostprocessing = 0;
		};
		F3CDA8131AD9099F00B9D8BF /* Sources */ = {
			isa = PBXSourcesBuildPhase;
			buildActionMask = 2147483647;
			files = (
				F382C59E1AD9A31D00BD23C9 /* ManagedObjectIDQuery.swift in Sources */,
				F371EDEA1AD913B9007D1F32 /* NSManagedObjectContextExtensions.swift in Sources */,
				F321BE871ADA3B4100AA9B40 /* Expression.swift in Sources */,
				F371EDEC1AD913BF007D1F32 /* EntityQuery.swift in Sources */,
				F382C5A21AD9A91B00BD23C9 /* ExpressionQueryType.swift in Sources */,
				F371EDF81AD91D0A007D1F32 /* ExpressionQuery.swift in Sources */,
				F371EDFC1AD91F87007D1F32 /* QueryType.swift in Sources */,
				F371EDF41AD91BD8007D1F32 /* QueryBuilder.swift in Sources */,
				F30C37201ADB0115003B1C0E /* NSManagedObjectExtensions.swift in Sources */,
			);
			runOnlyForDeploymentPostprocessing = 0;
		};
/* End PBXSourcesBuildPhase section */

/* Begin PBXTargetDependency section */
		F375B9AA1AD8C53500575538 /* PBXTargetDependency */ = {
			isa = PBXTargetDependency;
			target = F375B99B1AD8C53500575538 /* CoreDataQueryInterfaceiOS */;
			targetProxy = F375B9A91AD8C53500575538 /* PBXContainerItemProxy */;
		};
/* End PBXTargetDependency section */

/* Begin XCBuildConfiguration section */
		F375B9B01AD8C53500575538 /* Debug */ = {
			isa = XCBuildConfiguration;
			buildSettings = {
				ALWAYS_SEARCH_USER_PATHS = NO;
				CLANG_CXX_LANGUAGE_STANDARD = "gnu++0x";
				CLANG_CXX_LIBRARY = "libc++";
				CLANG_ENABLE_MODULES = YES;
				CLANG_ENABLE_OBJC_ARC = YES;
				CLANG_WARN_BOOL_CONVERSION = YES;
				CLANG_WARN_CONSTANT_CONVERSION = YES;
				CLANG_WARN_DIRECT_OBJC_ISA_USAGE = YES_ERROR;
				CLANG_WARN_EMPTY_BODY = YES;
				CLANG_WARN_ENUM_CONVERSION = YES;
				CLANG_WARN_INT_CONVERSION = YES;
				CLANG_WARN_OBJC_ROOT_CLASS = YES_ERROR;
				CLANG_WARN_UNREACHABLE_CODE = YES;
				CLANG_WARN__DUPLICATE_METHOD_MATCH = YES;
				"CODE_SIGN_IDENTITY[sdk=iphoneos*]" = "iPhone Developer";
				COPY_PHASE_STRIP = NO;
				CURRENT_PROJECT_VERSION = 1;
				DEBUG_INFORMATION_FORMAT = "dwarf-with-dsym";
				ENABLE_STRICT_OBJC_MSGSEND = YES;
				GCC_C_LANGUAGE_STANDARD = gnu99;
				GCC_DYNAMIC_NO_PIC = NO;
				GCC_NO_COMMON_BLOCKS = YES;
				GCC_OPTIMIZATION_LEVEL = 0;
				GCC_PREPROCESSOR_DEFINITIONS = (
					"DEBUG=1",
					"$(inherited)",
				);
				GCC_SYMBOLS_PRIVATE_EXTERN = NO;
				GCC_WARN_64_TO_32_BIT_CONVERSION = YES;
				GCC_WARN_ABOUT_RETURN_TYPE = YES_ERROR;
				GCC_WARN_UNDECLARED_SELECTOR = YES;
				GCC_WARN_UNINITIALIZED_AUTOS = YES_AGGRESSIVE;
				GCC_WARN_UNUSED_FUNCTION = YES;
				GCC_WARN_UNUSED_VARIABLE = YES;
				IPHONEOS_DEPLOYMENT_TARGET = 8.3;
				MTL_ENABLE_DEBUG_INFO = YES;
				ONLY_ACTIVE_ARCH = YES;
				SDKROOT = iphoneos;
				SWIFT_OPTIMIZATION_LEVEL = "-Onone";
				TARGETED_DEVICE_FAMILY = "1,2";
				VERSIONING_SYSTEM = "apple-generic";
				VERSION_INFO_PREFIX = "";
			};
			name = Debug;
		};
		F375B9B11AD8C53500575538 /* Release */ = {
			isa = XCBuildConfiguration;
			buildSettings = {
				ALWAYS_SEARCH_USER_PATHS = NO;
				CLANG_CXX_LANGUAGE_STANDARD = "gnu++0x";
				CLANG_CXX_LIBRARY = "libc++";
				CLANG_ENABLE_MODULES = YES;
				CLANG_ENABLE_OBJC_ARC = YES;
				CLANG_WARN_BOOL_CONVERSION = YES;
				CLANG_WARN_CONSTANT_CONVERSION = YES;
				CLANG_WARN_DIRECT_OBJC_ISA_USAGE = YES_ERROR;
				CLANG_WARN_EMPTY_BODY = YES;
				CLANG_WARN_ENUM_CONVERSION = YES;
				CLANG_WARN_INT_CONVERSION = YES;
				CLANG_WARN_OBJC_ROOT_CLASS = YES_ERROR;
				CLANG_WARN_UNREACHABLE_CODE = YES;
				CLANG_WARN__DUPLICATE_METHOD_MATCH = YES;
				"CODE_SIGN_IDENTITY[sdk=iphoneos*]" = "iPhone Developer";
				COPY_PHASE_STRIP = NO;
				CURRENT_PROJECT_VERSION = 1;
				DEBUG_INFORMATION_FORMAT = "dwarf-with-dsym";
				ENABLE_NS_ASSERTIONS = NO;
				ENABLE_STRICT_OBJC_MSGSEND = YES;
				GCC_C_LANGUAGE_STANDARD = gnu99;
				GCC_NO_COMMON_BLOCKS = YES;
				GCC_WARN_64_TO_32_BIT_CONVERSION = YES;
				GCC_WARN_ABOUT_RETURN_TYPE = YES_ERROR;
				GCC_WARN_UNDECLARED_SELECTOR = YES;
				GCC_WARN_UNINITIALIZED_AUTOS = YES_AGGRESSIVE;
				GCC_WARN_UNUSED_FUNCTION = YES;
				GCC_WARN_UNUSED_VARIABLE = YES;
				IPHONEOS_DEPLOYMENT_TARGET = 8.3;
				MTL_ENABLE_DEBUG_INFO = NO;
				SDKROOT = iphoneos;
				TARGETED_DEVICE_FAMILY = "1,2";
				VALIDATE_PRODUCT = YES;
				VERSIONING_SYSTEM = "apple-generic";
				VERSION_INFO_PREFIX = "";
			};
			name = Release;
		};
		F375B9B31AD8C53500575538 /* Debug */ = {
			isa = XCBuildConfiguration;
			buildSettings = {
				CLANG_ENABLE_MODULES = YES;
				DEFINES_MODULE = YES;
				DYLIB_COMPATIBILITY_VERSION = 1;
				DYLIB_CURRENT_VERSION = 1;
				DYLIB_INSTALL_NAME_BASE = "@rpath";
				INFOPLIST_FILE = CoreDataQueryInterface/Info.plist;
				INSTALL_PATH = "$(LOCAL_LIBRARY_DIR)/Frameworks";
				LD_RUNPATH_SEARCH_PATHS = "$(inherited) @executable_path/Frameworks @loader_path/Frameworks";
				PRODUCT_NAME = CoreDataQueryInterface;
				SKIP_INSTALL = YES;
				SWIFT_OPTIMIZATION_LEVEL = "-Onone";
			};
			name = Debug;
		};
		F375B9B41AD8C53500575538 /* Release */ = {
			isa = XCBuildConfiguration;
			buildSettings = {
				CLANG_ENABLE_MODULES = YES;
				DEFINES_MODULE = YES;
				DYLIB_COMPATIBILITY_VERSION = 1;
				DYLIB_CURRENT_VERSION = 1;
				DYLIB_INSTALL_NAME_BASE = "@rpath";
				INFOPLIST_FILE = CoreDataQueryInterface/Info.plist;
				INSTALL_PATH = "$(LOCAL_LIBRARY_DIR)/Frameworks";
				LD_RUNPATH_SEARCH_PATHS = "$(inherited) @executable_path/Frameworks @loader_path/Frameworks";
				PRODUCT_NAME = CoreDataQueryInterface;
				SKIP_INSTALL = YES;
			};
			name = Release;
		};
		F375B9B61AD8C53500575538 /* Debug */ = {
			isa = XCBuildConfiguration;
			buildSettings = {
				FRAMEWORK_SEARCH_PATHS = (
					"$(SDKROOT)/Developer/Library/Frameworks",
					"$(inherited)",
				);
				GCC_PREPROCESSOR_DEFINITIONS = (
					"DEBUG=1",
					"$(inherited)",
				);
				INFOPLIST_FILE = CoreDataQueryInterfaceTests/Info.plist;
				LD_RUNPATH_SEARCH_PATHS = "$(inherited) @executable_path/Frameworks @loader_path/Frameworks";
				PRODUCT_NAME = "$(TARGET_NAME)";
			};
			name = Debug;
		};
		F375B9B71AD8C53500575538 /* Release */ = {
			isa = XCBuildConfiguration;
			buildSettings = {
				FRAMEWORK_SEARCH_PATHS = (
					"$(SDKROOT)/Developer/Library/Frameworks",
					"$(inherited)",
				);
				INFOPLIST_FILE = CoreDataQueryInterfaceTests/Info.plist;
				LD_RUNPATH_SEARCH_PATHS = "$(inherited) @executable_path/Frameworks @loader_path/Frameworks";
				PRODUCT_NAME = "$(TARGET_NAME)";
			};
			name = Release;
		};
		F3CDA82C1AD9099F00B9D8BF /* Debug */ = {
			isa = XCBuildConfiguration;
			buildSettings = {
				COMBINE_HIDPI_IMAGES = YES;
				DEBUG_INFORMATION_FORMAT = dwarf;
				DEFINES_MODULE = YES;
				DYLIB_COMPATIBILITY_VERSION = 1;
				DYLIB_CURRENT_VERSION = 1;
				DYLIB_INSTALL_NAME_BASE = "@rpath";
				FRAMEWORK_VERSION = A;
				GCC_PREPROCESSOR_DEFINITIONS = (
					"DEBUG=1",
					"$(inherited)",
				);
				INFOPLIST_FILE = CoreDataQueryInterface/Info.plist;
				INSTALL_PATH = "$(LOCAL_LIBRARY_DIR)/Frameworks";
				LD_RUNPATH_SEARCH_PATHS = "$(inherited) @executable_path/../Frameworks @loader_path/Frameworks";
				MACOSX_DEPLOYMENT_TARGET = 10.10;
				PRODUCT_NAME = CoreDataQueryInterface;
				SDKROOT = macosx;
				SKIP_INSTALL = YES;
			};
			name = Debug;
		};
		F3CDA82D1AD9099F00B9D8BF /* Release */ = {
			isa = XCBuildConfiguration;
			buildSettings = {
				COMBINE_HIDPI_IMAGES = YES;
				DEFINES_MODULE = YES;
				DYLIB_COMPATIBILITY_VERSION = 1;
				DYLIB_CURRENT_VERSION = 1;
				DYLIB_INSTALL_NAME_BASE = "@rpath";
				FRAMEWORK_VERSION = A;
				INFOPLIST_FILE = CoreDataQueryInterface/Info.plist;
				INSTALL_PATH = "$(LOCAL_LIBRARY_DIR)/Frameworks";
				LD_RUNPATH_SEARCH_PATHS = "$(inherited) @executable_path/../Frameworks @loader_path/Frameworks";
				MACOSX_DEPLOYMENT_TARGET = 10.10;
				PRODUCT_NAME = CoreDataQueryInterface;
				SDKROOT = macosx;
				SKIP_INSTALL = YES;
			};
			name = Release;
		};
		F3D1C82C1AD90C79009B1CB6 /* Demo */ = {
			isa = XCBuildConfiguration;
			buildSettings = {
				ALWAYS_SEARCH_USER_PATHS = NO;
				CLANG_CXX_LANGUAGE_STANDARD = "gnu++0x";
				CLANG_CXX_LIBRARY = "libc++";
				CLANG_ENABLE_MODULES = YES;
				CLANG_ENABLE_OBJC_ARC = YES;
				CLANG_WARN_BOOL_CONVERSION = YES;
				CLANG_WARN_CONSTANT_CONVERSION = YES;
				CLANG_WARN_DIRECT_OBJC_ISA_USAGE = YES_ERROR;
				CLANG_WARN_EMPTY_BODY = YES;
				CLANG_WARN_ENUM_CONVERSION = YES;
				CLANG_WARN_INT_CONVERSION = YES;
				CLANG_WARN_OBJC_ROOT_CLASS = YES_ERROR;
				CLANG_WARN_UNREACHABLE_CODE = YES;
				CLANG_WARN__DUPLICATE_METHOD_MATCH = YES;
				"CODE_SIGN_IDENTITY[sdk=iphoneos*]" = "iPhone Developer";
				COPY_PHASE_STRIP = NO;
				CURRENT_PROJECT_VERSION = 1;
				DEBUG_INFORMATION_FORMAT = "dwarf-with-dsym";
				ENABLE_STRICT_OBJC_MSGSEND = YES;
				GCC_C_LANGUAGE_STANDARD = gnu99;
				GCC_DYNAMIC_NO_PIC = NO;
				GCC_NO_COMMON_BLOCKS = YES;
				GCC_OPTIMIZATION_LEVEL = 0;
				GCC_PREPROCESSOR_DEFINITIONS = (
					"DEBUG=1",
					"$(inherited)",
				);
				GCC_SYMBOLS_PRIVATE_EXTERN = NO;
				GCC_WARN_64_TO_32_BIT_CONVERSION = YES;
				GCC_WARN_ABOUT_RETURN_TYPE = YES_ERROR;
				GCC_WARN_UNDECLARED_SELECTOR = YES;
				GCC_WARN_UNINITIALIZED_AUTOS = YES_AGGRESSIVE;
				GCC_WARN_UNUSED_FUNCTION = YES;
				GCC_WARN_UNUSED_VARIABLE = YES;
				IPHONEOS_DEPLOYMENT_TARGET = 8.3;
				MTL_ENABLE_DEBUG_INFO = YES;
				ONLY_ACTIVE_ARCH = YES;
				SDKROOT = iphoneos;
				SWIFT_OPTIMIZATION_LEVEL = "-Onone";
				TARGETED_DEVICE_FAMILY = "1,2";
				VERSIONING_SYSTEM = "apple-generic";
				VERSION_INFO_PREFIX = "";
			};
			name = Demo;
		};
		F3D1C82D1AD90C79009B1CB6 /* Demo */ = {
			isa = XCBuildConfiguration;
			buildSettings = {
				CLANG_ENABLE_MODULES = YES;
				DEFINES_MODULE = YES;
				DYLIB_COMPATIBILITY_VERSION = 1;
				DYLIB_CURRENT_VERSION = 1;
				DYLIB_INSTALL_NAME_BASE = "@rpath";
				INFOPLIST_FILE = CoreDataQueryInterface/Info.plist;
				INSTALL_PATH = "$(LOCAL_LIBRARY_DIR)/Frameworks";
				LD_RUNPATH_SEARCH_PATHS = "$(inherited) @executable_path/Frameworks @loader_path/Frameworks";
				PRODUCT_NAME = CoreDataQueryInterface;
				SKIP_INSTALL = YES;
				SWIFT_OPTIMIZATION_LEVEL = "-Onone";
			};
			name = Demo;
		};
		F3D1C82E1AD90C79009B1CB6 /* Demo */ = {
			isa = XCBuildConfiguration;
			buildSettings = {
				FRAMEWORK_SEARCH_PATHS = (
					"$(SDKROOT)/Developer/Library/Frameworks",
					"$(inherited)",
				);
				GCC_PREPROCESSOR_DEFINITIONS = (
					"DEBUG=1",
					"$(inherited)",
				);
				INFOPLIST_FILE = CoreDataQueryInterfaceTests/Info.plist;
				LD_RUNPATH_SEARCH_PATHS = "$(inherited) @executable_path/Frameworks @loader_path/Frameworks";
				PRODUCT_NAME = "$(TARGET_NAME)";
			};
			name = Demo;
		};
		F3D1C82F1AD90C79009B1CB6 /* Demo */ = {
			isa = XCBuildConfiguration;
			buildSettings = {
				COMBINE_HIDPI_IMAGES = YES;
				DEBUG_INFORMATION_FORMAT = dwarf;
				DEFINES_MODULE = YES;
				DYLIB_COMPATIBILITY_VERSION = 1;
				DYLIB_CURRENT_VERSION = 1;
				DYLIB_INSTALL_NAME_BASE = "@rpath";
				FRAMEWORK_VERSION = A;
				GCC_PREPROCESSOR_DEFINITIONS = (
					"DEBUG=1",
					"$(inherited)",
				);
				INFOPLIST_FILE = CoreDataQueryInterface/Info.plist;
				INSTALL_PATH = "$(LOCAL_LIBRARY_DIR)/Frameworks";
				LD_RUNPATH_SEARCH_PATHS = "$(inherited) @executable_path/../Frameworks @loader_path/Frameworks";
				MACOSX_DEPLOYMENT_TARGET = 10.10;
				PRODUCT_NAME = CoreDataQueryInterface;
				SDKROOT = macosx;
				SKIP_INSTALL = YES;
			};
			name = Demo;
		};
/* End XCBuildConfiguration section */

/* Begin XCConfigurationList section */
		F375B9961AD8C53500575538 /* Build configuration list for PBXProject "CoreDataQueryInterface" */ = {
			isa = XCConfigurationList;
			buildConfigurations = (
				F375B9B01AD8C53500575538 /* Debug */,
				F3D1C82C1AD90C79009B1CB6 /* Demo */,
				F375B9B11AD8C53500575538 /* Release */,
			);
			defaultConfigurationIsVisible = 0;
			defaultConfigurationName = Release;
		};
		F375B9B21AD8C53500575538 /* Build configuration list for PBXNativeTarget "CoreDataQueryInterfaceiOS" */ = {
			isa = XCConfigurationList;
			buildConfigurations = (
				F375B9B31AD8C53500575538 /* Debug */,
				F3D1C82D1AD90C79009B1CB6 /* Demo */,
				F375B9B41AD8C53500575538 /* Release */,
			);
			defaultConfigurationIsVisible = 0;
			defaultConfigurationName = Release;
		};
		F375B9B51AD8C53500575538 /* Build configuration list for PBXNativeTarget "CoreDataQueryInterfaceTests" */ = {
			isa = XCConfigurationList;
			buildConfigurations = (
				F375B9B61AD8C53500575538 /* Debug */,
				F3D1C82E1AD90C79009B1CB6 /* Demo */,
				F375B9B71AD8C53500575538 /* Release */,
			);
			defaultConfigurationIsVisible = 0;
			defaultConfigurationName = Release;
		};
		F3CDA82B1AD9099F00B9D8BF /* Build configuration list for PBXNativeTarget "CoreDataQueryInterfaceOSX" */ = {
			isa = XCConfigurationList;
			buildConfigurations = (
				F3CDA82C1AD9099F00B9D8BF /* Debug */,
				F3D1C82F1AD90C79009B1CB6 /* Demo */,
				F3CDA82D1AD9099F00B9D8BF /* Release */,
			);
			defaultConfigurationIsVisible = 0;
			defaultConfigurationName = Release;
		};
/* End XCConfigurationList section */

/* Begin XCVersionGroup section */
		F3DF61B41ADCC2040003E75A /* Employees.xcdatamodeld */ = {
			isa = XCVersionGroup;
			children = (
				F3DF61B51ADCC2040003E75A /* Employees.xcdatamodel */,
			);
			currentVersion = F3DF61B51ADCC2040003E75A /* Employees.xcdatamodel */;
			path = Employees.xcdatamodeld;
			sourceTree = "<group>";
			versionGroupType = wrapper.xcdatamodel;
		};
/* End XCVersionGroup section */
	};
	rootObject = F375B9931AD8C53500575538 /* Project object */;
}
