// !$*UTF8*$!
{
	archiveVersion = 1;
	classes = {
	};
	objectVersion = 46;
	objects = {

/* Begin PBXBuildFile section */
		8E49189E1CAB981B00DFB3C8 /* AttributeTests.swift in Sources */ = {isa = PBXBuildFile; fileRef = 8E49189D1CAB981B00DFB3C8 /* AttributeTests.swift */; };
		8E4918A01CACE93600DFB3C8 /* NumericTypeTests.swift in Sources */ = {isa = PBXBuildFile; fileRef = 8E49189F1CACE93600DFB3C8 /* NumericTypeTests.swift */; };
		8E4918A11CACE93600DFB3C8 /* NumericTypeTests.swift in Sources */ = {isa = PBXBuildFile; fileRef = 8E49189F1CACE93600DFB3C8 /* NumericTypeTests.swift */; };
		8E4918C51CAE0A9300DFB3C8 /* DepartmentAttribute.swift in Sources */ = {isa = PBXBuildFile; fileRef = 8E4918C11CAE0A9300DFB3C8 /* DepartmentAttribute.swift */; };
		8E4918C61CAE0A9300DFB3C8 /* DepartmentAttribute.swift in Sources */ = {isa = PBXBuildFile; fileRef = 8E4918C11CAE0A9300DFB3C8 /* DepartmentAttribute.swift */; };
		8E4918C71CAE0A9300DFB3C8 /* EmployeeAttribute.swift in Sources */ = {isa = PBXBuildFile; fileRef = 8E4918C21CAE0A9300DFB3C8 /* EmployeeAttribute.swift */; };
		8E4918C81CAE0A9300DFB3C8 /* EmployeeAttribute.swift in Sources */ = {isa = PBXBuildFile; fileRef = 8E4918C21CAE0A9300DFB3C8 /* EmployeeAttribute.swift */; };
		8E4918D11CAF41B100DFB3C8 /* TestEntity+CoreDataProperties.swift in Sources */ = {isa = PBXBuildFile; fileRef = 8E4918CF1CAF41B100DFB3C8 /* TestEntity+CoreDataProperties.swift */; };
		8E4918D21CAF41B100DFB3C8 /* TestEntity+CoreDataProperties.swift in Sources */ = {isa = PBXBuildFile; fileRef = 8E4918CF1CAF41B100DFB3C8 /* TestEntity+CoreDataProperties.swift */; };
		8E4918D31CAF41B100DFB3C8 /* TestEntity.swift in Sources */ = {isa = PBXBuildFile; fileRef = 8E4918D01CAF41B100DFB3C8 /* TestEntity.swift */; };
		8E4918D41CAF41B100DFB3C8 /* TestEntity.swift in Sources */ = {isa = PBXBuildFile; fileRef = 8E4918D01CAF41B100DFB3C8 /* TestEntity.swift */; };
		8E4918D61CAF432100DFB3C8 /* TestEntityAttribute.swift in Sources */ = {isa = PBXBuildFile; fileRef = 8E4918D51CAF432100DFB3C8 /* TestEntityAttribute.swift */; };
		8E4918D71CAF432100DFB3C8 /* TestEntityAttribute.swift in Sources */ = {isa = PBXBuildFile; fileRef = 8E4918D51CAF432100DFB3C8 /* TestEntityAttribute.swift */; };
		8E4918EA1CB35F1E00DFB3C8 /* ManagedObjectContextTests.swift in Sources */ = {isa = PBXBuildFile; fileRef = 8E4918E91CB35F1E00DFB3C8 /* ManagedObjectContextTests.swift */; };
		8E4918EB1CB35F1E00DFB3C8 /* ManagedObjectContextTests.swift in Sources */ = {isa = PBXBuildFile; fileRef = 8E4918E91CB35F1E00DFB3C8 /* ManagedObjectContextTests.swift */; };
		F30C0B7C1B37A20A00D8D762 /* Util.swift in Sources */ = {isa = PBXBuildFile; fileRef = F30C0B7B1B37A20A00D8D762 /* Util.swift */; };
		F30C0B7D1B37A20A00D8D762 /* Util.swift in Sources */ = {isa = PBXBuildFile; fileRef = F30C0B7B1B37A20A00D8D762 /* Util.swift */; };
		F30D1CD41B2A891200AF80A1 /* CoreDataQueryInterface.framework in Frameworks */ = {isa = PBXBuildFile; fileRef = F30D1CCA1B2A891100AF80A1 /* CoreDataQueryInterface.framework */; };
		F31C64291B696CD900235764 /* NSManagedObjectContextExtensions.swift in Sources */ = {isa = PBXBuildFile; fileRef = F31C64281B696CD900235764 /* NSManagedObjectContextExtensions.swift */; };
		F31C642A1B696CD900235764 /* NSManagedObjectContextExtensions.swift in Sources */ = {isa = PBXBuildFile; fileRef = F31C64281B696CD900235764 /* NSManagedObjectContextExtensions.swift */; };
		F3251A051B2BDA190031B817 /* BaseTestCase.swift in Sources */ = {isa = PBXBuildFile; fileRef = F3251A041B2BDA190031B817 /* BaseTestCase.swift */; };
		F3251A061B2BDA190031B817 /* BaseTestCase.swift in Sources */ = {isa = PBXBuildFile; fileRef = F3251A041B2BDA190031B817 /* BaseTestCase.swift */; };
		F3251A081B2BDA260031B817 /* Employees.txt in Resources */ = {isa = PBXBuildFile; fileRef = F3251A071B2BDA260031B817 /* Employees.txt */; };
		F3251A091B2BDA260031B817 /* Employees.txt in Resources */ = {isa = PBXBuildFile; fileRef = F3251A071B2BDA260031B817 /* Employees.txt */; };
		F3251A0C1B2BDA2D0031B817 /* Company.xcdatamodeld in Sources */ = {isa = PBXBuildFile; fileRef = F3251A0A1B2BDA2D0031B817 /* Company.xcdatamodeld */; };
		F3251A0D1B2BDA2D0031B817 /* Company.xcdatamodeld in Sources */ = {isa = PBXBuildFile; fileRef = F3251A0A1B2BDA2D0031B817 /* Company.xcdatamodeld */; };
		F3251A101B2BDE6E0031B817 /* Department.swift in Sources */ = {isa = PBXBuildFile; fileRef = F3251A0E1B2BDE6E0031B817 /* Department.swift */; };
		F3251A111B2BDE6E0031B817 /* Department.swift in Sources */ = {isa = PBXBuildFile; fileRef = F3251A0E1B2BDE6E0031B817 /* Department.swift */; };
		F3251A121B2BDE6E0031B817 /* Employee.swift in Sources */ = {isa = PBXBuildFile; fileRef = F3251A0F1B2BDE6E0031B817 /* Employee.swift */; };
		F3251A131B2BDE6E0031B817 /* Employee.swift in Sources */ = {isa = PBXBuildFile; fileRef = F3251A0F1B2BDE6E0031B817 /* Employee.swift */; };
		F33567661B2D2EF7007853DB /* SelectionAndGroupingTests.swift in Sources */ = {isa = PBXBuildFile; fileRef = F33567641B2D2EF7007853DB /* SelectionAndGroupingTests.swift */; };
		F33567681B2D2EF7007853DB /* SelectionAndGroupingTests.swift in Sources */ = {isa = PBXBuildFile; fileRef = F33567641B2D2EF7007853DB /* SelectionAndGroupingTests.swift */; };
		F356DC351CCFFF4C00BF0907 /* CoreDataQueryInterface.framework in Frameworks */ = {isa = PBXBuildFile; fileRef = F356DC2B1CCFFF4C00BF0907 /* CoreDataQueryInterface.framework */; };
		F356DC631CD0006B00BF0907 /* BaseTestCase.swift in Sources */ = {isa = PBXBuildFile; fileRef = F3251A041B2BDA190031B817 /* BaseTestCase.swift */; };
		F356DC641CD0006E00BF0907 /* NSManagedObjectContextExtensions.swift in Sources */ = {isa = PBXBuildFile; fileRef = F31C64281B696CD900235764 /* NSManagedObjectContextExtensions.swift */; };
		F356DC651CD0007200BF0907 /* Util.swift in Sources */ = {isa = PBXBuildFile; fileRef = F30C0B7B1B37A20A00D8D762 /* Util.swift */; };
		F356DC661CD0008400BF0907 /* AttributeTests.swift in Sources */ = {isa = PBXBuildFile; fileRef = 8E49189D1CAB981B00DFB3C8 /* AttributeTests.swift */; };
		F356DC671CD0008E00BF0907 /* SanityTests.swift in Sources */ = {isa = PBXBuildFile; fileRef = F37C46B11B2A780200B35B1B /* SanityTests.swift */; };
		F356DC681CD0008E00BF0907 /* FilterTests.swift in Sources */ = {isa = PBXBuildFile; fileRef = F3E6B54F1B2BFCA500F735EE /* FilterTests.swift */; };
		F356DC691CD0008E00BF0907 /* AttributeTests.swift in Sources */ = {isa = PBXBuildFile; fileRef = 8E49189D1CAB981B00DFB3C8 /* AttributeTests.swift */; };
		F356DC6A1CD0008E00BF0907 /* NumericTypeTests.swift in Sources */ = {isa = PBXBuildFile; fileRef = 8E49189F1CACE93600DFB3C8 /* NumericTypeTests.swift */; };
		F356DC6B1CD0008E00BF0907 /* OrderTests.swift in Sources */ = {isa = PBXBuildFile; fileRef = F3E6B5521B2C01CC00F735EE /* OrderTests.swift */; };
		F356DC6C1CD0008E00BF0907 /* SelectionAndGroupingTests.swift in Sources */ = {isa = PBXBuildFile; fileRef = F33567641B2D2EF7007853DB /* SelectionAndGroupingTests.swift */; };
		F356DC6D1CD0008E00BF0907 /* ManagedObjectContextTests.swift in Sources */ = {isa = PBXBuildFile; fileRef = 8E4918E91CB35F1E00DFB3C8 /* ManagedObjectContextTests.swift */; };
		F356DC6E1CD0009600BF0907 /* TestEntity+CoreDataProperties.swift in Sources */ = {isa = PBXBuildFile; fileRef = 8E4918CF1CAF41B100DFB3C8 /* TestEntity+CoreDataProperties.swift */; };
		F356DC6F1CD0009600BF0907 /* TestEntity.swift in Sources */ = {isa = PBXBuildFile; fileRef = 8E4918D01CAF41B100DFB3C8 /* TestEntity.swift */; };
		F356DC701CD0009600BF0907 /* TestEntityAttribute.swift in Sources */ = {isa = PBXBuildFile; fileRef = 8E4918D51CAF432100DFB3C8 /* TestEntityAttribute.swift */; };
		F356DC711CD0009600BF0907 /* DepartmentAttribute.swift in Sources */ = {isa = PBXBuildFile; fileRef = 8E4918C11CAE0A9300DFB3C8 /* DepartmentAttribute.swift */; };
		F356DC721CD0009600BF0907 /* EmployeeAttribute.swift in Sources */ = {isa = PBXBuildFile; fileRef = 8E4918C21CAE0A9300DFB3C8 /* EmployeeAttribute.swift */; };
		F356DC731CD0009D00BF0907 /* Company.xcdatamodeld in Sources */ = {isa = PBXBuildFile; fileRef = F3251A0A1B2BDA2D0031B817 /* Company.xcdatamodeld */; };
		F356DC741CD000A400BF0907 /* Employees.txt in Resources */ = {isa = PBXBuildFile; fileRef = F3251A071B2BDA260031B817 /* Employees.txt */; };
		F356DC751CD000A800BF0907 /* Department.swift in Sources */ = {isa = PBXBuildFile; fileRef = F3251A0E1B2BDE6E0031B817 /* Department.swift */; };
		F356DC761CD000A800BF0907 /* Employee.swift in Sources */ = {isa = PBXBuildFile; fileRef = F3251A0F1B2BDE6E0031B817 /* Employee.swift */; };
		F37C46A61B2A780200B35B1B /* CoreDataQueryInterface.h in Headers */ = {isa = PBXBuildFile; fileRef = F37C46A51B2A780200B35B1B /* CoreDataQueryInterface.h */; settings = {ATTRIBUTES = (Public, ); }; };
		F37C46AD1B2A780200B35B1B /* CoreDataQueryInterface.framework in Frameworks */ = {isa = PBXBuildFile; fileRef = F37C46A21B2A780200B35B1B /* CoreDataQueryInterface.framework */; };
		F37C46B21B2A780200B35B1B /* SanityTests.swift in Sources */ = {isa = PBXBuildFile; fileRef = F37C46B11B2A780200B35B1B /* SanityTests.swift */; };
		F3967ED91D9844CD006382C6 /* Protocols.swift in Sources */ = {isa = PBXBuildFile; fileRef = F3967ED81D9844CD006382C6 /* Protocols.swift */; };
		F3967EDA1D9844CD006382C6 /* Protocols.swift in Sources */ = {isa = PBXBuildFile; fileRef = F3967ED81D9844CD006382C6 /* Protocols.swift */; };
		F3967EDB1D9844CD006382C6 /* Protocols.swift in Sources */ = {isa = PBXBuildFile; fileRef = F3967ED81D9844CD006382C6 /* Protocols.swift */; };
		F3967EDC1D9844CD006382C6 /* Protocols.swift in Sources */ = {isa = PBXBuildFile; fileRef = F3967ED81D9844CD006382C6 /* Protocols.swift */; };
		F3967EDE1D984563006382C6 /* Functions.swift in Sources */ = {isa = PBXBuildFile; fileRef = F3967EDD1D984563006382C6 /* Functions.swift */; };
		F3967EDF1D984563006382C6 /* Functions.swift in Sources */ = {isa = PBXBuildFile; fileRef = F3967EDD1D984563006382C6 /* Functions.swift */; };
		F3967EE01D984563006382C6 /* Functions.swift in Sources */ = {isa = PBXBuildFile; fileRef = F3967EDD1D984563006382C6 /* Functions.swift */; };
		F3967EE11D984563006382C6 /* Functions.swift in Sources */ = {isa = PBXBuildFile; fileRef = F3967EDD1D984563006382C6 /* Functions.swift */; };
		F3967EE31D984610006382C6 /* Types.swift in Sources */ = {isa = PBXBuildFile; fileRef = F3967EE21D984610006382C6 /* Types.swift */; };
		F3967EE41D984610006382C6 /* Types.swift in Sources */ = {isa = PBXBuildFile; fileRef = F3967EE21D984610006382C6 /* Types.swift */; };
		F3967EE51D984610006382C6 /* Types.swift in Sources */ = {isa = PBXBuildFile; fileRef = F3967EE21D984610006382C6 /* Types.swift */; };
		F3967EE61D984610006382C6 /* Types.swift in Sources */ = {isa = PBXBuildFile; fileRef = F3967EE21D984610006382C6 /* Types.swift */; };
		F3967EE81D9846C7006382C6 /* Attributes.swift in Sources */ = {isa = PBXBuildFile; fileRef = F3967EE71D9846C7006382C6 /* Attributes.swift */; };
		F3967EE91D9846C7006382C6 /* Attributes.swift in Sources */ = {isa = PBXBuildFile; fileRef = F3967EE71D9846C7006382C6 /* Attributes.swift */; };
		F3967EEA1D9846C7006382C6 /* Attributes.swift in Sources */ = {isa = PBXBuildFile; fileRef = F3967EE71D9846C7006382C6 /* Attributes.swift */; };
		F3967EEB1D9846C7006382C6 /* Attributes.swift in Sources */ = {isa = PBXBuildFile; fileRef = F3967EE71D9846C7006382C6 /* Attributes.swift */; };
		F3967EED1D984715006382C6 /* Comparisons.swift in Sources */ = {isa = PBXBuildFile; fileRef = F3967EEC1D984715006382C6 /* Comparisons.swift */; };
		F3967EEE1D984715006382C6 /* Comparisons.swift in Sources */ = {isa = PBXBuildFile; fileRef = F3967EEC1D984715006382C6 /* Comparisons.swift */; };
		F3967EEF1D984715006382C6 /* Comparisons.swift in Sources */ = {isa = PBXBuildFile; fileRef = F3967EEC1D984715006382C6 /* Comparisons.swift */; };
		F3967EF01D984715006382C6 /* Comparisons.swift in Sources */ = {isa = PBXBuildFile; fileRef = F3967EEC1D984715006382C6 /* Comparisons.swift */; };
		F3967EF21D984748006382C6 /* Operators.swift in Sources */ = {isa = PBXBuildFile; fileRef = F3967EF11D984748006382C6 /* Operators.swift */; };
		F3967EF31D984748006382C6 /* Operators.swift in Sources */ = {isa = PBXBuildFile; fileRef = F3967EF11D984748006382C6 /* Operators.swift */; };
		F3967EF41D984748006382C6 /* Operators.swift in Sources */ = {isa = PBXBuildFile; fileRef = F3967EF11D984748006382C6 /* Operators.swift */; };
		F3967EF51D984748006382C6 /* Operators.swift in Sources */ = {isa = PBXBuildFile; fileRef = F3967EF11D984748006382C6 /* Operators.swift */; };
		F3967EF71D984758006382C6 /* Miscellanea.swift in Sources */ = {isa = PBXBuildFile; fileRef = F3967EF61D984758006382C6 /* Miscellanea.swift */; };
		F3967EF81D984758006382C6 /* Miscellanea.swift in Sources */ = {isa = PBXBuildFile; fileRef = F3967EF61D984758006382C6 /* Miscellanea.swift */; };
		F3967EF91D984758006382C6 /* Miscellanea.swift in Sources */ = {isa = PBXBuildFile; fileRef = F3967EF61D984758006382C6 /* Miscellanea.swift */; };
		F3967EFA1D984758006382C6 /* Miscellanea.swift in Sources */ = {isa = PBXBuildFile; fileRef = F3967EF61D984758006382C6 /* Miscellanea.swift */; };
		F3967F011D984801006382C6 /* QueryBuilder.swift in Sources */ = {isa = PBXBuildFile; fileRef = F3967F001D984801006382C6 /* QueryBuilder.swift */; };
		F3967F021D984801006382C6 /* QueryBuilder.swift in Sources */ = {isa = PBXBuildFile; fileRef = F3967F001D984801006382C6 /* QueryBuilder.swift */; };
		F3967F031D984801006382C6 /* QueryBuilder.swift in Sources */ = {isa = PBXBuildFile; fileRef = F3967F001D984801006382C6 /* QueryBuilder.swift */; };
		F3967F041D984801006382C6 /* QueryBuilder.swift in Sources */ = {isa = PBXBuildFile; fileRef = F3967F001D984801006382C6 /* QueryBuilder.swift */; };
		F3967F061D98481E006382C6 /* Query.swift in Sources */ = {isa = PBXBuildFile; fileRef = F3967F051D98481E006382C6 /* Query.swift */; };
		F3967F071D98481E006382C6 /* Query.swift in Sources */ = {isa = PBXBuildFile; fileRef = F3967F051D98481E006382C6 /* Query.swift */; };
		F3967F081D98481E006382C6 /* Query.swift in Sources */ = {isa = PBXBuildFile; fileRef = F3967F051D98481E006382C6 /* Query.swift */; };
		F3967F091D98481E006382C6 /* Query.swift in Sources */ = {isa = PBXBuildFile; fileRef = F3967F051D98481E006382C6 /* Query.swift */; };
		F39C7A741B718E34008DB31C /* CoreDataQueryInterface.h in Headers */ = {isa = PBXBuildFile; fileRef = F37C46A51B2A780200B35B1B /* CoreDataQueryInterface.h */; settings = {ATTRIBUTES = (Public, ); }; };
		F3E6B5501B2BFCA500F735EE /* FilterTests.swift in Sources */ = {isa = PBXBuildFile; fileRef = F3E6B54F1B2BFCA500F735EE /* FilterTests.swift */; };
		F3E6B5511B2BFCA500F735EE /* FilterTests.swift in Sources */ = {isa = PBXBuildFile; fileRef = F3E6B54F1B2BFCA500F735EE /* FilterTests.swift */; };
		F3E6B5531B2C01CC00F735EE /* OrderTests.swift in Sources */ = {isa = PBXBuildFile; fileRef = F3E6B5521B2C01CC00F735EE /* OrderTests.swift */; };
		F3E6B5541B2C01CC00F735EE /* OrderTests.swift in Sources */ = {isa = PBXBuildFile; fileRef = F3E6B5521B2C01CC00F735EE /* OrderTests.swift */; };
		F3F52CE91D9848F0009D8DFB /* Extensions.swift in Sources */ = {isa = PBXBuildFile; fileRef = F3F52CE81D9848F0009D8DFB /* Extensions.swift */; };
		F3F52CEA1D9848F0009D8DFB /* Extensions.swift in Sources */ = {isa = PBXBuildFile; fileRef = F3F52CE81D9848F0009D8DFB /* Extensions.swift */; };
		F3F52CEB1D9848F0009D8DFB /* Extensions.swift in Sources */ = {isa = PBXBuildFile; fileRef = F3F52CE81D9848F0009D8DFB /* Extensions.swift */; };
		F3F52CEC1D9848F0009D8DFB /* Extensions.swift in Sources */ = {isa = PBXBuildFile; fileRef = F3F52CE81D9848F0009D8DFB /* Extensions.swift */; };
		F3F52CEE1D984CB4009D8DFB /* Predicate.swift in Sources */ = {isa = PBXBuildFile; fileRef = F3F52CED1D984CB4009D8DFB /* Predicate.swift */; };
		F3F52CEF1D984CB4009D8DFB /* Predicate.swift in Sources */ = {isa = PBXBuildFile; fileRef = F3F52CED1D984CB4009D8DFB /* Predicate.swift */; };
		F3F52CF01D984CB4009D8DFB /* Predicate.swift in Sources */ = {isa = PBXBuildFile; fileRef = F3F52CED1D984CB4009D8DFB /* Predicate.swift */; };
		F3F52CF11D984CB4009D8DFB /* Predicate.swift in Sources */ = {isa = PBXBuildFile; fileRef = F3F52CED1D984CB4009D8DFB /* Predicate.swift */; };
		F3FE7AD11B2B87CF00AA5845 /* SanityTests.swift in Sources */ = {isa = PBXBuildFile; fileRef = F37C46B11B2A780200B35B1B /* SanityTests.swift */; };
/* End PBXBuildFile section */

/* Begin PBXContainerItemProxy section */
		F30D1CD51B2A891200AF80A1 /* PBXContainerItemProxy */ = {
			isa = PBXContainerItemProxy;
			containerPortal = F37C46991B2A780200B35B1B /* Project object */;
			proxyType = 1;
			remoteGlobalIDString = F30D1CC91B2A891100AF80A1;
			remoteInfo = CoreDataQueryInterface;
		};
		F356DC361CCFFF4C00BF0907 /* PBXContainerItemProxy */ = {
			isa = PBXContainerItemProxy;
			containerPortal = F37C46991B2A780200B35B1B /* Project object */;
			proxyType = 1;
			remoteGlobalIDString = F356DC2A1CCFFF4C00BF0907;
			remoteInfo = CoreDataQueryInterface;
		};
		F37C46AE1B2A780200B35B1B /* PBXContainerItemProxy */ = {
			isa = PBXContainerItemProxy;
			containerPortal = F37C46991B2A780200B35B1B /* Project object */;
			proxyType = 1;
			remoteGlobalIDString = F37C46A11B2A780200B35B1B;
			remoteInfo = CoreDataQueryInterface;
		};
/* End PBXContainerItemProxy section */

/* Begin PBXFileReference section */
		8E49189D1CAB981B00DFB3C8 /* AttributeTests.swift */ = {isa = PBXFileReference; fileEncoding = 4; lastKnownFileType = sourcecode.swift; lineEnding = 0; path = AttributeTests.swift; sourceTree = "<group>"; xcLanguageSpecificationIdentifier = xcode.lang.swift; };
		8E49189F1CACE93600DFB3C8 /* NumericTypeTests.swift */ = {isa = PBXFileReference; fileEncoding = 4; lastKnownFileType = sourcecode.swift; lineEnding = 0; path = NumericTypeTests.swift; sourceTree = "<group>"; xcLanguageSpecificationIdentifier = xcode.lang.swift; };
		8E4918C11CAE0A9300DFB3C8 /* DepartmentAttribute.swift */ = {isa = PBXFileReference; fileEncoding = 4; lastKnownFileType = sourcecode.swift; lineEnding = 0; path = DepartmentAttribute.swift; sourceTree = "<group>"; xcLanguageSpecificationIdentifier = xcode.lang.swift; };
		8E4918C21CAE0A9300DFB3C8 /* EmployeeAttribute.swift */ = {isa = PBXFileReference; fileEncoding = 4; lastKnownFileType = sourcecode.swift; path = EmployeeAttribute.swift; sourceTree = "<group>"; };
		8E4918CF1CAF41B100DFB3C8 /* TestEntity+CoreDataProperties.swift */ = {isa = PBXFileReference; fileEncoding = 4; lastKnownFileType = sourcecode.swift; path = "TestEntity+CoreDataProperties.swift"; sourceTree = "<group>"; };
		8E4918D01CAF41B100DFB3C8 /* TestEntity.swift */ = {isa = PBXFileReference; fileEncoding = 4; lastKnownFileType = sourcecode.swift; path = TestEntity.swift; sourceTree = "<group>"; };
		8E4918D51CAF432100DFB3C8 /* TestEntityAttribute.swift */ = {isa = PBXFileReference; fileEncoding = 4; lastKnownFileType = sourcecode.swift; path = TestEntityAttribute.swift; sourceTree = "<group>"; };
		8E4918E91CB35F1E00DFB3C8 /* ManagedObjectContextTests.swift */ = {isa = PBXFileReference; fileEncoding = 4; lastKnownFileType = sourcecode.swift; path = ManagedObjectContextTests.swift; sourceTree = "<group>"; };
		F30C0B7B1B37A20A00D8D762 /* Util.swift */ = {isa = PBXFileReference; fileEncoding = 4; lastKnownFileType = sourcecode.swift; path = Util.swift; sourceTree = "<group>"; };
		F30D1CCA1B2A891100AF80A1 /* CoreDataQueryInterface.framework */ = {isa = PBXFileReference; explicitFileType = wrapper.framework; includeInIndex = 0; path = CoreDataQueryInterface.framework; sourceTree = BUILT_PRODUCTS_DIR; };
		F30D1CD31B2A891100AF80A1 /* CoreDataQueryInterfaceOSXTests.xctest */ = {isa = PBXFileReference; explicitFileType = wrapper.cfbundle; includeInIndex = 0; path = CoreDataQueryInterfaceOSXTests.xctest; sourceTree = BUILT_PRODUCTS_DIR; };
		F31C64281B696CD900235764 /* NSManagedObjectContextExtensions.swift */ = {isa = PBXFileReference; fileEncoding = 4; lastKnownFileType = sourcecode.swift; path = NSManagedObjectContextExtensions.swift; sourceTree = "<group>"; };
		F3251A041B2BDA190031B817 /* BaseTestCase.swift */ = {isa = PBXFileReference; fileEncoding = 4; lastKnownFileType = sourcecode.swift; lineEnding = 0; path = BaseTestCase.swift; sourceTree = "<group>"; xcLanguageSpecificationIdentifier = xcode.lang.swift; };
		F3251A071B2BDA260031B817 /* Employees.txt */ = {isa = PBXFileReference; fileEncoding = 4; lastKnownFileType = text; path = Employees.txt; sourceTree = "<group>"; };
		F3251A0B1B2BDA2D0031B817 /* Company.xcdatamodel */ = {isa = PBXFileReference; lastKnownFileType = wrapper.xcdatamodel; path = Company.xcdatamodel; sourceTree = "<group>"; };
		F3251A0E1B2BDE6E0031B817 /* Department.swift */ = {isa = PBXFileReference; fileEncoding = 4; lastKnownFileType = sourcecode.swift; path = Department.swift; sourceTree = "<group>"; };
		F3251A0F1B2BDE6E0031B817 /* Employee.swift */ = {isa = PBXFileReference; fileEncoding = 4; lastKnownFileType = sourcecode.swift; path = Employee.swift; sourceTree = "<group>"; };
		F33567641B2D2EF7007853DB /* SelectionAndGroupingTests.swift */ = {isa = PBXFileReference; fileEncoding = 4; lastKnownFileType = sourcecode.swift; path = SelectionAndGroupingTests.swift; sourceTree = "<group>"; };
		F356831B1B43AC040089F0A0 /* README.md */ = {isa = PBXFileReference; lastKnownFileType = net.daringfireball.markdown; path = README.md; sourceTree = "<group>"; };
		F356DC2B1CCFFF4C00BF0907 /* CoreDataQueryInterface.framework */ = {isa = PBXFileReference; explicitFileType = wrapper.framework; includeInIndex = 0; path = CoreDataQueryInterface.framework; sourceTree = BUILT_PRODUCTS_DIR; };
		F356DC341CCFFF4C00BF0907 /* CoreDataQueryInterfacetvOSTests.xctest */ = {isa = PBXFileReference; explicitFileType = wrapper.cfbundle; includeInIndex = 0; path = CoreDataQueryInterfacetvOSTests.xctest; sourceTree = BUILT_PRODUCTS_DIR; };
		F37C46A21B2A780200B35B1B /* CoreDataQueryInterface.framework */ = {isa = PBXFileReference; explicitFileType = wrapper.framework; includeInIndex = 0; path = CoreDataQueryInterface.framework; sourceTree = BUILT_PRODUCTS_DIR; };
		F37C46A51B2A780200B35B1B /* CoreDataQueryInterface.h */ = {isa = PBXFileReference; lastKnownFileType = sourcecode.c.h; path = CoreDataQueryInterface.h; sourceTree = "<group>"; };
		F37C46A71B2A780200B35B1B /* Info.plist */ = {isa = PBXFileReference; lastKnownFileType = text.plist.xml; path = Info.plist; sourceTree = "<group>"; };
		F37C46AC1B2A780200B35B1B /* CoreDataQueryInterfaceiOSTests.xctest */ = {isa = PBXFileReference; explicitFileType = wrapper.cfbundle; includeInIndex = 0; path = CoreDataQueryInterfaceiOSTests.xctest; sourceTree = BUILT_PRODUCTS_DIR; };
		F37C46B11B2A780200B35B1B /* SanityTests.swift */ = {isa = PBXFileReference; lastKnownFileType = sourcecode.swift; path = SanityTests.swift; sourceTree = "<group>"; };
		F37C46B31B2A780200B35B1B /* Info.plist */ = {isa = PBXFileReference; lastKnownFileType = text.plist.xml; path = Info.plist; sourceTree = "<group>"; };
		F3967ED81D9844CD006382C6 /* Protocols.swift */ = {isa = PBXFileReference; fileEncoding = 4; lastKnownFileType = sourcecode.swift; path = Protocols.swift; sourceTree = "<group>"; };
		F3967EDD1D984563006382C6 /* Functions.swift */ = {isa = PBXFileReference; fileEncoding = 4; lastKnownFileType = sourcecode.swift; path = Functions.swift; sourceTree = "<group>"; };
		F3967EE21D984610006382C6 /* Types.swift */ = {isa = PBXFileReference; fileEncoding = 4; lastKnownFileType = sourcecode.swift; path = Types.swift; sourceTree = "<group>"; };
		F3967EE71D9846C7006382C6 /* Attributes.swift */ = {isa = PBXFileReference; fileEncoding = 4; lastKnownFileType = sourcecode.swift; path = Attributes.swift; sourceTree = "<group>"; };
		F3967EEC1D984715006382C6 /* Comparisons.swift */ = {isa = PBXFileReference; fileEncoding = 4; lastKnownFileType = sourcecode.swift; path = Comparisons.swift; sourceTree = "<group>"; };
		F3967EF11D984748006382C6 /* Operators.swift */ = {isa = PBXFileReference; fileEncoding = 4; lastKnownFileType = sourcecode.swift; path = Operators.swift; sourceTree = "<group>"; };
		F3967EF61D984758006382C6 /* Miscellanea.swift */ = {isa = PBXFileReference; fileEncoding = 4; lastKnownFileType = sourcecode.swift; path = Miscellanea.swift; sourceTree = "<group>"; };
		F3967F001D984801006382C6 /* QueryBuilder.swift */ = {isa = PBXFileReference; fileEncoding = 4; lastKnownFileType = sourcecode.swift; path = QueryBuilder.swift; sourceTree = "<group>"; };
		F3967F051D98481E006382C6 /* Query.swift */ = {isa = PBXFileReference; fileEncoding = 4; lastKnownFileType = sourcecode.swift; path = Query.swift; sourceTree = "<group>"; };
		F39C7A711B718DB2008DB31C /* LICENSE */ = {isa = PBXFileReference; lastKnownFileType = text; path = LICENSE; sourceTree = "<group>"; };
		F3DEBD9F1B40FCCD00EE1382 /* bin */ = {isa = PBXFileReference; lastKnownFileType = folder; path = bin; sourceTree = "<group>"; };
		F3E6B54F1B2BFCA500F735EE /* FilterTests.swift */ = {isa = PBXFileReference; fileEncoding = 4; lastKnownFileType = sourcecode.swift; path = FilterTests.swift; sourceTree = "<group>"; };
		F3E6B5521B2C01CC00F735EE /* OrderTests.swift */ = {isa = PBXFileReference; fileEncoding = 4; lastKnownFileType = sourcecode.swift; path = OrderTests.swift; sourceTree = "<group>"; };
		F3F1BC531CD0020100F9072D /* CoreDataQueryInterface.framework */ = {isa = PBXFileReference; explicitFileType = wrapper.framework; includeInIndex = 0; path = CoreDataQueryInterface.framework; sourceTree = BUILT_PRODUCTS_DIR; };
		F3F52CE81D9848F0009D8DFB /* Extensions.swift */ = {isa = PBXFileReference; fileEncoding = 4; lastKnownFileType = sourcecode.swift; path = Extensions.swift; sourceTree = "<group>"; };
		F3F52CED1D984CB4009D8DFB /* Predicate.swift */ = {isa = PBXFileReference; fileEncoding = 4; lastKnownFileType = sourcecode.swift; path = Predicate.swift; sourceTree = "<group>"; };
/* End PBXFileReference section */

/* Begin PBXFrameworksBuildPhase section */
		F30D1CC61B2A891100AF80A1 /* Frameworks */ = {
			isa = PBXFrameworksBuildPhase;
			buildActionMask = 2147483647;
			files = (
			);
			runOnlyForDeploymentPostprocessing = 0;
		};
		F30D1CD01B2A891100AF80A1 /* Frameworks */ = {
			isa = PBXFrameworksBuildPhase;
			buildActionMask = 2147483647;
			files = (
				F30D1CD41B2A891200AF80A1 /* CoreDataQueryInterface.framework in Frameworks */,
			);
			runOnlyForDeploymentPostprocessing = 0;
		};
		F356DC271CCFFF4C00BF0907 /* Frameworks */ = {
			isa = PBXFrameworksBuildPhase;
			buildActionMask = 2147483647;
			files = (
			);
			runOnlyForDeploymentPostprocessing = 0;
		};
		F356DC311CCFFF4C00BF0907 /* Frameworks */ = {
			isa = PBXFrameworksBuildPhase;
			buildActionMask = 2147483647;
			files = (
				F356DC351CCFFF4C00BF0907 /* CoreDataQueryInterface.framework in Frameworks */,
			);
			runOnlyForDeploymentPostprocessing = 0;
		};
		F37C469E1B2A780200B35B1B /* Frameworks */ = {
			isa = PBXFrameworksBuildPhase;
			buildActionMask = 2147483647;
			files = (
			);
			runOnlyForDeploymentPostprocessing = 0;
		};
		F37C46A91B2A780200B35B1B /* Frameworks */ = {
			isa = PBXFrameworksBuildPhase;
			buildActionMask = 2147483647;
			files = (
				F37C46AD1B2A780200B35B1B /* CoreDataQueryInterface.framework in Frameworks */,
			);
			runOnlyForDeploymentPostprocessing = 0;
		};
		F3F1BC4F1CD0020100F9072D /* Frameworks */ = {
			isa = PBXFrameworksBuildPhase;
			buildActionMask = 2147483647;
			files = (
			);
			runOnlyForDeploymentPostprocessing = 0;
		};
/* End PBXFrameworksBuildPhase section */

/* Begin PBXGroup section */
		F33567621B2D1BF5007853DB /* Tests */ = {
			isa = PBXGroup;
			children = (
				F37C46B11B2A780200B35B1B /* SanityTests.swift */,
				F3E6B54F1B2BFCA500F735EE /* FilterTests.swift */,
				8E49189D1CAB981B00DFB3C8 /* AttributeTests.swift */,
				8E49189F1CACE93600DFB3C8 /* NumericTypeTests.swift */,
				F3E6B5521B2C01CC00F735EE /* OrderTests.swift */,
				F33567641B2D2EF7007853DB /* SelectionAndGroupingTests.swift */,
				8E4918E91CB35F1E00DFB3C8 /* ManagedObjectContextTests.swift */,
			);
			name = Tests;
			sourceTree = "<group>";
		};
		F33567631B2D1C04007853DB /* Core Data */ = {
			isa = PBXGroup;
			children = (
				8E4918CF1CAF41B100DFB3C8 /* TestEntity+CoreDataProperties.swift */,
				8E4918D01CAF41B100DFB3C8 /* TestEntity.swift */,
				8E4918D51CAF432100DFB3C8 /* TestEntityAttribute.swift */,
				8E4918C11CAE0A9300DFB3C8 /* DepartmentAttribute.swift */,
				8E4918C21CAE0A9300DFB3C8 /* EmployeeAttribute.swift */,
				F3251A0A1B2BDA2D0031B817 /* Company.xcdatamodeld */,
				F3251A071B2BDA260031B817 /* Employees.txt */,
				F3251A0E1B2BDE6E0031B817 /* Department.swift */,
				F3251A0F1B2BDE6E0031B817 /* Employee.swift */,
			);
			name = "Core Data";
			sourceTree = "<group>";
		};
		F371ABE91B2BC3FF002A8A85 /* Source */ = {
			isa = PBXGroup;
			children = (
				F3967EE71D9846C7006382C6 /* Attributes.swift */,
				F3967EEC1D984715006382C6 /* Comparisons.swift */,
				F3F52CE81D9848F0009D8DFB /* Extensions.swift */,
				F3967EDD1D984563006382C6 /* Functions.swift */,
				F3967EF61D984758006382C6 /* Miscellanea.swift */,
				F3967EF11D984748006382C6 /* Operators.swift */,
				F3F52CED1D984CB4009D8DFB /* Predicate.swift */,
				F3967ED81D9844CD006382C6 /* Protocols.swift */,
				F3967F051D98481E006382C6 /* Query.swift */,
				F3967F001D984801006382C6 /* QueryBuilder.swift */,
				F3967EE21D984610006382C6 /* Types.swift */,
			);
			name = Source;
			sourceTree = "<group>";
		};
		F37C46981B2A780200B35B1B = {
			isa = PBXGroup;
			children = (
				F39C7A711B718DB2008DB31C /* LICENSE */,
				F356831B1B43AC040089F0A0 /* README.md */,
				F37C46A41B2A780200B35B1B /* CoreDataQueryInterface */,
				F37C46B01B2A780200B35B1B /* CoreDataQueryInterfaceTests */,
				F37C46A31B2A780200B35B1B /* Products */,
				F3DEBD9F1B40FCCD00EE1382 /* bin */,
			);
			sourceTree = "<group>";
		};
		F37C46A31B2A780200B35B1B /* Products */ = {
			isa = PBXGroup;
			children = (
				F37C46A21B2A780200B35B1B /* CoreDataQueryInterface.framework */,
				F37C46AC1B2A780200B35B1B /* CoreDataQueryInterfaceiOSTests.xctest */,
				F30D1CCA1B2A891100AF80A1 /* CoreDataQueryInterface.framework */,
				F30D1CD31B2A891100AF80A1 /* CoreDataQueryInterfaceOSXTests.xctest */,
				F356DC2B1CCFFF4C00BF0907 /* CoreDataQueryInterface.framework */,
				F356DC341CCFFF4C00BF0907 /* CoreDataQueryInterfacetvOSTests.xctest */,
				F3F1BC531CD0020100F9072D /* CoreDataQueryInterface.framework */,
			);
			name = Products;
			sourceTree = "<group>";
		};
		F37C46A41B2A780200B35B1B /* CoreDataQueryInterface */ = {
			isa = PBXGroup;
			children = (
				F37C46A51B2A780200B35B1B /* CoreDataQueryInterface.h */,
				F37C46A71B2A780200B35B1B /* Info.plist */,
				F371ABE91B2BC3FF002A8A85 /* Source */,
			);
			path = CoreDataQueryInterface;
			sourceTree = "<group>";
		};
		F37C46B01B2A780200B35B1B /* CoreDataQueryInterfaceTests */ = {
			isa = PBXGroup;
			children = (
				F3251A041B2BDA190031B817 /* BaseTestCase.swift */,
				F31C64281B696CD900235764 /* NSManagedObjectContextExtensions.swift */,
				F30C0B7B1B37A20A00D8D762 /* Util.swift */,
				F33567621B2D1BF5007853DB /* Tests */,
				F33567631B2D1C04007853DB /* Core Data */,
				F37C46B31B2A780200B35B1B /* Info.plist */,
			);
			path = CoreDataQueryInterfaceTests;
			sourceTree = "<group>";
		};
/* End PBXGroup section */

/* Begin PBXHeadersBuildPhase section */
		F30D1CC71B2A891100AF80A1 /* Headers */ = {
			isa = PBXHeadersBuildPhase;
			buildActionMask = 2147483647;
			files = (
				F39C7A741B718E34008DB31C /* CoreDataQueryInterface.h in Headers */,
			);
			runOnlyForDeploymentPostprocessing = 0;
		};
		F356DC281CCFFF4C00BF0907 /* Headers */ = {
			isa = PBXHeadersBuildPhase;
			buildActionMask = 2147483647;
			files = (
			);
			runOnlyForDeploymentPostprocessing = 0;
		};
		F37C469F1B2A780200B35B1B /* Headers */ = {
			isa = PBXHeadersBuildPhase;
			buildActionMask = 2147483647;
			files = (
				F37C46A61B2A780200B35B1B /* CoreDataQueryInterface.h in Headers */,
			);
			runOnlyForDeploymentPostprocessing = 0;
		};
		F3F1BC501CD0020100F9072D /* Headers */ = {
			isa = PBXHeadersBuildPhase;
			buildActionMask = 2147483647;
			files = (
			);
			runOnlyForDeploymentPostprocessing = 0;
		};
/* End PBXHeadersBuildPhase section */

/* Begin PBXNativeTarget section */
		F30D1CC91B2A891100AF80A1 /* CoreDataQueryInterfaceOSX */ = {
			isa = PBXNativeTarget;
			buildConfigurationList = F30D1CDB1B2A891200AF80A1 /* Build configuration list for PBXNativeTarget "CoreDataQueryInterfaceOSX" */;
			buildPhases = (
				F30D1CC51B2A891100AF80A1 /* Sources */,
				F30D1CC61B2A891100AF80A1 /* Frameworks */,
				F30D1CC71B2A891100AF80A1 /* Headers */,
				F30D1CC81B2A891100AF80A1 /* Resources */,
			);
			buildRules = (
			);
			dependencies = (
			);
			name = CoreDataQueryInterfaceOSX;
			productName = CoreDataQueryInterface;
			productReference = F30D1CCA1B2A891100AF80A1 /* CoreDataQueryInterface.framework */;
			productType = "com.apple.product-type.framework";
		};
		F30D1CD21B2A891100AF80A1 /* CoreDataQueryInterfaceOSXTests */ = {
			isa = PBXNativeTarget;
			buildConfigurationList = F30D1CDE1B2A891200AF80A1 /* Build configuration list for PBXNativeTarget "CoreDataQueryInterfaceOSXTests" */;
			buildPhases = (
				F30D1CCF1B2A891100AF80A1 /* Sources */,
				F30D1CD01B2A891100AF80A1 /* Frameworks */,
				F30D1CD11B2A891100AF80A1 /* Resources */,
			);
			buildRules = (
			);
			dependencies = (
				F30D1CD61B2A891200AF80A1 /* PBXTargetDependency */,
			);
			name = CoreDataQueryInterfaceOSXTests;
			productName = CoreDataQueryInterfaceTests;
			productReference = F30D1CD31B2A891100AF80A1 /* CoreDataQueryInterfaceOSXTests.xctest */;
			productType = "com.apple.product-type.bundle.unit-test";
		};
		F356DC2A1CCFFF4C00BF0907 /* CoreDataQueryInterfacetvOS */ = {
			isa = PBXNativeTarget;
			buildConfigurationList = F356DC401CCFFF4C00BF0907 /* Build configuration list for PBXNativeTarget "CoreDataQueryInterfacetvOS" */;
			buildPhases = (
				F356DC261CCFFF4C00BF0907 /* Sources */,
				F356DC271CCFFF4C00BF0907 /* Frameworks */,
				F356DC281CCFFF4C00BF0907 /* Headers */,
				F356DC291CCFFF4C00BF0907 /* Resources */,
			);
			buildRules = (
			);
			dependencies = (
			);
			name = CoreDataQueryInterfacetvOS;
			productName = CoreDataQueryInterface;
			productReference = F356DC2B1CCFFF4C00BF0907 /* CoreDataQueryInterface.framework */;
			productType = "com.apple.product-type.framework";
		};
		F356DC331CCFFF4C00BF0907 /* CoreDataQueryInterfacetvOSTests */ = {
			isa = PBXNativeTarget;
			buildConfigurationList = F356DC411CCFFF4C00BF0907 /* Build configuration list for PBXNativeTarget "CoreDataQueryInterfacetvOSTests" */;
			buildPhases = (
				F356DC301CCFFF4C00BF0907 /* Sources */,
				F356DC311CCFFF4C00BF0907 /* Frameworks */,
				F356DC321CCFFF4C00BF0907 /* Resources */,
			);
			buildRules = (
			);
			dependencies = (
				F356DC371CCFFF4C00BF0907 /* PBXTargetDependency */,
			);
			name = CoreDataQueryInterfacetvOSTests;
			productName = CoreDataQueryInterfaceTests;
			productReference = F356DC341CCFFF4C00BF0907 /* CoreDataQueryInterfacetvOSTests.xctest */;
			productType = "com.apple.product-type.bundle.unit-test";
		};
		F37C46A11B2A780200B35B1B /* CoreDataQueryInterfaceiOS */ = {
			isa = PBXNativeTarget;
			buildConfigurationList = F37C46B61B2A780200B35B1B /* Build configuration list for PBXNativeTarget "CoreDataQueryInterfaceiOS" */;
			buildPhases = (
				F37C469D1B2A780200B35B1B /* Sources */,
				F37C469E1B2A780200B35B1B /* Frameworks */,
				F37C469F1B2A780200B35B1B /* Headers */,
				F37C46A01B2A780200B35B1B /* Resources */,
			);
			buildRules = (
			);
			dependencies = (
			);
			name = CoreDataQueryInterfaceiOS;
			productName = CoreDataQueryInterface;
			productReference = F37C46A21B2A780200B35B1B /* CoreDataQueryInterface.framework */;
			productType = "com.apple.product-type.framework";
		};
		F37C46AB1B2A780200B35B1B /* CoreDataQueryInterfaceiOSTests */ = {
			isa = PBXNativeTarget;
			buildConfigurationList = F37C46B91B2A780200B35B1B /* Build configuration list for PBXNativeTarget "CoreDataQueryInterfaceiOSTests" */;
			buildPhases = (
				F37C46A81B2A780200B35B1B /* Sources */,
				F37C46A91B2A780200B35B1B /* Frameworks */,
				F37C46AA1B2A780200B35B1B /* Resources */,
			);
			buildRules = (
			);
			dependencies = (
				F37C46AF1B2A780200B35B1B /* PBXTargetDependency */,
			);
			name = CoreDataQueryInterfaceiOSTests;
			productName = CoreDataQueryInterfaceTests;
			productReference = F37C46AC1B2A780200B35B1B /* CoreDataQueryInterfaceiOSTests.xctest */;
			productType = "com.apple.product-type.bundle.unit-test";
		};
		F3F1BC521CD0020100F9072D /* CoreDataQueryInterfacewatchOS */ = {
			isa = PBXNativeTarget;
			buildConfigurationList = F3F1BC5A1CD0020100F9072D /* Build configuration list for PBXNativeTarget "CoreDataQueryInterfacewatchOS" */;
			buildPhases = (
				F3F1BC4E1CD0020100F9072D /* Sources */,
				F3F1BC4F1CD0020100F9072D /* Frameworks */,
				F3F1BC501CD0020100F9072D /* Headers */,
				F3F1BC511CD0020100F9072D /* Resources */,
			);
			buildRules = (
			);
			dependencies = (
			);
			name = CoreDataQueryInterfacewatchOS;
			productName = CoreDataQueryInterface;
			productReference = F3F1BC531CD0020100F9072D /* CoreDataQueryInterface.framework */;
			productType = "com.apple.product-type.framework";
		};
/* End PBXNativeTarget section */

/* Begin PBXProject section */
		F37C46991B2A780200B35B1B /* Project object */ = {
			isa = PBXProject;
			attributes = {
				LastSwiftUpdateCheck = 0730;
				LastUpgradeCheck = 0800;
				ORGANIZATIONNAME = "Prosumma LLC";
				TargetAttributes = {
					F30D1CC91B2A891100AF80A1 = {
						CreatedOnToolsVersion = 7.0;
						LastSwiftMigration = 0800;
					};
					F30D1CD21B2A891100AF80A1 = {
						CreatedOnToolsVersion = 7.0;
					};
					F356DC2A1CCFFF4C00BF0907 = {
						CreatedOnToolsVersion = 7.3;
						LastSwiftMigration = 0800;
					};
					F356DC331CCFFF4C00BF0907 = {
						CreatedOnToolsVersion = 7.3;
					};
					F37C46A11B2A780200B35B1B = {
						CreatedOnToolsVersion = 7.0;
						LastSwiftMigration = 0800;
					};
					F37C46AB1B2A780200B35B1B = {
						CreatedOnToolsVersion = 7.0;
					};
					F3F1BC521CD0020100F9072D = {
						CreatedOnToolsVersion = 7.3;
						LastSwiftMigration = 0800;
					};
				};
			};
			buildConfigurationList = F37C469C1B2A780200B35B1B /* Build configuration list for PBXProject "CoreDataQueryInterface" */;
			compatibilityVersion = "Xcode 3.2";
			developmentRegion = English;
			hasScannedForEncodings = 0;
			knownRegions = (
				en,
			);
			mainGroup = F37C46981B2A780200B35B1B;
			productRefGroup = F37C46A31B2A780200B35B1B /* Products */;
			projectDirPath = "";
			projectRoot = "";
			targets = (
				F37C46A11B2A780200B35B1B /* CoreDataQueryInterfaceiOS */,
				F37C46AB1B2A780200B35B1B /* CoreDataQueryInterfaceiOSTests */,
				F30D1CC91B2A891100AF80A1 /* CoreDataQueryInterfaceOSX */,
				F30D1CD21B2A891100AF80A1 /* CoreDataQueryInterfaceOSXTests */,
				F356DC2A1CCFFF4C00BF0907 /* CoreDataQueryInterfacetvOS */,
				F356DC331CCFFF4C00BF0907 /* CoreDataQueryInterfacetvOSTests */,
				F3F1BC521CD0020100F9072D /* CoreDataQueryInterfacewatchOS */,
			);
		};
/* End PBXProject section */

/* Begin PBXResourcesBuildPhase section */
		F30D1CC81B2A891100AF80A1 /* Resources */ = {
			isa = PBXResourcesBuildPhase;
			buildActionMask = 2147483647;
			files = (
			);
			runOnlyForDeploymentPostprocessing = 0;
		};
		F30D1CD11B2A891100AF80A1 /* Resources */ = {
			isa = PBXResourcesBuildPhase;
			buildActionMask = 2147483647;
			files = (
				F3251A091B2BDA260031B817 /* Employees.txt in Resources */,
			);
			runOnlyForDeploymentPostprocessing = 0;
		};
		F356DC291CCFFF4C00BF0907 /* Resources */ = {
			isa = PBXResourcesBuildPhase;
			buildActionMask = 2147483647;
			files = (
			);
			runOnlyForDeploymentPostprocessing = 0;
		};
		F356DC321CCFFF4C00BF0907 /* Resources */ = {
			isa = PBXResourcesBuildPhase;
			buildActionMask = 2147483647;
			files = (
				F356DC741CD000A400BF0907 /* Employees.txt in Resources */,
			);
			runOnlyForDeploymentPostprocessing = 0;
		};
		F37C46A01B2A780200B35B1B /* Resources */ = {
			isa = PBXResourcesBuildPhase;
			buildActionMask = 2147483647;
			files = (
			);
			runOnlyForDeploymentPostprocessing = 0;
		};
		F37C46AA1B2A780200B35B1B /* Resources */ = {
			isa = PBXResourcesBuildPhase;
			buildActionMask = 2147483647;
			files = (
				F3251A081B2BDA260031B817 /* Employees.txt in Resources */,
			);
			runOnlyForDeploymentPostprocessing = 0;
		};
		F3F1BC511CD0020100F9072D /* Resources */ = {
			isa = PBXResourcesBuildPhase;
			buildActionMask = 2147483647;
			files = (
			);
			runOnlyForDeploymentPostprocessing = 0;
		};
/* End PBXResourcesBuildPhase section */

/* Begin PBXSourcesBuildPhase section */
		F30D1CC51B2A891100AF80A1 /* Sources */ = {
			isa = PBXSourcesBuildPhase;
			buildActionMask = 2147483647;
			files = (
				F3967F071D98481E006382C6 /* Query.swift in Sources */,
				F3967EE41D984610006382C6 /* Types.swift in Sources */,
				F3967EEE1D984715006382C6 /* Comparisons.swift in Sources */,
				F3967EDA1D9844CD006382C6 /* Protocols.swift in Sources */,
				F3967EE91D9846C7006382C6 /* Attributes.swift in Sources */,
				F3967EF81D984758006382C6 /* Miscellanea.swift in Sources */,
				F3F52CEF1D984CB4009D8DFB /* Predicate.swift in Sources */,
				F3967F021D984801006382C6 /* QueryBuilder.swift in Sources */,
				F3967EDF1D984563006382C6 /* Functions.swift in Sources */,
				F3F52CEA1D9848F0009D8DFB /* Extensions.swift in Sources */,
				F3967EF31D984748006382C6 /* Operators.swift in Sources */,
			);
			runOnlyForDeploymentPostprocessing = 0;
		};
		F30D1CCF1B2A891100AF80A1 /* Sources */ = {
			isa = PBXSourcesBuildPhase;
			buildActionMask = 2147483647;
			files = (
				F33567681B2D2EF7007853DB /* SelectionAndGroupingTests.swift in Sources */,
				F3E6B5541B2C01CC00F735EE /* OrderTests.swift in Sources */,
				F356DC661CD0008400BF0907 /* AttributeTests.swift in Sources */,
				8E4918EB1CB35F1E00DFB3C8 /* ManagedObjectContextTests.swift in Sources */,
				F31C642A1B696CD900235764 /* NSManagedObjectContextExtensions.swift in Sources */,
				8E4918D71CAF432100DFB3C8 /* TestEntityAttribute.swift in Sources */,
				8E4918A11CACE93600DFB3C8 /* NumericTypeTests.swift in Sources */,
				F3251A0D1B2BDA2D0031B817 /* Company.xcdatamodeld in Sources */,
				8E4918C61CAE0A9300DFB3C8 /* DepartmentAttribute.swift in Sources */,
				8E4918D21CAF41B100DFB3C8 /* TestEntity+CoreDataProperties.swift in Sources */,
				F3251A061B2BDA190031B817 /* BaseTestCase.swift in Sources */,
				F30C0B7D1B37A20A00D8D762 /* Util.swift in Sources */,
				8E4918D41CAF41B100DFB3C8 /* TestEntity.swift in Sources */,
				F3251A131B2BDE6E0031B817 /* Employee.swift in Sources */,
				F3E6B5511B2BFCA500F735EE /* FilterTests.swift in Sources */,
				8E4918C81CAE0A9300DFB3C8 /* EmployeeAttribute.swift in Sources */,
				F3FE7AD11B2B87CF00AA5845 /* SanityTests.swift in Sources */,
				F3251A111B2BDE6E0031B817 /* Department.swift in Sources */,
			);
			runOnlyForDeploymentPostprocessing = 0;
		};
		F356DC261CCFFF4C00BF0907 /* Sources */ = {
			isa = PBXSourcesBuildPhase;
			buildActionMask = 2147483647;
			files = (
				F3967F081D98481E006382C6 /* Query.swift in Sources */,
				F3967EE51D984610006382C6 /* Types.swift in Sources */,
				F3967EEF1D984715006382C6 /* Comparisons.swift in Sources */,
				F3967EDB1D9844CD006382C6 /* Protocols.swift in Sources */,
				F3967EEA1D9846C7006382C6 /* Attributes.swift in Sources */,
				F3967EF91D984758006382C6 /* Miscellanea.swift in Sources */,
				F3F52CF01D984CB4009D8DFB /* Predicate.swift in Sources */,
				F3967F031D984801006382C6 /* QueryBuilder.swift in Sources */,
				F3967EE01D984563006382C6 /* Functions.swift in Sources */,
				F3F52CEB1D9848F0009D8DFB /* Extensions.swift in Sources */,
				F3967EF41D984748006382C6 /* Operators.swift in Sources */,
			);
			runOnlyForDeploymentPostprocessing = 0;
		};
		F356DC301CCFFF4C00BF0907 /* Sources */ = {
			isa = PBXSourcesBuildPhase;
			buildActionMask = 2147483647;
			files = (
				F356DC681CD0008E00BF0907 /* FilterTests.swift in Sources */,
				F356DC761CD000A800BF0907 /* Employee.swift in Sources */,
				F356DC631CD0006B00BF0907 /* BaseTestCase.swift in Sources */,
				F356DC6B1CD0008E00BF0907 /* OrderTests.swift in Sources */,
				F356DC751CD000A800BF0907 /* Department.swift in Sources */,
				F356DC731CD0009D00BF0907 /* Company.xcdatamodeld in Sources */,
				F356DC691CD0008E00BF0907 /* AttributeTests.swift in Sources */,
				F356DC6D1CD0008E00BF0907 /* ManagedObjectContextTests.swift in Sources */,
				F356DC651CD0007200BF0907 /* Util.swift in Sources */,
				F356DC721CD0009600BF0907 /* EmployeeAttribute.swift in Sources */,
				F356DC6C1CD0008E00BF0907 /* SelectionAndGroupingTests.swift in Sources */,
				F356DC701CD0009600BF0907 /* TestEntityAttribute.swift in Sources */,
				F356DC641CD0006E00BF0907 /* NSManagedObjectContextExtensions.swift in Sources */,
				F356DC6F1CD0009600BF0907 /* TestEntity.swift in Sources */,
				F356DC6E1CD0009600BF0907 /* TestEntity+CoreDataProperties.swift in Sources */,
				F356DC671CD0008E00BF0907 /* SanityTests.swift in Sources */,
				F356DC711CD0009600BF0907 /* DepartmentAttribute.swift in Sources */,
				F356DC6A1CD0008E00BF0907 /* NumericTypeTests.swift in Sources */,
			);
			runOnlyForDeploymentPostprocessing = 0;
		};
		F37C469D1B2A780200B35B1B /* Sources */ = {
			isa = PBXSourcesBuildPhase;
			buildActionMask = 2147483647;
			files = (
				F3967F061D98481E006382C6 /* Query.swift in Sources */,
				F3967EE31D984610006382C6 /* Types.swift in Sources */,
				F3967EED1D984715006382C6 /* Comparisons.swift in Sources */,
				F3967ED91D9844CD006382C6 /* Protocols.swift in Sources */,
				F3967EE81D9846C7006382C6 /* Attributes.swift in Sources */,
				F3967EF71D984758006382C6 /* Miscellanea.swift in Sources */,
				F3F52CEE1D984CB4009D8DFB /* Predicate.swift in Sources */,
				F3967F011D984801006382C6 /* QueryBuilder.swift in Sources */,
				F3967EDE1D984563006382C6 /* Functions.swift in Sources */,
				F3F52CE91D9848F0009D8DFB /* Extensions.swift in Sources */,
				F3967EF21D984748006382C6 /* Operators.swift in Sources */,
			);
			runOnlyForDeploymentPostprocessing = 0;
		};
		F37C46A81B2A780200B35B1B /* Sources */ = {
			isa = PBXSourcesBuildPhase;
			buildActionMask = 2147483647;
			files = (
				8E4918D31CAF41B100DFB3C8 /* TestEntity.swift in Sources */,
				8E4918C51CAE0A9300DFB3C8 /* DepartmentAttribute.swift in Sources */,
				F33567661B2D2EF7007853DB /* SelectionAndGroupingTests.swift in Sources */,
				F3E6B5531B2C01CC00F735EE /* OrderTests.swift in Sources */,
				8E49189E1CAB981B00DFB3C8 /* AttributeTests.swift in Sources */,
				F31C64291B696CD900235764 /* NSManagedObjectContextExtensions.swift in Sources */,
				F3251A0C1B2BDA2D0031B817 /* Company.xcdatamodeld in Sources */,
				F3251A051B2BDA190031B817 /* BaseTestCase.swift in Sources */,
				8E4918A01CACE93600DFB3C8 /* NumericTypeTests.swift in Sources */,
				8E4918C71CAE0A9300DFB3C8 /* EmployeeAttribute.swift in Sources */,
				F30C0B7C1B37A20A00D8D762 /* Util.swift in Sources */,
				F3251A121B2BDE6E0031B817 /* Employee.swift in Sources */,
				8E4918EA1CB35F1E00DFB3C8 /* ManagedObjectContextTests.swift in Sources */,
				F3E6B5501B2BFCA500F735EE /* FilterTests.swift in Sources */,
				F37C46B21B2A780200B35B1B /* SanityTests.swift in Sources */,
				8E4918D61CAF432100DFB3C8 /* TestEntityAttribute.swift in Sources */,
				F3251A101B2BDE6E0031B817 /* Department.swift in Sources */,
				8E4918D11CAF41B100DFB3C8 /* TestEntity+CoreDataProperties.swift in Sources */,
			);
			runOnlyForDeploymentPostprocessing = 0;
		};
		F3F1BC4E1CD0020100F9072D /* Sources */ = {
			isa = PBXSourcesBuildPhase;
			buildActionMask = 2147483647;
			files = (
				F3967F091D98481E006382C6 /* Query.swift in Sources */,
				F3967EE61D984610006382C6 /* Types.swift in Sources */,
				F3967EF01D984715006382C6 /* Comparisons.swift in Sources */,
				F3967EDC1D9844CD006382C6 /* Protocols.swift in Sources */,
				F3967EEB1D9846C7006382C6 /* Attributes.swift in Sources */,
				F3967EFA1D984758006382C6 /* Miscellanea.swift in Sources */,
				F3F52CF11D984CB4009D8DFB /* Predicate.swift in Sources */,
				F3967F041D984801006382C6 /* QueryBuilder.swift in Sources */,
				F3967EE11D984563006382C6 /* Functions.swift in Sources */,
				F3F52CEC1D9848F0009D8DFB /* Extensions.swift in Sources */,
				F3967EF51D984748006382C6 /* Operators.swift in Sources */,
			);
			runOnlyForDeploymentPostprocessing = 0;
		};
/* End PBXSourcesBuildPhase section */

/* Begin PBXTargetDependency section */
		F30D1CD61B2A891200AF80A1 /* PBXTargetDependency */ = {
			isa = PBXTargetDependency;
			target = F30D1CC91B2A891100AF80A1 /* CoreDataQueryInterfaceOSX */;
			targetProxy = F30D1CD51B2A891200AF80A1 /* PBXContainerItemProxy */;
		};
		F356DC371CCFFF4C00BF0907 /* PBXTargetDependency */ = {
			isa = PBXTargetDependency;
			target = F356DC2A1CCFFF4C00BF0907 /* CoreDataQueryInterfacetvOS */;
			targetProxy = F356DC361CCFFF4C00BF0907 /* PBXContainerItemProxy */;
		};
		F37C46AF1B2A780200B35B1B /* PBXTargetDependency */ = {
			isa = PBXTargetDependency;
			target = F37C46A11B2A780200B35B1B /* CoreDataQueryInterfaceiOS */;
			targetProxy = F37C46AE1B2A780200B35B1B /* PBXContainerItemProxy */;
		};
/* End PBXTargetDependency section */

/* Begin XCBuildConfiguration section */
		F30D1CDC1B2A891200AF80A1 /* Debug */ = {
			isa = XCBuildConfiguration;
			buildSettings = {
				CLANG_ENABLE_MODULES = YES;
				COMBINE_HIDPI_IMAGES = YES;
				DEFINES_MODULE = YES;
				DYLIB_COMPATIBILITY_VERSION = 1;
				DYLIB_CURRENT_VERSION = 1;
				DYLIB_INSTALL_NAME_BASE = "@rpath";
				FRAMEWORK_VERSION = A;
				INFOPLIST_FILE = CoreDataQueryInterface/Info.plist;
				INSTALL_PATH = "$(LOCAL_LIBRARY_DIR)/Frameworks";
				LD_RUNPATH_SEARCH_PATHS = "$(inherited) @executable_path/../Frameworks @loader_path/Frameworks";
				MACOSX_DEPLOYMENT_TARGET = 10.10;
				PRODUCT_BUNDLE_IDENTIFIER = com.prosumma.CoreDataQueryInterface;
				PRODUCT_NAME = CoreDataQueryInterface;
				SDKROOT = macosx;
				SKIP_INSTALL = YES;
				SWIFT_OPTIMIZATION_LEVEL = "-Onone";
				SWIFT_VERSION = 3.0;
			};
			name = Debug;
		};
		F30D1CDD1B2A891200AF80A1 /* Release */ = {
			isa = XCBuildConfiguration;
			buildSettings = {
				CLANG_ENABLE_MODULES = YES;
				COMBINE_HIDPI_IMAGES = YES;
				DEFINES_MODULE = YES;
				DYLIB_COMPATIBILITY_VERSION = 1;
				DYLIB_CURRENT_VERSION = 1;
				DYLIB_INSTALL_NAME_BASE = "@rpath";
				FRAMEWORK_VERSION = A;
				INFOPLIST_FILE = CoreDataQueryInterface/Info.plist;
				INSTALL_PATH = "$(LOCAL_LIBRARY_DIR)/Frameworks";
				LD_RUNPATH_SEARCH_PATHS = "$(inherited) @executable_path/../Frameworks @loader_path/Frameworks";
				MACOSX_DEPLOYMENT_TARGET = 10.10;
				PRODUCT_BUNDLE_IDENTIFIER = com.prosumma.CoreDataQueryInterface;
				PRODUCT_NAME = CoreDataQueryInterface;
				SDKROOT = macosx;
				SKIP_INSTALL = YES;
				SWIFT_VERSION = 3.0;
			};
			name = Release;
		};
		F30D1CDF1B2A891200AF80A1 /* Debug */ = {
			isa = XCBuildConfiguration;
			buildSettings = {
				ALWAYS_EMBED_SWIFT_STANDARD_LIBRARIES = YES;
				COMBINE_HIDPI_IMAGES = YES;
				INFOPLIST_FILE = CoreDataQueryInterfaceTests/Info.plist;
				LD_RUNPATH_SEARCH_PATHS = "$(inherited) @executable_path/../Frameworks @loader_path/../Frameworks";
				MACOSX_DEPLOYMENT_TARGET = 10.10;
				PRODUCT_BUNDLE_IDENTIFIER = com.prosumma.CoreDataQueryInterfaceTests;
				PRODUCT_MODULE_NAME = CoreDataQueryInterfaceTests;
				PRODUCT_NAME = "$(TARGET_NAME)";
				SDKROOT = macosx;
			};
			name = Debug;
		};
		F30D1CE01B2A891200AF80A1 /* Release */ = {
			isa = XCBuildConfiguration;
			buildSettings = {
				ALWAYS_EMBED_SWIFT_STANDARD_LIBRARIES = YES;
				COMBINE_HIDPI_IMAGES = YES;
				INFOPLIST_FILE = CoreDataQueryInterfaceTests/Info.plist;
				LD_RUNPATH_SEARCH_PATHS = "$(inherited) @executable_path/../Frameworks @loader_path/../Frameworks";
				MACOSX_DEPLOYMENT_TARGET = 10.10;
				PRODUCT_BUNDLE_IDENTIFIER = com.prosumma.CoreDataQueryInterfaceTests;
				PRODUCT_MODULE_NAME = CoreDataQueryInterfaceTests;
				PRODUCT_NAME = "$(TARGET_NAME)";
				SDKROOT = macosx;
			};
			name = Release;
		};
		F356DC3C1CCFFF4C00BF0907 /* Debug */ = {
			isa = XCBuildConfiguration;
			buildSettings = {
				CLANG_ANALYZER_NONNULL = YES;
				CLANG_ENABLE_MODULES = YES;
				"CODE_SIGN_IDENTITY[sdk=appletvos*]" = "";
				DEFINES_MODULE = YES;
				DYLIB_COMPATIBILITY_VERSION = 1;
				DYLIB_CURRENT_VERSION = 1;
				DYLIB_INSTALL_NAME_BASE = "@rpath";
				INFOPLIST_FILE = CoreDataQueryInterface/Info.plist;
				INSTALL_PATH = "$(LOCAL_LIBRARY_DIR)/Frameworks";
				LD_RUNPATH_SEARCH_PATHS = "$(inherited) @executable_path/Frameworks @loader_path/Frameworks";
				PRODUCT_BUNDLE_IDENTIFIER = com.prosumma.CoreDataQueryInterface;
				PRODUCT_NAME = CoreDataQueryInterface;
				SDKROOT = appletvos;
				SKIP_INSTALL = YES;
				SWIFT_OPTIMIZATION_LEVEL = "-Onone";
				SWIFT_VERSION = 3.0;
				TARGETED_DEVICE_FAMILY = 3;
				TVOS_DEPLOYMENT_TARGET = 9.0;
			};
			name = Debug;
		};
		F356DC3D1CCFFF4C00BF0907 /* Release */ = {
			isa = XCBuildConfiguration;
			buildSettings = {
				CLANG_ANALYZER_NONNULL = YES;
				CLANG_ENABLE_MODULES = YES;
				"CODE_SIGN_IDENTITY[sdk=appletvos*]" = "";
				DEFINES_MODULE = YES;
				DYLIB_COMPATIBILITY_VERSION = 1;
				DYLIB_CURRENT_VERSION = 1;
				DYLIB_INSTALL_NAME_BASE = "@rpath";
				INFOPLIST_FILE = CoreDataQueryInterface/Info.plist;
				INSTALL_PATH = "$(LOCAL_LIBRARY_DIR)/Frameworks";
				LD_RUNPATH_SEARCH_PATHS = "$(inherited) @executable_path/Frameworks @loader_path/Frameworks";
				PRODUCT_BUNDLE_IDENTIFIER = com.prosumma.CoreDataQueryInterface;
				PRODUCT_NAME = CoreDataQueryInterface;
				SDKROOT = appletvos;
				SKIP_INSTALL = YES;
				SWIFT_VERSION = 3.0;
				TARGETED_DEVICE_FAMILY = 3;
				TVOS_DEPLOYMENT_TARGET = 9.0;
			};
			name = Release;
		};
		F356DC3E1CCFFF4C00BF0907 /* Debug */ = {
			isa = XCBuildConfiguration;
			buildSettings = {
				ALWAYS_EMBED_SWIFT_STANDARD_LIBRARIES = YES;
				CLANG_ANALYZER_NONNULL = YES;
				INFOPLIST_FILE = CoreDataQueryInterfaceTests/Info.plist;
				LD_RUNPATH_SEARCH_PATHS = "$(inherited) @executable_path/Frameworks @loader_path/Frameworks";
				PRODUCT_BUNDLE_IDENTIFIER = com.prosumma.CoreDataQueryInterfaceTests;
				PRODUCT_MODULE_NAME = CoreDataQueryInterfaceTests;
				PRODUCT_NAME = "$(TARGET_NAME)";
				SDKROOT = appletvos;
				TVOS_DEPLOYMENT_TARGET = 9.2;
			};
			name = Debug;
		};
		F356DC3F1CCFFF4C00BF0907 /* Release */ = {
			isa = XCBuildConfiguration;
			buildSettings = {
				ALWAYS_EMBED_SWIFT_STANDARD_LIBRARIES = YES;
				CLANG_ANALYZER_NONNULL = YES;
				INFOPLIST_FILE = CoreDataQueryInterfaceTests/Info.plist;
				LD_RUNPATH_SEARCH_PATHS = "$(inherited) @executable_path/Frameworks @loader_path/Frameworks";
				PRODUCT_BUNDLE_IDENTIFIER = com.prosumma.CoreDataQueryInterfaceTests;
				PRODUCT_MODULE_NAME = CoreDataQueryInterfaceTests;
				PRODUCT_NAME = "$(TARGET_NAME)";
				SDKROOT = appletvos;
				TVOS_DEPLOYMENT_TARGET = 9.2;
			};
			name = Release;
		};
		F37C46B41B2A780200B35B1B /* Debug */ = {
			isa = XCBuildConfiguration;
			buildSettings = {
				ALWAYS_SEARCH_USER_PATHS = NO;
				CLANG_CXX_LANGUAGE_STANDARD = "gnu++0x";
				CLANG_CXX_LIBRARY = "libc++";
				CLANG_ENABLE_MODULES = YES;
				CLANG_ENABLE_OBJC_ARC = YES;
				CLANG_WARN_BOOL_CONVERSION = YES;
				CLANG_WARN_CONSTANT_CONVERSION = YES;
				CLANG_WARN_DIRECT_OBJC_ISA_USAGE = YES_ERROR;
				CLANG_WARN_EMPTY_BODY = YES;
				CLANG_WARN_ENUM_CONVERSION = YES;
				CLANG_WARN_INFINITE_RECURSION = YES;
				CLANG_WARN_INT_CONVERSION = YES;
				CLANG_WARN_OBJC_ROOT_CLASS = YES_ERROR;
				CLANG_WARN_SUSPICIOUS_MOVE = YES;
				CLANG_WARN_UNREACHABLE_CODE = YES;
				CLANG_WARN__DUPLICATE_METHOD_MATCH = YES;
				"CODE_SIGN_IDENTITY[sdk=iphoneos*]" = "iPhone Developer";
				COPY_PHASE_STRIP = NO;
				CURRENT_PROJECT_VERSION = 1;
				DEBUG_INFORMATION_FORMAT = dwarf;
				ENABLE_STRICT_OBJC_MSGSEND = YES;
				ENABLE_TESTABILITY = YES;
				GCC_C_LANGUAGE_STANDARD = gnu99;
				GCC_DYNAMIC_NO_PIC = NO;
				GCC_NO_COMMON_BLOCKS = YES;
				GCC_OPTIMIZATION_LEVEL = 0;
				GCC_PREPROCESSOR_DEFINITIONS = (
					"DEBUG=1",
					"$(inherited)",
				);
				GCC_WARN_64_TO_32_BIT_CONVERSION = YES;
				GCC_WARN_ABOUT_RETURN_TYPE = YES_ERROR;
				GCC_WARN_UNDECLARED_SELECTOR = YES;
				GCC_WARN_UNINITIALIZED_AUTOS = YES_AGGRESSIVE;
				GCC_WARN_UNUSED_FUNCTION = YES;
				GCC_WARN_UNUSED_VARIABLE = YES;
				IPHONEOS_DEPLOYMENT_TARGET = 8.1;
				MACOSX_DEPLOYMENT_TARGET = 10.9;
				MTL_ENABLE_DEBUG_INFO = YES;
				ONLY_ACTIVE_ARCH = YES;
				OTHER_SWIFT_FLAGS = "-DDEBUG";
				SDKROOT = iphoneos;
				SWIFT_OPTIMIZATION_LEVEL = "-Onone";
				TARGETED_DEVICE_FAMILY = "1,2";
				VERSIONING_SYSTEM = "apple-generic";
				VERSION_INFO_PREFIX = "";
			};
			name = Debug;
		};
		F37C46B51B2A780200B35B1B /* Release */ = {
			isa = XCBuildConfiguration;
			buildSettings = {
				ALWAYS_SEARCH_USER_PATHS = NO;
				CLANG_CXX_LANGUAGE_STANDARD = "gnu++0x";
				CLANG_CXX_LIBRARY = "libc++";
				CLANG_ENABLE_MODULES = YES;
				CLANG_ENABLE_OBJC_ARC = YES;
				CLANG_WARN_BOOL_CONVERSION = YES;
				CLANG_WARN_CONSTANT_CONVERSION = YES;
				CLANG_WARN_DIRECT_OBJC_ISA_USAGE = YES_ERROR;
				CLANG_WARN_EMPTY_BODY = YES;
				CLANG_WARN_ENUM_CONVERSION = YES;
				CLANG_WARN_INFINITE_RECURSION = YES;
				CLANG_WARN_INT_CONVERSION = YES;
				CLANG_WARN_OBJC_ROOT_CLASS = YES_ERROR;
				CLANG_WARN_SUSPICIOUS_MOVE = YES;
				CLANG_WARN_UNREACHABLE_CODE = YES;
				CLANG_WARN__DUPLICATE_METHOD_MATCH = YES;
				"CODE_SIGN_IDENTITY[sdk=iphoneos*]" = "iPhone Developer";
				COPY_PHASE_STRIP = NO;
				CURRENT_PROJECT_VERSION = 1;
				DEBUG_INFORMATION_FORMAT = "dwarf-with-dsym";
				ENABLE_NS_ASSERTIONS = NO;
				ENABLE_STRICT_OBJC_MSGSEND = YES;
				GCC_C_LANGUAGE_STANDARD = gnu99;
				GCC_NO_COMMON_BLOCKS = YES;
				GCC_WARN_64_TO_32_BIT_CONVERSION = YES;
				GCC_WARN_ABOUT_RETURN_TYPE = YES_ERROR;
				GCC_WARN_UNDECLARED_SELECTOR = YES;
				GCC_WARN_UNINITIALIZED_AUTOS = YES_AGGRESSIVE;
				GCC_WARN_UNUSED_FUNCTION = YES;
				GCC_WARN_UNUSED_VARIABLE = YES;
				IPHONEOS_DEPLOYMENT_TARGET = 8.1;
				MACOSX_DEPLOYMENT_TARGET = 10.9;
				MTL_ENABLE_DEBUG_INFO = NO;
				OTHER_SWIFT_FLAGS = "-DRELEASE";
				SDKROOT = iphoneos;
				SWIFT_OPTIMIZATION_LEVEL = "-Owholemodule";
				TARGETED_DEVICE_FAMILY = "1,2";
				VALIDATE_PRODUCT = YES;
				VERSIONING_SYSTEM = "apple-generic";
				VERSION_INFO_PREFIX = "";
			};
			name = Release;
		};
		F37C46B71B2A780200B35B1B /* Debug */ = {
			isa = XCBuildConfiguration;
			buildSettings = {
				CLANG_ENABLE_MODULES = YES;
				"CODE_SIGN_IDENTITY[sdk=iphoneos*]" = "";
				DEFINES_MODULE = YES;
				DYLIB_COMPATIBILITY_VERSION = 1;
				DYLIB_CURRENT_VERSION = 1;
				DYLIB_INSTALL_NAME_BASE = "@rpath";
				INFOPLIST_FILE = CoreDataQueryInterface/Info.plist;
				INSTALL_PATH = "$(LOCAL_LIBRARY_DIR)/Frameworks";
				IPHONEOS_DEPLOYMENT_TARGET = 8.1;
				LD_RUNPATH_SEARCH_PATHS = "$(inherited) @executable_path/Frameworks @loader_path/Frameworks";
				PRODUCT_BUNDLE_IDENTIFIER = com.prosumma.CoreDataQueryInterface;
				PRODUCT_NAME = CoreDataQueryInterface;
				SKIP_INSTALL = YES;
				SWIFT_OPTIMIZATION_LEVEL = "-Onone";
				SWIFT_VERSION = 3.0;
			};
			name = Debug;
		};
		F37C46B81B2A780200B35B1B /* Release */ = {
			isa = XCBuildConfiguration;
			buildSettings = {
				CLANG_ENABLE_MODULES = YES;
				"CODE_SIGN_IDENTITY[sdk=iphoneos*]" = "";
				DEFINES_MODULE = YES;
				DYLIB_COMPATIBILITY_VERSION = 1;
				DYLIB_CURRENT_VERSION = 1;
				DYLIB_INSTALL_NAME_BASE = "@rpath";
				INFOPLIST_FILE = CoreDataQueryInterface/Info.plist;
				INSTALL_PATH = "$(LOCAL_LIBRARY_DIR)/Frameworks";
				IPHONEOS_DEPLOYMENT_TARGET = 8.1;
				LD_RUNPATH_SEARCH_PATHS = "$(inherited) @executable_path/Frameworks @loader_path/Frameworks";
				PRODUCT_BUNDLE_IDENTIFIER = com.prosumma.CoreDataQueryInterface;
				PRODUCT_NAME = CoreDataQueryInterface;
				SKIP_INSTALL = YES;
				SWIFT_VERSION = 3.0;
			};
			name = Release;
		};
		F37C46BA1B2A780200B35B1B /* Debug */ = {
			isa = XCBuildConfiguration;
			buildSettings = {
				ALWAYS_EMBED_SWIFT_STANDARD_LIBRARIES = YES;
				INFOPLIST_FILE = CoreDataQueryInterfaceTests/Info.plist;
				LD_RUNPATH_SEARCH_PATHS = "$(inherited) @executable_path/Frameworks @loader_path/Frameworks";
				PRODUCT_BUNDLE_IDENTIFIER = com.prosumma.CoreDataQueryInterfaceTests;
				PRODUCT_MODULE_NAME = CoreDataQueryInterfaceTests;
				PRODUCT_NAME = "$(TARGET_NAME)";
			};
			name = Debug;
		};
		F37C46BB1B2A780200B35B1B /* Release */ = {
			isa = XCBuildConfiguration;
			buildSettings = {
				ALWAYS_EMBED_SWIFT_STANDARD_LIBRARIES = YES;
				INFOPLIST_FILE = CoreDataQueryInterfaceTests/Info.plist;
				LD_RUNPATH_SEARCH_PATHS = "$(inherited) @executable_path/Frameworks @loader_path/Frameworks";
				PRODUCT_BUNDLE_IDENTIFIER = com.prosumma.CoreDataQueryInterfaceTests;
				PRODUCT_MODULE_NAME = CoreDataQueryInterfaceTests;
				PRODUCT_NAME = "$(TARGET_NAME)";
			};
			name = Release;
		};
		F3F1BC581CD0020100F9072D /* Debug */ = {
			isa = XCBuildConfiguration;
			buildSettings = {
				APPLICATION_EXTENSION_API_ONLY = YES;
				CLANG_ANALYZER_NONNULL = YES;
				CLANG_ENABLE_MODULES = YES;
				"CODE_SIGN_IDENTITY[sdk=watchos*]" = "";
				DEFINES_MODULE = YES;
				DYLIB_COMPATIBILITY_VERSION = 1;
				DYLIB_CURRENT_VERSION = 1;
				DYLIB_INSTALL_NAME_BASE = "@rpath";
				INFOPLIST_FILE = CoreDataQueryInterface/Info.plist;
				INSTALL_PATH = "$(LOCAL_LIBRARY_DIR)/Frameworks";
				LD_RUNPATH_SEARCH_PATHS = "$(inherited) @executable_path/Frameworks @loader_path/Frameworks";
				PRODUCT_BUNDLE_IDENTIFIER = com.prosumma.CoreDataQueryInterface;
				PRODUCT_NAME = CoreDataQueryInterface;
				SDKROOT = watchos;
				SKIP_INSTALL = YES;
				SWIFT_OPTIMIZATION_LEVEL = "-Onone";
				SWIFT_VERSION = 3.0;
				TARGETED_DEVICE_FAMILY = 4;
				WATCHOS_DEPLOYMENT_TARGET = 2.2;
			};
			name = Debug;
		};
		F3F1BC591CD0020100F9072D /* Release */ = {
			isa = XCBuildConfiguration;
			buildSettings = {
				APPLICATION_EXTENSION_API_ONLY = YES;
				CLANG_ANALYZER_NONNULL = YES;
				CLANG_ENABLE_MODULES = YES;
				"CODE_SIGN_IDENTITY[sdk=watchos*]" = "";
				DEFINES_MODULE = YES;
				DYLIB_COMPATIBILITY_VERSION = 1;
				DYLIB_CURRENT_VERSION = 1;
				DYLIB_INSTALL_NAME_BASE = "@rpath";
				INFOPLIST_FILE = CoreDataQueryInterface/Info.plist;
				INSTALL_PATH = "$(LOCAL_LIBRARY_DIR)/Frameworks";
				LD_RUNPATH_SEARCH_PATHS = "$(inherited) @executable_path/Frameworks @loader_path/Frameworks";
				PRODUCT_BUNDLE_IDENTIFIER = com.prosumma.CoreDataQueryInterface;
				PRODUCT_NAME = CoreDataQueryInterface;
				SDKROOT = watchos;
				SKIP_INSTALL = YES;
				SWIFT_VERSION = 3.0;
				TARGETED_DEVICE_FAMILY = 4;
				WATCHOS_DEPLOYMENT_TARGET = 2.2;
			};
			name = Release;
		};
/* End XCBuildConfiguration section */

/* Begin XCConfigurationList section */
		F30D1CDB1B2A891200AF80A1 /* Build configuration list for PBXNativeTarget "CoreDataQueryInterfaceOSX" */ = {
			isa = XCConfigurationList;
			buildConfigurations = (
				F30D1CDC1B2A891200AF80A1 /* Debug */,
				F30D1CDD1B2A891200AF80A1 /* Release */,
			);
			defaultConfigurationIsVisible = 0;
			defaultConfigurationName = Release;
		};
		F30D1CDE1B2A891200AF80A1 /* Build configuration list for PBXNativeTarget "CoreDataQueryInterfaceOSXTests" */ = {
			isa = XCConfigurationList;
			buildConfigurations = (
				F30D1CDF1B2A891200AF80A1 /* Debug */,
				F30D1CE01B2A891200AF80A1 /* Release */,
			);
			defaultConfigurationIsVisible = 0;
			defaultConfigurationName = Release;
		};
		F356DC401CCFFF4C00BF0907 /* Build configuration list for PBXNativeTarget "CoreDataQueryInterfacetvOS" */ = {
			isa = XCConfigurationList;
			buildConfigurations = (
				F356DC3C1CCFFF4C00BF0907 /* Debug */,
				F356DC3D1CCFFF4C00BF0907 /* Release */,
			);
			defaultConfigurationIsVisible = 0;
			defaultConfigurationName = Release;
		};
		F356DC411CCFFF4C00BF0907 /* Build configuration list for PBXNativeTarget "CoreDataQueryInterfacetvOSTests" */ = {
			isa = XCConfigurationList;
			buildConfigurations = (
				F356DC3E1CCFFF4C00BF0907 /* Debug */,
				F356DC3F1CCFFF4C00BF0907 /* Release */,
			);
			defaultConfigurationIsVisible = 0;
			defaultConfigurationName = Release;
		};
		F37C469C1B2A780200B35B1B /* Build configuration list for PBXProject "CoreDataQueryInterface" */ = {
			isa = XCConfigurationList;
			buildConfigurations = (
				F37C46B41B2A780200B35B1B /* Debug */,
				F37C46B51B2A780200B35B1B /* Release */,
			);
			defaultConfigurationIsVisible = 0;
			defaultConfigurationName = Release;
		};
		F37C46B61B2A780200B35B1B /* Build configuration list for PBXNativeTarget "CoreDataQueryInterfaceiOS" */ = {
			isa = XCConfigurationList;
			buildConfigurations = (
				F37C46B71B2A780200B35B1B /* Debug */,
				F37C46B81B2A780200B35B1B /* Release */,
			);
			defaultConfigurationIsVisible = 0;
			defaultConfigurationName = Release;
		};
		F37C46B91B2A780200B35B1B /* Build configuration list for PBXNativeTarget "CoreDataQueryInterfaceiOSTests" */ = {
			isa = XCConfigurationList;
			buildConfigurations = (
				F37C46BA1B2A780200B35B1B /* Debug */,
				F37C46BB1B2A780200B35B1B /* Release */,
			);
			defaultConfigurationIsVisible = 0;
			defaultConfigurationName = Release;
		};
		F3F1BC5A1CD0020100F9072D /* Build configuration list for PBXNativeTarget "CoreDataQueryInterfacewatchOS" */ = {
			isa = XCConfigurationList;
			buildConfigurations = (
				F3F1BC581CD0020100F9072D /* Debug */,
				F3F1BC591CD0020100F9072D /* Release */,
			);
			defaultConfigurationIsVisible = 0;
			defaultConfigurationName = Release;
		};
/* End XCConfigurationList section */

/* Begin XCVersionGroup section */
		F3251A0A1B2BDA2D0031B817 /* Company.xcdatamodeld */ = {
			isa = XCVersionGroup;
			children = (
				F3251A0B1B2BDA2D0031B817 /* Company.xcdatamodel */,
			);
			currentVersion = F3251A0B1B2BDA2D0031B817 /* Company.xcdatamodel */;
			path = Company.xcdatamodeld;
			sourceTree = "<group>";
			versionGroupType = wrapper.xcdatamodel;
		};
/* End XCVersionGroup section */
	};
	rootObject = F37C46991B2A780200B35B1B /* Project object */;
}
