// !$*UTF8*$!
{
	archiveVersion = 1;
	classes = {
	};
	objectVersion = 46;
	objects = {

/* Begin PBXBuildFile section */
		F30C0B7C1B37A20A00D8D762 /* Util.swift in Sources */ = {isa = PBXBuildFile; fileRef = F30C0B7B1B37A20A00D8D762 /* Util.swift */; };
		F30C0B7D1B37A20A00D8D762 /* Util.swift in Sources */ = {isa = PBXBuildFile; fileRef = F30C0B7B1B37A20A00D8D762 /* Util.swift */; };
		F30D1CD41B2A891200AF80A1 /* CoreDataQueryInterface.framework in Frameworks */ = {isa = PBXBuildFile; fileRef = F30D1CCA1B2A891100AF80A1 /* CoreDataQueryInterface.framework */; };
		F3158D1C1B2A91040041B125 /* EntityType.swift in Sources */ = {isa = PBXBuildFile; fileRef = F3158D1B1B2A91040041B125 /* EntityType.swift */; };
		F3158D1D1B2A91040041B125 /* EntityType.swift in Sources */ = {isa = PBXBuildFile; fileRef = F3158D1B1B2A91040041B125 /* EntityType.swift */; };
		F31C64291B696CD900235764 /* NSManagedObjectContextExtensions.swift in Sources */ = {isa = PBXBuildFile; fileRef = F31C64281B696CD900235764 /* NSManagedObjectContextExtensions.swift */; };
		F31C642A1B696CD900235764 /* NSManagedObjectContextExtensions.swift in Sources */ = {isa = PBXBuildFile; fileRef = F31C64281B696CD900235764 /* NSManagedObjectContextExtensions.swift */; };
		F3251A051B2BDA190031B817 /* BaseTestCase.swift in Sources */ = {isa = PBXBuildFile; fileRef = F3251A041B2BDA190031B817 /* BaseTestCase.swift */; };
		F3251A061B2BDA190031B817 /* BaseTestCase.swift in Sources */ = {isa = PBXBuildFile; fileRef = F3251A041B2BDA190031B817 /* BaseTestCase.swift */; };
		F3251A081B2BDA260031B817 /* Employees.txt in Resources */ = {isa = PBXBuildFile; fileRef = F3251A071B2BDA260031B817 /* Employees.txt */; };
		F3251A091B2BDA260031B817 /* Employees.txt in Resources */ = {isa = PBXBuildFile; fileRef = F3251A071B2BDA260031B817 /* Employees.txt */; };
		F3251A0C1B2BDA2D0031B817 /* Company.xcdatamodeld in Sources */ = {isa = PBXBuildFile; fileRef = F3251A0A1B2BDA2D0031B817 /* Company.xcdatamodeld */; };
		F3251A0D1B2BDA2D0031B817 /* Company.xcdatamodeld in Sources */ = {isa = PBXBuildFile; fileRef = F3251A0A1B2BDA2D0031B817 /* Company.xcdatamodeld */; };
		F3251A101B2BDE6E0031B817 /* Department.swift in Sources */ = {isa = PBXBuildFile; fileRef = F3251A0E1B2BDE6E0031B817 /* Department.swift */; };
		F3251A111B2BDE6E0031B817 /* Department.swift in Sources */ = {isa = PBXBuildFile; fileRef = F3251A0E1B2BDE6E0031B817 /* Department.swift */; };
		F3251A121B2BDE6E0031B817 /* Employee.swift in Sources */ = {isa = PBXBuildFile; fileRef = F3251A0F1B2BDE6E0031B817 /* Employee.swift */; };
		F3251A131B2BDE6E0031B817 /* Employee.swift in Sources */ = {isa = PBXBuildFile; fileRef = F3251A0F1B2BDE6E0031B817 /* Employee.swift */; };
		F335675E1B2D18A0007853DB /* Iterating.swift in Sources */ = {isa = PBXBuildFile; fileRef = F335675D1B2D18A0007853DB /* Iterating.swift */; };
		F335675F1B2D18A0007853DB /* Iterating.swift in Sources */ = {isa = PBXBuildFile; fileRef = F335675D1B2D18A0007853DB /* Iterating.swift */; };
		F33567601B2D18A0007853DB /* Iterating.swift in Sources */ = {isa = PBXBuildFile; fileRef = F335675D1B2D18A0007853DB /* Iterating.swift */; };
		F33567611B2D18A0007853DB /* Iterating.swift in Sources */ = {isa = PBXBuildFile; fileRef = F335675D1B2D18A0007853DB /* Iterating.swift */; };
		F33567661B2D2EF7007853DB /* SelectionAndGroupingTests.swift in Sources */ = {isa = PBXBuildFile; fileRef = F33567641B2D2EF7007853DB /* SelectionAndGroupingTests.swift */; };
		F33567681B2D2EF7007853DB /* SelectionAndGroupingTests.swift in Sources */ = {isa = PBXBuildFile; fileRef = F33567641B2D2EF7007853DB /* SelectionAndGroupingTests.swift */; };
		F34E74941B2E38C900FAA04A /* Expression.swift in Sources */ = {isa = PBXBuildFile; fileRef = F34E74931B2E38C900FAA04A /* Expression.swift */; };
		F34E74951B2E38C900FAA04A /* Expression.swift in Sources */ = {isa = PBXBuildFile; fileRef = F34E74931B2E38C900FAA04A /* Expression.swift */; };
		F34E74961B2E38C900FAA04A /* Expression.swift in Sources */ = {isa = PBXBuildFile; fileRef = F34E74931B2E38C900FAA04A /* Expression.swift */; };
		F34E74971B2E38C900FAA04A /* Expression.swift in Sources */ = {isa = PBXBuildFile; fileRef = F34E74931B2E38C900FAA04A /* Expression.swift */; };
		F34E74991B2E3A9900FAA04A /* Alias.swift in Sources */ = {isa = PBXBuildFile; fileRef = F34E74981B2E3A9900FAA04A /* Alias.swift */; };
		F34E749A1B2E3A9900FAA04A /* Alias.swift in Sources */ = {isa = PBXBuildFile; fileRef = F34E74981B2E3A9900FAA04A /* Alias.swift */; };
		F34E749B1B2E3A9900FAA04A /* Alias.swift in Sources */ = {isa = PBXBuildFile; fileRef = F34E74981B2E3A9900FAA04A /* Alias.swift */; };
		F34E749C1B2E3A9900FAA04A /* Alias.swift in Sources */ = {isa = PBXBuildFile; fileRef = F34E74981B2E3A9900FAA04A /* Alias.swift */; };
		F34E749E1B2E576000FAA04A /* Grouping.swift in Sources */ = {isa = PBXBuildFile; fileRef = F34E749D1B2E576000FAA04A /* Grouping.swift */; };
		F34E749F1B2E576000FAA04A /* Grouping.swift in Sources */ = {isa = PBXBuildFile; fileRef = F34E749D1B2E576000FAA04A /* Grouping.swift */; };
		F34E74A01B2E576000FAA04A /* Grouping.swift in Sources */ = {isa = PBXBuildFile; fileRef = F34E749D1B2E576000FAA04A /* Grouping.swift */; };
		F34E74A11B2E576000FAA04A /* Grouping.swift in Sources */ = {isa = PBXBuildFile; fileRef = F34E749D1B2E576000FAA04A /* Grouping.swift */; };
		F367DE301B2D6149009C1020 /* OrderType.swift in Sources */ = {isa = PBXBuildFile; fileRef = F367DE2F1B2D6149009C1020 /* OrderType.swift */; };
		F367DE311B2D6149009C1020 /* OrderType.swift in Sources */ = {isa = PBXBuildFile; fileRef = F367DE2F1B2D6149009C1020 /* OrderType.swift */; };
		F367DE321B2D6149009C1020 /* OrderType.swift in Sources */ = {isa = PBXBuildFile; fileRef = F367DE2F1B2D6149009C1020 /* OrderType.swift */; };
		F367DE331B2D6149009C1020 /* OrderType.swift in Sources */ = {isa = PBXBuildFile; fileRef = F367DE2F1B2D6149009C1020 /* OrderType.swift */; };
		F36D9D2B1B40FE5E00A3D4EC /* DepartmentAttribute.swift in Sources */ = {isa = PBXBuildFile; fileRef = F36D9D291B40FE5E00A3D4EC /* DepartmentAttribute.swift */; };
		F36D9D2C1B40FE5E00A3D4EC /* DepartmentAttribute.swift in Sources */ = {isa = PBXBuildFile; fileRef = F36D9D291B40FE5E00A3D4EC /* DepartmentAttribute.swift */; };
		F36D9D2D1B40FE5E00A3D4EC /* EmployeeAttribute.swift in Sources */ = {isa = PBXBuildFile; fileRef = F36D9D2A1B40FE5E00A3D4EC /* EmployeeAttribute.swift */; };
		F36D9D2E1B40FE5E00A3D4EC /* EmployeeAttribute.swift in Sources */ = {isa = PBXBuildFile; fileRef = F36D9D2A1B40FE5E00A3D4EC /* EmployeeAttribute.swift */; };
		F371ABA61B2B8EE2002A8A85 /* AttributeType.swift in Sources */ = {isa = PBXBuildFile; fileRef = F371ABA51B2B8EE2002A8A85 /* AttributeType.swift */; };
		F371ABA71B2B8EE2002A8A85 /* AttributeType.swift in Sources */ = {isa = PBXBuildFile; fileRef = F371ABA51B2B8EE2002A8A85 /* AttributeType.swift */; };
		F371ABB31B2BA5FA002A8A85 /* AttributeType.swift in Sources */ = {isa = PBXBuildFile; fileRef = F371ABA51B2B8EE2002A8A85 /* AttributeType.swift */; };
		F371ABB41B2BA5FA002A8A85 /* EntityType.swift in Sources */ = {isa = PBXBuildFile; fileRef = F3158D1B1B2A91040041B125 /* EntityType.swift */; };
		F371ABB51B2BA5FA002A8A85 /* AttributeType.swift in Sources */ = {isa = PBXBuildFile; fileRef = F371ABA51B2B8EE2002A8A85 /* AttributeType.swift */; };
		F371ABB61B2BA5FA002A8A85 /* EntityType.swift in Sources */ = {isa = PBXBuildFile; fileRef = F3158D1B1B2A91040041B125 /* EntityType.swift */; };
		F371ABB81B2BA8BA002A8A85 /* QueryBuilder.swift in Sources */ = {isa = PBXBuildFile; fileRef = F371ABB71B2BA8BA002A8A85 /* QueryBuilder.swift */; };
		F371ABB91B2BA8BA002A8A85 /* QueryBuilder.swift in Sources */ = {isa = PBXBuildFile; fileRef = F371ABB71B2BA8BA002A8A85 /* QueryBuilder.swift */; };
		F371ABBA1B2BA8BA002A8A85 /* QueryBuilder.swift in Sources */ = {isa = PBXBuildFile; fileRef = F371ABB71B2BA8BA002A8A85 /* QueryBuilder.swift */; };
		F371ABBB1B2BA8BA002A8A85 /* QueryBuilder.swift in Sources */ = {isa = PBXBuildFile; fileRef = F371ABB71B2BA8BA002A8A85 /* QueryBuilder.swift */; };
		F371ABBD1B2BA9DA002A8A85 /* EntityQuery.swift in Sources */ = {isa = PBXBuildFile; fileRef = F371ABBC1B2BA9DA002A8A85 /* EntityQuery.swift */; };
		F371ABBE1B2BA9DA002A8A85 /* EntityQuery.swift in Sources */ = {isa = PBXBuildFile; fileRef = F371ABBC1B2BA9DA002A8A85 /* EntityQuery.swift */; };
		F371ABBF1B2BA9DA002A8A85 /* EntityQuery.swift in Sources */ = {isa = PBXBuildFile; fileRef = F371ABBC1B2BA9DA002A8A85 /* EntityQuery.swift */; };
		F371ABC01B2BA9DA002A8A85 /* EntityQuery.swift in Sources */ = {isa = PBXBuildFile; fileRef = F371ABBC1B2BA9DA002A8A85 /* EntityQuery.swift */; };
		F371ABC21B2BAC28002A8A85 /* ExpressionQuery.swift in Sources */ = {isa = PBXBuildFile; fileRef = F371ABC11B2BAC28002A8A85 /* ExpressionQuery.swift */; };
		F371ABC31B2BAC28002A8A85 /* ExpressionQuery.swift in Sources */ = {isa = PBXBuildFile; fileRef = F371ABC11B2BAC28002A8A85 /* ExpressionQuery.swift */; };
		F371ABC41B2BAC28002A8A85 /* ExpressionQuery.swift in Sources */ = {isa = PBXBuildFile; fileRef = F371ABC11B2BAC28002A8A85 /* ExpressionQuery.swift */; };
		F371ABC51B2BAC28002A8A85 /* ExpressionQuery.swift in Sources */ = {isa = PBXBuildFile; fileRef = F371ABC11B2BAC28002A8A85 /* ExpressionQuery.swift */; };
		F371ABC71B2BB80E002A8A85 /* QueryType.swift in Sources */ = {isa = PBXBuildFile; fileRef = F371ABC61B2BB80E002A8A85 /* QueryType.swift */; };
		F371ABC81B2BB80E002A8A85 /* QueryType.swift in Sources */ = {isa = PBXBuildFile; fileRef = F371ABC61B2BB80E002A8A85 /* QueryType.swift */; };
		F371ABC91B2BB80E002A8A85 /* QueryType.swift in Sources */ = {isa = PBXBuildFile; fileRef = F371ABC61B2BB80E002A8A85 /* QueryType.swift */; };
		F371ABCA1B2BB80E002A8A85 /* QueryType.swift in Sources */ = {isa = PBXBuildFile; fileRef = F371ABC61B2BB80E002A8A85 /* QueryType.swift */; };
		F371ABCC1B2BBB15002A8A85 /* ExpressionQueryType.swift in Sources */ = {isa = PBXBuildFile; fileRef = F371ABCB1B2BBB15002A8A85 /* ExpressionQueryType.swift */; };
		F371ABCD1B2BBB15002A8A85 /* ExpressionQueryType.swift in Sources */ = {isa = PBXBuildFile; fileRef = F371ABCB1B2BBB15002A8A85 /* ExpressionQueryType.swift */; };
		F371ABCE1B2BBB15002A8A85 /* ExpressionQueryType.swift in Sources */ = {isa = PBXBuildFile; fileRef = F371ABCB1B2BBB15002A8A85 /* ExpressionQueryType.swift */; };
		F371ABCF1B2BBB15002A8A85 /* ExpressionQueryType.swift in Sources */ = {isa = PBXBuildFile; fileRef = F371ABCB1B2BBB15002A8A85 /* ExpressionQueryType.swift */; };
		F371ABD11B2BC122002A8A85 /* Filtering.swift in Sources */ = {isa = PBXBuildFile; fileRef = F371ABD01B2BC122002A8A85 /* Filtering.swift */; };
		F371ABD21B2BC122002A8A85 /* Filtering.swift in Sources */ = {isa = PBXBuildFile; fileRef = F371ABD01B2BC122002A8A85 /* Filtering.swift */; };
		F371ABD31B2BC122002A8A85 /* Filtering.swift in Sources */ = {isa = PBXBuildFile; fileRef = F371ABD01B2BC122002A8A85 /* Filtering.swift */; };
		F371ABD41B2BC122002A8A85 /* Filtering.swift in Sources */ = {isa = PBXBuildFile; fileRef = F371ABD01B2BC122002A8A85 /* Filtering.swift */; };
		F371ABD61B2BC14A002A8A85 /* Ordering.swift in Sources */ = {isa = PBXBuildFile; fileRef = F371ABD51B2BC14A002A8A85 /* Ordering.swift */; };
		F371ABD71B2BC14A002A8A85 /* Ordering.swift in Sources */ = {isa = PBXBuildFile; fileRef = F371ABD51B2BC14A002A8A85 /* Ordering.swift */; };
		F371ABD81B2BC14A002A8A85 /* Ordering.swift in Sources */ = {isa = PBXBuildFile; fileRef = F371ABD51B2BC14A002A8A85 /* Ordering.swift */; };
		F371ABD91B2BC14A002A8A85 /* Ordering.swift in Sources */ = {isa = PBXBuildFile; fileRef = F371ABD51B2BC14A002A8A85 /* Ordering.swift */; };
		F371ABDB1B2BC15C002A8A85 /* Executing.swift in Sources */ = {isa = PBXBuildFile; fileRef = F371ABDA1B2BC15C002A8A85 /* Executing.swift */; };
		F371ABDC1B2BC15C002A8A85 /* Executing.swift in Sources */ = {isa = PBXBuildFile; fileRef = F371ABDA1B2BC15C002A8A85 /* Executing.swift */; };
		F371ABDD1B2BC15C002A8A85 /* Executing.swift in Sources */ = {isa = PBXBuildFile; fileRef = F371ABDA1B2BC15C002A8A85 /* Executing.swift */; };
		F371ABDE1B2BC15C002A8A85 /* Executing.swift in Sources */ = {isa = PBXBuildFile; fileRef = F371ABDA1B2BC15C002A8A85 /* Executing.swift */; };
		F371ABE01B2BC1F7002A8A85 /* Selecting.swift in Sources */ = {isa = PBXBuildFile; fileRef = F371ABDF1B2BC1F7002A8A85 /* Selecting.swift */; };
		F371ABE11B2BC1F7002A8A85 /* Selecting.swift in Sources */ = {isa = PBXBuildFile; fileRef = F371ABDF1B2BC1F7002A8A85 /* Selecting.swift */; };
		F371ABE21B2BC1F7002A8A85 /* Selecting.swift in Sources */ = {isa = PBXBuildFile; fileRef = F371ABDF1B2BC1F7002A8A85 /* Selecting.swift */; };
		F371ABE31B2BC1F7002A8A85 /* Selecting.swift in Sources */ = {isa = PBXBuildFile; fileRef = F371ABDF1B2BC1F7002A8A85 /* Selecting.swift */; };
		F371ABE51B2BC2E7002A8A85 /* ManagedObjectIDQuery.swift in Sources */ = {isa = PBXBuildFile; fileRef = F371ABE41B2BC2E7002A8A85 /* ManagedObjectIDQuery.swift */; };
		F371ABE61B2BC2E7002A8A85 /* ManagedObjectIDQuery.swift in Sources */ = {isa = PBXBuildFile; fileRef = F371ABE41B2BC2E7002A8A85 /* ManagedObjectIDQuery.swift */; };
		F371ABE71B2BC2E7002A8A85 /* ManagedObjectIDQuery.swift in Sources */ = {isa = PBXBuildFile; fileRef = F371ABE41B2BC2E7002A8A85 /* ManagedObjectIDQuery.swift */; };
		F371ABE81B2BC2E7002A8A85 /* ManagedObjectIDQuery.swift in Sources */ = {isa = PBXBuildFile; fileRef = F371ABE41B2BC2E7002A8A85 /* ManagedObjectIDQuery.swift */; };
		F371ABEB1B2BC4CB002A8A85 /* ManagedObjectContextType.swift in Sources */ = {isa = PBXBuildFile; fileRef = F371ABEA1B2BC4CB002A8A85 /* ManagedObjectContextType.swift */; };
		F371ABEC1B2BC4CB002A8A85 /* ManagedObjectContextType.swift in Sources */ = {isa = PBXBuildFile; fileRef = F371ABEA1B2BC4CB002A8A85 /* ManagedObjectContextType.swift */; };
		F371ABED1B2BC4CB002A8A85 /* ManagedObjectContextType.swift in Sources */ = {isa = PBXBuildFile; fileRef = F371ABEA1B2BC4CB002A8A85 /* ManagedObjectContextType.swift */; };
		F371ABEE1B2BC4CB002A8A85 /* ManagedObjectContextType.swift in Sources */ = {isa = PBXBuildFile; fileRef = F371ABEA1B2BC4CB002A8A85 /* ManagedObjectContextType.swift */; };
		F3754CCB1B35FBE5004B46B3 /* Operators.swift in Sources */ = {isa = PBXBuildFile; fileRef = F3754CCA1B35FBE5004B46B3 /* Operators.swift */; };
		F3754CCC1B35FBE5004B46B3 /* Operators.swift in Sources */ = {isa = PBXBuildFile; fileRef = F3754CCA1B35FBE5004B46B3 /* Operators.swift */; };
		F3754CCD1B35FBE5004B46B3 /* Operators.swift in Sources */ = {isa = PBXBuildFile; fileRef = F3754CCA1B35FBE5004B46B3 /* Operators.swift */; };
		F3754CCE1B35FBE5004B46B3 /* Operators.swift in Sources */ = {isa = PBXBuildFile; fileRef = F3754CCA1B35FBE5004B46B3 /* Operators.swift */; };
		F37A46F01B2BD61700D4EE61 /* Attribute.swift in Sources */ = {isa = PBXBuildFile; fileRef = F37A46EF1B2BD61700D4EE61 /* Attribute.swift */; };
		F37A46F11B2BD61700D4EE61 /* Attribute.swift in Sources */ = {isa = PBXBuildFile; fileRef = F37A46EF1B2BD61700D4EE61 /* Attribute.swift */; };
		F37A46F21B2BD61700D4EE61 /* Attribute.swift in Sources */ = {isa = PBXBuildFile; fileRef = F37A46EF1B2BD61700D4EE61 /* Attribute.swift */; };
		F37A46F31B2BD61700D4EE61 /* Attribute.swift in Sources */ = {isa = PBXBuildFile; fileRef = F37A46EF1B2BD61700D4EE61 /* Attribute.swift */; };
		F37A46F51B2BD77900D4EE61 /* Predicate.swift in Sources */ = {isa = PBXBuildFile; fileRef = F37A46F41B2BD77900D4EE61 /* Predicate.swift */; };
		F37A46F61B2BD77900D4EE61 /* Predicate.swift in Sources */ = {isa = PBXBuildFile; fileRef = F37A46F41B2BD77900D4EE61 /* Predicate.swift */; };
		F37A46F71B2BD77900D4EE61 /* Predicate.swift in Sources */ = {isa = PBXBuildFile; fileRef = F37A46F41B2BD77900D4EE61 /* Predicate.swift */; };
		F37A46F81B2BD77900D4EE61 /* Predicate.swift in Sources */ = {isa = PBXBuildFile; fileRef = F37A46F41B2BD77900D4EE61 /* Predicate.swift */; };
		F37C46A61B2A780200B35B1B /* CoreDataQueryInterface.h in Headers */ = {isa = PBXBuildFile; fileRef = F37C46A51B2A780200B35B1B /* CoreDataQueryInterface.h */; settings = {ATTRIBUTES = (Public, ); }; };
		F37C46AD1B2A780200B35B1B /* CoreDataQueryInterface.framework in Frameworks */ = {isa = PBXBuildFile; fileRef = F37C46A21B2A780200B35B1B /* CoreDataQueryInterface.framework */; };
		F37C46B21B2A780200B35B1B /* SanityTests.swift in Sources */ = {isa = PBXBuildFile; fileRef = F37C46B11B2A780200B35B1B /* SanityTests.swift */; };
		F3B0E32D1B2DEEB5008D7EEF /* ExpressionHelper.swift in Sources */ = {isa = PBXBuildFile; fileRef = F3B0E32C1B2DEEB5008D7EEF /* ExpressionHelper.swift */; };
		F3B0E32E1B2DEEB5008D7EEF /* ExpressionHelper.swift in Sources */ = {isa = PBXBuildFile; fileRef = F3B0E32C1B2DEEB5008D7EEF /* ExpressionHelper.swift */; };
		F3B0E32F1B2DEEB5008D7EEF /* ExpressionHelper.swift in Sources */ = {isa = PBXBuildFile; fileRef = F3B0E32C1B2DEEB5008D7EEF /* ExpressionHelper.swift */; };
		F3B0E3301B2DEEB5008D7EEF /* ExpressionHelper.swift in Sources */ = {isa = PBXBuildFile; fileRef = F3B0E32C1B2DEEB5008D7EEF /* ExpressionHelper.swift */; };
		F3B0E33A1B2DFD70008D7EEF /* Function.swift in Sources */ = {isa = PBXBuildFile; fileRef = F3B0E3391B2DFD70008D7EEF /* Function.swift */; };
		F3B0E33B1B2DFD70008D7EEF /* Function.swift in Sources */ = {isa = PBXBuildFile; fileRef = F3B0E3391B2DFD70008D7EEF /* Function.swift */; };
		F3B0E33C1B2DFD70008D7EEF /* Function.swift in Sources */ = {isa = PBXBuildFile; fileRef = F3B0E3391B2DFD70008D7EEF /* Function.swift */; };
		F3B0E33D1B2DFD70008D7EEF /* Function.swift in Sources */ = {isa = PBXBuildFile; fileRef = F3B0E3391B2DFD70008D7EEF /* Function.swift */; };
		F3B0E33F1B2E0351008D7EEF /* ExpressionType.swift in Sources */ = {isa = PBXBuildFile; fileRef = F3B0E33E1B2E0351008D7EEF /* ExpressionType.swift */; };
		F3B0E3401B2E0351008D7EEF /* ExpressionType.swift in Sources */ = {isa = PBXBuildFile; fileRef = F3B0E33E1B2E0351008D7EEF /* ExpressionType.swift */; };
		F3B0E3411B2E0351008D7EEF /* ExpressionType.swift in Sources */ = {isa = PBXBuildFile; fileRef = F3B0E33E1B2E0351008D7EEF /* ExpressionType.swift */; };
		F3B0E3421B2E0351008D7EEF /* ExpressionType.swift in Sources */ = {isa = PBXBuildFile; fileRef = F3B0E33E1B2E0351008D7EEF /* ExpressionType.swift */; };
		F3E6B5501B2BFCA500F735EE /* FilterTests.swift in Sources */ = {isa = PBXBuildFile; fileRef = F3E6B54F1B2BFCA500F735EE /* FilterTests.swift */; };
		F3E6B5511B2BFCA500F735EE /* FilterTests.swift in Sources */ = {isa = PBXBuildFile; fileRef = F3E6B54F1B2BFCA500F735EE /* FilterTests.swift */; };
		F3E6B5531B2C01CC00F735EE /* OrderTests.swift in Sources */ = {isa = PBXBuildFile; fileRef = F3E6B5521B2C01CC00F735EE /* OrderTests.swift */; };
		F3E6B5541B2C01CC00F735EE /* OrderTests.swift in Sources */ = {isa = PBXBuildFile; fileRef = F3E6B5521B2C01CC00F735EE /* OrderTests.swift */; };
		F3FE7AD11B2B87CF00AA5845 /* SanityTests.swift in Sources */ = {isa = PBXBuildFile; fileRef = F37C46B11B2A780200B35B1B /* SanityTests.swift */; };
/* End PBXBuildFile section */

/* Begin PBXContainerItemProxy section */
		F30D1CD51B2A891200AF80A1 /* PBXContainerItemProxy */ = {
			isa = PBXContainerItemProxy;
			containerPortal = F37C46991B2A780200B35B1B /* Project object */;
			proxyType = 1;
			remoteGlobalIDString = F30D1CC91B2A891100AF80A1;
			remoteInfo = CoreDataQueryInterface;
		};
		F37C46AE1B2A780200B35B1B /* PBXContainerItemProxy */ = {
			isa = PBXContainerItemProxy;
			containerPortal = F37C46991B2A780200B35B1B /* Project object */;
			proxyType = 1;
			remoteGlobalIDString = F37C46A11B2A780200B35B1B;
			remoteInfo = CoreDataQueryInterface;
		};
/* End PBXContainerItemProxy section */

/* Begin PBXFileReference section */
		F30C0B7B1B37A20A00D8D762 /* Util.swift */ = {isa = PBXFileReference; fileEncoding = 4; lastKnownFileType = sourcecode.swift; path = Util.swift; sourceTree = "<group>"; };
		F30D1CCA1B2A891100AF80A1 /* CoreDataQueryInterface.framework */ = {isa = PBXFileReference; explicitFileType = wrapper.framework; includeInIndex = 0; path = CoreDataQueryInterface.framework; sourceTree = BUILT_PRODUCTS_DIR; };
		F30D1CD31B2A891100AF80A1 /* CoreDataQueryInterfaceOSXTests.xctest */ = {isa = PBXFileReference; explicitFileType = wrapper.cfbundle; includeInIndex = 0; path = CoreDataQueryInterfaceOSXTests.xctest; sourceTree = BUILT_PRODUCTS_DIR; };
		F3158D1B1B2A91040041B125 /* EntityType.swift */ = {isa = PBXFileReference; fileEncoding = 4; lastKnownFileType = sourcecode.swift; path = EntityType.swift; sourceTree = "<group>"; };
		F31C64281B696CD900235764 /* NSManagedObjectContextExtensions.swift */ = {isa = PBXFileReference; fileEncoding = 4; lastKnownFileType = sourcecode.swift; path = NSManagedObjectContextExtensions.swift; sourceTree = "<group>"; };
		F3251A041B2BDA190031B817 /* BaseTestCase.swift */ = {isa = PBXFileReference; fileEncoding = 4; lastKnownFileType = sourcecode.swift; path = BaseTestCase.swift; sourceTree = "<group>"; };
		F3251A071B2BDA260031B817 /* Employees.txt */ = {isa = PBXFileReference; fileEncoding = 4; lastKnownFileType = text; path = Employees.txt; sourceTree = "<group>"; };
		F3251A0B1B2BDA2D0031B817 /* Company.xcdatamodel */ = {isa = PBXFileReference; lastKnownFileType = wrapper.xcdatamodel; path = Company.xcdatamodel; sourceTree = "<group>"; };
		F3251A0E1B2BDE6E0031B817 /* Department.swift */ = {isa = PBXFileReference; fileEncoding = 4; lastKnownFileType = sourcecode.swift; path = Department.swift; sourceTree = "<group>"; };
		F3251A0F1B2BDE6E0031B817 /* Employee.swift */ = {isa = PBXFileReference; fileEncoding = 4; lastKnownFileType = sourcecode.swift; path = Employee.swift; sourceTree = "<group>"; };
		F335675D1B2D18A0007853DB /* Iterating.swift */ = {isa = PBXFileReference; fileEncoding = 4; lastKnownFileType = sourcecode.swift; path = Iterating.swift; sourceTree = "<group>"; };
		F33567641B2D2EF7007853DB /* SelectionAndGroupingTests.swift */ = {isa = PBXFileReference; fileEncoding = 4; lastKnownFileType = sourcecode.swift; path = SelectionAndGroupingTests.swift; sourceTree = "<group>"; };
		F34E74931B2E38C900FAA04A /* Expression.swift */ = {isa = PBXFileReference; fileEncoding = 4; lastKnownFileType = sourcecode.swift; path = Expression.swift; sourceTree = "<group>"; };
		F34E74981B2E3A9900FAA04A /* Alias.swift */ = {isa = PBXFileReference; fileEncoding = 4; lastKnownFileType = sourcecode.swift; path = Alias.swift; sourceTree = "<group>"; };
		F34E749D1B2E576000FAA04A /* Grouping.swift */ = {isa = PBXFileReference; fileEncoding = 4; lastKnownFileType = sourcecode.swift; path = Grouping.swift; sourceTree = "<group>"; };
		F356831B1B43AC040089F0A0 /* README.md */ = {isa = PBXFileReference; lastKnownFileType = net.daringfireball.markdown; path = README.md; sourceTree = "<group>"; };
		F367DE2F1B2D6149009C1020 /* OrderType.swift */ = {isa = PBXFileReference; fileEncoding = 4; lastKnownFileType = sourcecode.swift; path = OrderType.swift; sourceTree = "<group>"; };
		F36D9D291B40FE5E00A3D4EC /* DepartmentAttribute.swift */ = {isa = PBXFileReference; fileEncoding = 4; lastKnownFileType = sourcecode.swift; path = DepartmentAttribute.swift; sourceTree = "<group>"; };
		F36D9D2A1B40FE5E00A3D4EC /* EmployeeAttribute.swift */ = {isa = PBXFileReference; fileEncoding = 4; lastKnownFileType = sourcecode.swift; path = EmployeeAttribute.swift; sourceTree = "<group>"; };
		F371ABA51B2B8EE2002A8A85 /* AttributeType.swift */ = {isa = PBXFileReference; fileEncoding = 4; lastKnownFileType = sourcecode.swift; path = AttributeType.swift; sourceTree = "<group>"; };
		F371ABB71B2BA8BA002A8A85 /* QueryBuilder.swift */ = {isa = PBXFileReference; fileEncoding = 4; lastKnownFileType = sourcecode.swift; path = QueryBuilder.swift; sourceTree = "<group>"; };
		F371ABBC1B2BA9DA002A8A85 /* EntityQuery.swift */ = {isa = PBXFileReference; fileEncoding = 4; lastKnownFileType = sourcecode.swift; path = EntityQuery.swift; sourceTree = "<group>"; };
		F371ABC11B2BAC28002A8A85 /* ExpressionQuery.swift */ = {isa = PBXFileReference; fileEncoding = 4; lastKnownFileType = sourcecode.swift; path = ExpressionQuery.swift; sourceTree = "<group>"; };
		F371ABC61B2BB80E002A8A85 /* QueryType.swift */ = {isa = PBXFileReference; fileEncoding = 4; lastKnownFileType = sourcecode.swift; path = QueryType.swift; sourceTree = "<group>"; };
		F371ABCB1B2BBB15002A8A85 /* ExpressionQueryType.swift */ = {isa = PBXFileReference; fileEncoding = 4; lastKnownFileType = sourcecode.swift; path = ExpressionQueryType.swift; sourceTree = "<group>"; };
		F371ABD01B2BC122002A8A85 /* Filtering.swift */ = {isa = PBXFileReference; fileEncoding = 4; lastKnownFileType = sourcecode.swift; path = Filtering.swift; sourceTree = "<group>"; };
		F371ABD51B2BC14A002A8A85 /* Ordering.swift */ = {isa = PBXFileReference; fileEncoding = 4; lastKnownFileType = sourcecode.swift; path = Ordering.swift; sourceTree = "<group>"; };
		F371ABDA1B2BC15C002A8A85 /* Executing.swift */ = {isa = PBXFileReference; fileEncoding = 4; lastKnownFileType = sourcecode.swift; path = Executing.swift; sourceTree = "<group>"; };
		F371ABDF1B2BC1F7002A8A85 /* Selecting.swift */ = {isa = PBXFileReference; fileEncoding = 4; lastKnownFileType = sourcecode.swift; path = Selecting.swift; sourceTree = "<group>"; };
		F371ABE41B2BC2E7002A8A85 /* ManagedObjectIDQuery.swift */ = {isa = PBXFileReference; fileEncoding = 4; lastKnownFileType = sourcecode.swift; path = ManagedObjectIDQuery.swift; sourceTree = "<group>"; };
		F371ABEA1B2BC4CB002A8A85 /* ManagedObjectContextType.swift */ = {isa = PBXFileReference; fileEncoding = 4; lastKnownFileType = sourcecode.swift; path = ManagedObjectContextType.swift; sourceTree = "<group>"; };
		F3754CCA1B35FBE5004B46B3 /* Operators.swift */ = {isa = PBXFileReference; fileEncoding = 4; lastKnownFileType = sourcecode.swift; path = Operators.swift; sourceTree = "<group>"; };
		F37A46EF1B2BD61700D4EE61 /* Attribute.swift */ = {isa = PBXFileReference; fileEncoding = 4; lastKnownFileType = sourcecode.swift; path = Attribute.swift; sourceTree = "<group>"; };
		F37A46F41B2BD77900D4EE61 /* Predicate.swift */ = {isa = PBXFileReference; fileEncoding = 4; lastKnownFileType = sourcecode.swift; path = Predicate.swift; sourceTree = "<group>"; };
		F37C46A21B2A780200B35B1B /* CoreDataQueryInterface.framework */ = {isa = PBXFileReference; explicitFileType = wrapper.framework; includeInIndex = 0; path = CoreDataQueryInterface.framework; sourceTree = BUILT_PRODUCTS_DIR; };
		F37C46A51B2A780200B35B1B /* CoreDataQueryInterface.h */ = {isa = PBXFileReference; lastKnownFileType = sourcecode.c.h; path = CoreDataQueryInterface.h; sourceTree = "<group>"; };
		F37C46A71B2A780200B35B1B /* Info.plist */ = {isa = PBXFileReference; lastKnownFileType = text.plist.xml; path = Info.plist; sourceTree = "<group>"; };
		F37C46AC1B2A780200B35B1B /* CoreDataQueryInterfaceiOSTests.xctest */ = {isa = PBXFileReference; explicitFileType = wrapper.cfbundle; includeInIndex = 0; path = CoreDataQueryInterfaceiOSTests.xctest; sourceTree = BUILT_PRODUCTS_DIR; };
		F37C46B11B2A780200B35B1B /* SanityTests.swift */ = {isa = PBXFileReference; lastKnownFileType = sourcecode.swift; path = SanityTests.swift; sourceTree = "<group>"; };
		F37C46B31B2A780200B35B1B /* Info.plist */ = {isa = PBXFileReference; lastKnownFileType = text.plist.xml; path = Info.plist; sourceTree = "<group>"; };
		F3B0E32C1B2DEEB5008D7EEF /* ExpressionHelper.swift */ = {isa = PBXFileReference; fileEncoding = 4; lastKnownFileType = sourcecode.swift; path = ExpressionHelper.swift; sourceTree = "<group>"; };
		F3B0E3391B2DFD70008D7EEF /* Function.swift */ = {isa = PBXFileReference; fileEncoding = 4; lastKnownFileType = sourcecode.swift; path = Function.swift; sourceTree = "<group>"; };
		F3B0E33E1B2E0351008D7EEF /* ExpressionType.swift */ = {isa = PBXFileReference; fileEncoding = 4; lastKnownFileType = sourcecode.swift; path = ExpressionType.swift; sourceTree = "<group>"; };
		F3DEBD9F1B40FCCD00EE1382 /* bin */ = {isa = PBXFileReference; lastKnownFileType = folder; path = bin; sourceTree = "<group>"; };
		F3E6B54F1B2BFCA500F735EE /* FilterTests.swift */ = {isa = PBXFileReference; fileEncoding = 4; lastKnownFileType = sourcecode.swift; path = FilterTests.swift; sourceTree = "<group>"; };
		F3E6B5521B2C01CC00F735EE /* OrderTests.swift */ = {isa = PBXFileReference; fileEncoding = 4; lastKnownFileType = sourcecode.swift; path = OrderTests.swift; sourceTree = "<group>"; };
/* End PBXFileReference section */

/* Begin PBXFrameworksBuildPhase section */
		F30D1CC61B2A891100AF80A1 /* Frameworks */ = {
			isa = PBXFrameworksBuildPhase;
			buildActionMask = 2147483647;
			files = (
			);
			runOnlyForDeploymentPostprocessing = 0;
		};
		F30D1CD01B2A891100AF80A1 /* Frameworks */ = {
			isa = PBXFrameworksBuildPhase;
			buildActionMask = 2147483647;
			files = (
				F30D1CD41B2A891200AF80A1 /* CoreDataQueryInterface.framework in Frameworks */,
			);
			runOnlyForDeploymentPostprocessing = 0;
		};
		F37C469E1B2A780200B35B1B /* Frameworks */ = {
			isa = PBXFrameworksBuildPhase;
			buildActionMask = 2147483647;
			files = (
			);
			runOnlyForDeploymentPostprocessing = 0;
		};
		F37C46A91B2A780200B35B1B /* Frameworks */ = {
			isa = PBXFrameworksBuildPhase;
			buildActionMask = 2147483647;
			files = (
				F37C46AD1B2A780200B35B1B /* CoreDataQueryInterface.framework in Frameworks */,
			);
			runOnlyForDeploymentPostprocessing = 0;
		};
/* End PBXFrameworksBuildPhase section */

/* Begin PBXGroup section */
		F33567621B2D1BF5007853DB /* Tests */ = {
			isa = PBXGroup;
			children = (
				F37C46B11B2A780200B35B1B /* SanityTests.swift */,
				F3E6B54F1B2BFCA500F735EE /* FilterTests.swift */,
				F3E6B5521B2C01CC00F735EE /* OrderTests.swift */,
				F33567641B2D2EF7007853DB /* SelectionAndGroupingTests.swift */,
			);
			name = Tests;
			sourceTree = "<group>";
		};
		F33567631B2D1C04007853DB /* Core Data */ = {
			isa = PBXGroup;
			children = (
				F36D9D291B40FE5E00A3D4EC /* DepartmentAttribute.swift */,
				F36D9D2A1B40FE5E00A3D4EC /* EmployeeAttribute.swift */,
				F3251A0A1B2BDA2D0031B817 /* Company.xcdatamodeld */,
				F3251A071B2BDA260031B817 /* Employees.txt */,
				F3251A0E1B2BDE6E0031B817 /* Department.swift */,
				F3251A0F1B2BDE6E0031B817 /* Employee.swift */,
			);
			name = "Core Data";
			sourceTree = "<group>";
		};
		F371ABE91B2BC3FF002A8A85 /* Source */ = {
			isa = PBXGroup;
			children = (
				F34E74981B2E3A9900FAA04A /* Alias.swift */,
				F37A46EF1B2BD61700D4EE61 /* Attribute.swift */,
				F371ABA51B2B8EE2002A8A85 /* AttributeType.swift */,
				F371ABBC1B2BA9DA002A8A85 /* EntityQuery.swift */,
				F3158D1B1B2A91040041B125 /* EntityType.swift */,
				F371ABDA1B2BC15C002A8A85 /* Executing.swift */,
				F34E74931B2E38C900FAA04A /* Expression.swift */,
				F3B0E32C1B2DEEB5008D7EEF /* ExpressionHelper.swift */,
				F371ABC11B2BAC28002A8A85 /* ExpressionQuery.swift */,
				F371ABCB1B2BBB15002A8A85 /* ExpressionQueryType.swift */,
				F3B0E33E1B2E0351008D7EEF /* ExpressionType.swift */,
				F371ABD01B2BC122002A8A85 /* Filtering.swift */,
				F3B0E3391B2DFD70008D7EEF /* Function.swift */,
				F34E749D1B2E576000FAA04A /* Grouping.swift */,
				F335675D1B2D18A0007853DB /* Iterating.swift */,
				F371ABEA1B2BC4CB002A8A85 /* ManagedObjectContextType.swift */,
				F371ABE41B2BC2E7002A8A85 /* ManagedObjectIDQuery.swift */,
				F3754CCA1B35FBE5004B46B3 /* Operators.swift */,
				F371ABD51B2BC14A002A8A85 /* Ordering.swift */,
				F367DE2F1B2D6149009C1020 /* OrderType.swift */,
				F37A46F41B2BD77900D4EE61 /* Predicate.swift */,
				F371ABB71B2BA8BA002A8A85 /* QueryBuilder.swift */,
				F371ABC61B2BB80E002A8A85 /* QueryType.swift */,
				F371ABDF1B2BC1F7002A8A85 /* Selecting.swift */,
			);
			name = Source;
			sourceTree = "<group>";
		};
		F37C46981B2A780200B35B1B = {
			isa = PBXGroup;
			children = (
				F356831B1B43AC040089F0A0 /* README.md */,
				F37C46A41B2A780200B35B1B /* CoreDataQueryInterface */,
				F37C46B01B2A780200B35B1B /* CoreDataQueryInterfaceTests */,
				F37C46A31B2A780200B35B1B /* Products */,
				F3DEBD9F1B40FCCD00EE1382 /* bin */,
			);
			sourceTree = "<group>";
		};
		F37C46A31B2A780200B35B1B /* Products */ = {
			isa = PBXGroup;
			children = (
				F37C46A21B2A780200B35B1B /* CoreDataQueryInterface.framework */,
				F37C46AC1B2A780200B35B1B /* CoreDataQueryInterfaceiOSTests.xctest */,
				F30D1CCA1B2A891100AF80A1 /* CoreDataQueryInterface.framework */,
				F30D1CD31B2A891100AF80A1 /* CoreDataQueryInterfaceOSXTests.xctest */,
			);
			name = Products;
			sourceTree = "<group>";
		};
		F37C46A41B2A780200B35B1B /* CoreDataQueryInterface */ = {
			isa = PBXGroup;
			children = (
				F37C46A51B2A780200B35B1B /* CoreDataQueryInterface.h */,
				F37C46A71B2A780200B35B1B /* Info.plist */,
				F371ABE91B2BC3FF002A8A85 /* Source */,
			);
			path = CoreDataQueryInterface;
			sourceTree = "<group>";
		};
		F37C46B01B2A780200B35B1B /* CoreDataQueryInterfaceTests */ = {
			isa = PBXGroup;
			children = (
				F3251A041B2BDA190031B817 /* BaseTestCase.swift */,
				F31C64281B696CD900235764 /* NSManagedObjectContextExtensions.swift */,
				F30C0B7B1B37A20A00D8D762 /* Util.swift */,
				F33567621B2D1BF5007853DB /* Tests */,
				F33567631B2D1C04007853DB /* Core Data */,
				F37C46B31B2A780200B35B1B /* Info.plist */,
			);
			path = CoreDataQueryInterfaceTests;
			sourceTree = "<group>";
		};
/* End PBXGroup section */

/* Begin PBXHeadersBuildPhase section */
		F30D1CC71B2A891100AF80A1 /* Headers */ = {
			isa = PBXHeadersBuildPhase;
			buildActionMask = 2147483647;
			files = (
			);
			runOnlyForDeploymentPostprocessing = 0;
		};
		F37C469F1B2A780200B35B1B /* Headers */ = {
			isa = PBXHeadersBuildPhase;
			buildActionMask = 2147483647;
			files = (
				F37C46A61B2A780200B35B1B /* CoreDataQueryInterface.h in Headers */,
			);
			runOnlyForDeploymentPostprocessing = 0;
		};
/* End PBXHeadersBuildPhase section */

/* Begin PBXNativeTarget section */
		F30D1CC91B2A891100AF80A1 /* CoreDataQueryInterfaceOSX */ = {
			isa = PBXNativeTarget;
			buildConfigurationList = F30D1CDB1B2A891200AF80A1 /* Build configuration list for PBXNativeTarget "CoreDataQueryInterfaceOSX" */;
			buildPhases = (
				F30D1CC51B2A891100AF80A1 /* Sources */,
				F30D1CC61B2A891100AF80A1 /* Frameworks */,
				F30D1CC71B2A891100AF80A1 /* Headers */,
				F30D1CC81B2A891100AF80A1 /* Resources */,
			);
			buildRules = (
			);
			dependencies = (
			);
			name = CoreDataQueryInterfaceOSX;
			productName = CoreDataQueryInterface;
			productReference = F30D1CCA1B2A891100AF80A1 /* CoreDataQueryInterface.framework */;
			productType = "com.apple.product-type.framework";
		};
		F30D1CD21B2A891100AF80A1 /* CoreDataQueryInterfaceOSXTests */ = {
			isa = PBXNativeTarget;
			buildConfigurationList = F30D1CDE1B2A891200AF80A1 /* Build configuration list for PBXNativeTarget "CoreDataQueryInterfaceOSXTests" */;
			buildPhases = (
				F30D1CCF1B2A891100AF80A1 /* Sources */,
				F30D1CD01B2A891100AF80A1 /* Frameworks */,
				F30D1CD11B2A891100AF80A1 /* Resources */,
			);
			buildRules = (
			);
			dependencies = (
				F30D1CD61B2A891200AF80A1 /* PBXTargetDependency */,
			);
			name = CoreDataQueryInterfaceOSXTests;
			productName = CoreDataQueryInterfaceTests;
			productReference = F30D1CD31B2A891100AF80A1 /* CoreDataQueryInterfaceOSXTests.xctest */;
			productType = "com.apple.product-type.bundle.unit-test";
		};
		F37C46A11B2A780200B35B1B /* CoreDataQueryInterfaceiOS */ = {
			isa = PBXNativeTarget;
			buildConfigurationList = F37C46B61B2A780200B35B1B /* Build configuration list for PBXNativeTarget "CoreDataQueryInterfaceiOS" */;
			buildPhases = (
				F37C469D1B2A780200B35B1B /* Sources */,
				F37C469E1B2A780200B35B1B /* Frameworks */,
				F37C469F1B2A780200B35B1B /* Headers */,
				F37C46A01B2A780200B35B1B /* Resources */,
			);
			buildRules = (
			);
			dependencies = (
			);
			name = CoreDataQueryInterfaceiOS;
			productName = CoreDataQueryInterface;
			productReference = F37C46A21B2A780200B35B1B /* CoreDataQueryInterface.framework */;
			productType = "com.apple.product-type.framework";
		};
		F37C46AB1B2A780200B35B1B /* CoreDataQueryInterfaceiOSTests */ = {
			isa = PBXNativeTarget;
			buildConfigurationList = F37C46B91B2A780200B35B1B /* Build configuration list for PBXNativeTarget "CoreDataQueryInterfaceiOSTests" */;
			buildPhases = (
				F37C46A81B2A780200B35B1B /* Sources */,
				F37C46A91B2A780200B35B1B /* Frameworks */,
				F37C46AA1B2A780200B35B1B /* Resources */,
			);
			buildRules = (
			);
			dependencies = (
				F37C46AF1B2A780200B35B1B /* PBXTargetDependency */,
			);
			name = CoreDataQueryInterfaceiOSTests;
			productName = CoreDataQueryInterfaceTests;
			productReference = F37C46AC1B2A780200B35B1B /* CoreDataQueryInterfaceiOSTests.xctest */;
			productType = "com.apple.product-type.bundle.unit-test";
		};
/* End PBXNativeTarget section */

/* Begin PBXProject section */
		F37C46991B2A780200B35B1B /* Project object */ = {
			isa = PBXProject;
			attributes = {
				LastSwiftUpdateCheck = 0700;
				LastUpgradeCheck = 0700;
				ORGANIZATIONNAME = "Prosumma LLC";
				TargetAttributes = {
					F30D1CC91B2A891100AF80A1 = {
						CreatedOnToolsVersion = 7.0;
					};
					F30D1CD21B2A891100AF80A1 = {
						CreatedOnToolsVersion = 7.0;
					};
					F37C46A11B2A780200B35B1B = {
						CreatedOnToolsVersion = 7.0;
					};
					F37C46AB1B2A780200B35B1B = {
						CreatedOnToolsVersion = 7.0;
					};
				};
			};
			buildConfigurationList = F37C469C1B2A780200B35B1B /* Build configuration list for PBXProject "CoreDataQueryInterface" */;
			compatibilityVersion = "Xcode 3.2";
			developmentRegion = English;
			hasScannedForEncodings = 0;
			knownRegions = (
				en,
			);
			mainGroup = F37C46981B2A780200B35B1B;
			productRefGroup = F37C46A31B2A780200B35B1B /* Products */;
			projectDirPath = "";
			projectRoot = "";
			targets = (
				F37C46A11B2A780200B35B1B /* CoreDataQueryInterfaceiOS */,
				F37C46AB1B2A780200B35B1B /* CoreDataQueryInterfaceiOSTests */,
				F30D1CC91B2A891100AF80A1 /* CoreDataQueryInterfaceOSX */,
				F30D1CD21B2A891100AF80A1 /* CoreDataQueryInterfaceOSXTests */,
			);
		};
/* End PBXProject section */

/* Begin PBXResourcesBuildPhase section */
		F30D1CC81B2A891100AF80A1 /* Resources */ = {
			isa = PBXResourcesBuildPhase;
			buildActionMask = 2147483647;
			files = (
			);
			runOnlyForDeploymentPostprocessing = 0;
		};
		F30D1CD11B2A891100AF80A1 /* Resources */ = {
			isa = PBXResourcesBuildPhase;
			buildActionMask = 2147483647;
			files = (
				F3251A091B2BDA260031B817 /* Employees.txt in Resources */,
			);
			runOnlyForDeploymentPostprocessing = 0;
		};
		F37C46A01B2A780200B35B1B /* Resources */ = {
			isa = PBXResourcesBuildPhase;
			buildActionMask = 2147483647;
			files = (
			);
			runOnlyForDeploymentPostprocessing = 0;
		};
		F37C46AA1B2A780200B35B1B /* Resources */ = {
			isa = PBXResourcesBuildPhase;
			buildActionMask = 2147483647;
			files = (
				F3251A081B2BDA260031B817 /* Employees.txt in Resources */,
			);
			runOnlyForDeploymentPostprocessing = 0;
		};
/* End PBXResourcesBuildPhase section */

/* Begin PBXSourcesBuildPhase section */
		F30D1CC51B2A891100AF80A1 /* Sources */ = {
			isa = PBXSourcesBuildPhase;
			buildActionMask = 2147483647;
			files = (
				F371ABCE1B2BBB15002A8A85 /* ExpressionQueryType.swift in Sources */,
				F33567601B2D18A0007853DB /* Iterating.swift in Sources */,
				F371ABBA1B2BA8BA002A8A85 /* QueryBuilder.swift in Sources */,
				F371ABE21B2BC1F7002A8A85 /* Selecting.swift in Sources */,
				F3B0E3411B2E0351008D7EEF /* ExpressionType.swift in Sources */,
				F34E74961B2E38C900FAA04A /* Expression.swift in Sources */,
				F371ABA71B2B8EE2002A8A85 /* AttributeType.swift in Sources */,
				F37A46F21B2BD61700D4EE61 /* Attribute.swift in Sources */,
				F371ABD81B2BC14A002A8A85 /* Ordering.swift in Sources */,
				F371ABDD1B2BC15C002A8A85 /* Executing.swift in Sources */,
				F34E749B1B2E3A9900FAA04A /* Alias.swift in Sources */,
				F37A46F71B2BD77900D4EE61 /* Predicate.swift in Sources */,
				F3B0E32F1B2DEEB5008D7EEF /* ExpressionHelper.swift in Sources */,
				F3158D1D1B2A91040041B125 /* EntityType.swift in Sources */,
				F371ABC41B2BAC28002A8A85 /* ExpressionQuery.swift in Sources */,
				F371ABE71B2BC2E7002A8A85 /* ManagedObjectIDQuery.swift in Sources */,
				F367DE321B2D6149009C1020 /* OrderType.swift in Sources */,
				F3754CCD1B35FBE5004B46B3 /* Operators.swift in Sources */,
				F371ABD31B2BC122002A8A85 /* Filtering.swift in Sources */,
				F371ABED1B2BC4CB002A8A85 /* ManagedObjectContextType.swift in Sources */,
				F371ABC91B2BB80E002A8A85 /* QueryType.swift in Sources */,
				F371ABBF1B2BA9DA002A8A85 /* EntityQuery.swift in Sources */,
				F34E74A01B2E576000FAA04A /* Grouping.swift in Sources */,
				F3B0E33C1B2DFD70008D7EEF /* Function.swift in Sources */,
			);
			runOnlyForDeploymentPostprocessing = 0;
		};
		F30D1CCF1B2A891100AF80A1 /* Sources */ = {
			isa = PBXSourcesBuildPhase;
			buildActionMask = 2147483647;
			files = (
				F33567681B2D2EF7007853DB /* SelectionAndGroupingTests.swift in Sources */,
				F3E6B5541B2C01CC00F735EE /* OrderTests.swift in Sources */,
				F37A46F31B2BD61700D4EE61 /* Attribute.swift in Sources */,
				F31C642A1B696CD900235764 /* NSManagedObjectContextExtensions.swift in Sources */,
				F371ABE31B2BC1F7002A8A85 /* Selecting.swift in Sources */,
				F371ABC01B2BA9DA002A8A85 /* EntityQuery.swift in Sources */,
				F3B0E33D1B2DFD70008D7EEF /* Function.swift in Sources */,
				F367DE331B2D6149009C1020 /* OrderType.swift in Sources */,
				F33567611B2D18A0007853DB /* Iterating.swift in Sources */,
				F371ABB51B2BA5FA002A8A85 /* AttributeType.swift in Sources */,
				F371ABE81B2BC2E7002A8A85 /* ManagedObjectIDQuery.swift in Sources */,
				F371ABDE1B2BC15C002A8A85 /* Executing.swift in Sources */,
				F36D9D2E1B40FE5E00A3D4EC /* EmployeeAttribute.swift in Sources */,
				F371ABC51B2BAC28002A8A85 /* ExpressionQuery.swift in Sources */,
				F3251A0D1B2BDA2D0031B817 /* Company.xcdatamodeld in Sources */,
				F371ABB61B2BA5FA002A8A85 /* EntityType.swift in Sources */,
				F3B0E3301B2DEEB5008D7EEF /* ExpressionHelper.swift in Sources */,
				F371ABCF1B2BBB15002A8A85 /* ExpressionQueryType.swift in Sources */,
				F3754CCE1B35FBE5004B46B3 /* Operators.swift in Sources */,
				F3251A061B2BDA190031B817 /* BaseTestCase.swift in Sources */,
				F371ABEE1B2BC4CB002A8A85 /* ManagedObjectContextType.swift in Sources */,
				F371ABCA1B2BB80E002A8A85 /* QueryType.swift in Sources */,
				F34E74A11B2E576000FAA04A /* Grouping.swift in Sources */,
				F34E749C1B2E3A9900FAA04A /* Alias.swift in Sources */,
				F30C0B7D1B37A20A00D8D762 /* Util.swift in Sources */,
				F3251A131B2BDE6E0031B817 /* Employee.swift in Sources */,
				F37A46F81B2BD77900D4EE61 /* Predicate.swift in Sources */,
				F3B0E3421B2E0351008D7EEF /* ExpressionType.swift in Sources */,
				F371ABBB1B2BA8BA002A8A85 /* QueryBuilder.swift in Sources */,
				F3E6B5511B2BFCA500F735EE /* FilterTests.swift in Sources */,
				F371ABD91B2BC14A002A8A85 /* Ordering.swift in Sources */,
				F371ABD41B2BC122002A8A85 /* Filtering.swift in Sources */,
				F3FE7AD11B2B87CF00AA5845 /* SanityTests.swift in Sources */,
				F3251A111B2BDE6E0031B817 /* Department.swift in Sources */,
				F36D9D2C1B40FE5E00A3D4EC /* DepartmentAttribute.swift in Sources */,
				F34E74971B2E38C900FAA04A /* Expression.swift in Sources */,
			);
			runOnlyForDeploymentPostprocessing = 0;
		};
		F37C469D1B2A780200B35B1B /* Sources */ = {
			isa = PBXSourcesBuildPhase;
			buildActionMask = 2147483647;
			files = (
				F371ABCC1B2BBB15002A8A85 /* ExpressionQueryType.swift in Sources */,
				F335675E1B2D18A0007853DB /* Iterating.swift in Sources */,
				F371ABB81B2BA8BA002A8A85 /* QueryBuilder.swift in Sources */,
				F371ABE01B2BC1F7002A8A85 /* Selecting.swift in Sources */,
				F3B0E33F1B2E0351008D7EEF /* ExpressionType.swift in Sources */,
				F34E74941B2E38C900FAA04A /* Expression.swift in Sources */,
				F371ABA61B2B8EE2002A8A85 /* AttributeType.swift in Sources */,
				F37A46F01B2BD61700D4EE61 /* Attribute.swift in Sources */,
				F371ABD61B2BC14A002A8A85 /* Ordering.swift in Sources */,
				F371ABDB1B2BC15C002A8A85 /* Executing.swift in Sources */,
				F34E74991B2E3A9900FAA04A /* Alias.swift in Sources */,
				F37A46F51B2BD77900D4EE61 /* Predicate.swift in Sources */,
				F3B0E32D1B2DEEB5008D7EEF /* ExpressionHelper.swift in Sources */,
				F3158D1C1B2A91040041B125 /* EntityType.swift in Sources */,
				F371ABC21B2BAC28002A8A85 /* ExpressionQuery.swift in Sources */,
				F371ABE51B2BC2E7002A8A85 /* ManagedObjectIDQuery.swift in Sources */,
				F367DE301B2D6149009C1020 /* OrderType.swift in Sources */,
				F3754CCB1B35FBE5004B46B3 /* Operators.swift in Sources */,
				F371ABD11B2BC122002A8A85 /* Filtering.swift in Sources */,
				F371ABEB1B2BC4CB002A8A85 /* ManagedObjectContextType.swift in Sources */,
				F371ABC71B2BB80E002A8A85 /* QueryType.swift in Sources */,
				F371ABBD1B2BA9DA002A8A85 /* EntityQuery.swift in Sources */,
				F34E749E1B2E576000FAA04A /* Grouping.swift in Sources */,
				F3B0E33A1B2DFD70008D7EEF /* Function.swift in Sources */,
			);
			runOnlyForDeploymentPostprocessing = 0;
		};
		F37C46A81B2A780200B35B1B /* Sources */ = {
			isa = PBXSourcesBuildPhase;
			buildActionMask = 2147483647;
			files = (
				F33567661B2D2EF7007853DB /* SelectionAndGroupingTests.swift in Sources */,
				F3E6B5531B2C01CC00F735EE /* OrderTests.swift in Sources */,
				F37A46F11B2BD61700D4EE61 /* Attribute.swift in Sources */,
				F31C64291B696CD900235764 /* NSManagedObjectContextExtensions.swift in Sources */,
				F371ABE11B2BC1F7002A8A85 /* Selecting.swift in Sources */,
				F371ABBE1B2BA9DA002A8A85 /* EntityQuery.swift in Sources */,
				F3B0E33B1B2DFD70008D7EEF /* Function.swift in Sources */,
				F367DE311B2D6149009C1020 /* OrderType.swift in Sources */,
				F335675F1B2D18A0007853DB /* Iterating.swift in Sources */,
				F371ABB31B2BA5FA002A8A85 /* AttributeType.swift in Sources */,
				F371ABE61B2BC2E7002A8A85 /* ManagedObjectIDQuery.swift in Sources */,
				F371ABDC1B2BC15C002A8A85 /* Executing.swift in Sources */,
				F36D9D2D1B40FE5E00A3D4EC /* EmployeeAttribute.swift in Sources */,
				F371ABC31B2BAC28002A8A85 /* ExpressionQuery.swift in Sources */,
				F3251A0C1B2BDA2D0031B817 /* Company.xcdatamodeld in Sources */,
				F371ABB41B2BA5FA002A8A85 /* EntityType.swift in Sources */,
				F3B0E32E1B2DEEB5008D7EEF /* ExpressionHelper.swift in Sources */,
				F371ABCD1B2BBB15002A8A85 /* ExpressionQueryType.swift in Sources */,
				F3754CCC1B35FBE5004B46B3 /* Operators.swift in Sources */,
				F3251A051B2BDA190031B817 /* BaseTestCase.swift in Sources */,
				F371ABEC1B2BC4CB002A8A85 /* ManagedObjectContextType.swift in Sources */,
				F371ABC81B2BB80E002A8A85 /* QueryType.swift in Sources */,
				F34E749F1B2E576000FAA04A /* Grouping.swift in Sources */,
				F34E749A1B2E3A9900FAA04A /* Alias.swift in Sources */,
				F30C0B7C1B37A20A00D8D762 /* Util.swift in Sources */,
				F3251A121B2BDE6E0031B817 /* Employee.swift in Sources */,
				F37A46F61B2BD77900D4EE61 /* Predicate.swift in Sources */,
				F3B0E3401B2E0351008D7EEF /* ExpressionType.swift in Sources */,
				F371ABB91B2BA8BA002A8A85 /* QueryBuilder.swift in Sources */,
				F3E6B5501B2BFCA500F735EE /* FilterTests.swift in Sources */,
				F371ABD71B2BC14A002A8A85 /* Ordering.swift in Sources */,
				F371ABD21B2BC122002A8A85 /* Filtering.swift in Sources */,
				F37C46B21B2A780200B35B1B /* SanityTests.swift in Sources */,
				F3251A101B2BDE6E0031B817 /* Department.swift in Sources */,
				F36D9D2B1B40FE5E00A3D4EC /* DepartmentAttribute.swift in Sources */,
				F34E74951B2E38C900FAA04A /* Expression.swift in Sources */,
			);
			runOnlyForDeploymentPostprocessing = 0;
		};
/* End PBXSourcesBuildPhase section */

/* Begin PBXTargetDependency section */
		F30D1CD61B2A891200AF80A1 /* PBXTargetDependency */ = {
			isa = PBXTargetDependency;
			target = F30D1CC91B2A891100AF80A1 /* CoreDataQueryInterfaceOSX */;
			targetProxy = F30D1CD51B2A891200AF80A1 /* PBXContainerItemProxy */;
		};
		F37C46AF1B2A780200B35B1B /* PBXTargetDependency */ = {
			isa = PBXTargetDependency;
			target = F37C46A11B2A780200B35B1B /* CoreDataQueryInterfaceiOS */;
			targetProxy = F37C46AE1B2A780200B35B1B /* PBXContainerItemProxy */;
		};
/* End PBXTargetDependency section */

/* Begin XCBuildConfiguration section */
		F30D1CDC1B2A891200AF80A1 /* Debug */ = {
			isa = XCBuildConfiguration;
			buildSettings = {
				CLANG_ENABLE_MODULES = YES;
				COMBINE_HIDPI_IMAGES = YES;
				DEFINES_MODULE = YES;
				DYLIB_COMPATIBILITY_VERSION = 1;
				DYLIB_CURRENT_VERSION = 1;
				DYLIB_INSTALL_NAME_BASE = "@rpath";
				FRAMEWORK_VERSION = A;
				INFOPLIST_FILE = CoreDataQueryInterface/Info.plist;
				INSTALL_PATH = "$(LOCAL_LIBRARY_DIR)/Frameworks";
				LD_RUNPATH_SEARCH_PATHS = "$(inherited) @executable_path/../Frameworks @loader_path/Frameworks";
				MACOSX_DEPLOYMENT_TARGET = 10.10;
				PRODUCT_BUNDLE_IDENTIFIER = com.prosumma.CoreDataQueryInterface;
				PRODUCT_NAME = CoreDataQueryInterface;
				SDKROOT = macosx;
				SKIP_INSTALL = YES;
				SWIFT_OPTIMIZATION_LEVEL = "-Onone";
			};
			name = Debug;
		};
		F30D1CDD1B2A891200AF80A1 /* Release */ = {
			isa = XCBuildConfiguration;
			buildSettings = {
				CLANG_ENABLE_MODULES = YES;
				COMBINE_HIDPI_IMAGES = YES;
				DEFINES_MODULE = YES;
				DYLIB_COMPATIBILITY_VERSION = 1;
				DYLIB_CURRENT_VERSION = 1;
				DYLIB_INSTALL_NAME_BASE = "@rpath";
				FRAMEWORK_VERSION = A;
				INFOPLIST_FILE = CoreDataQueryInterface/Info.plist;
				INSTALL_PATH = "$(LOCAL_LIBRARY_DIR)/Frameworks";
				LD_RUNPATH_SEARCH_PATHS = "$(inherited) @executable_path/../Frameworks @loader_path/Frameworks";
				MACOSX_DEPLOYMENT_TARGET = 10.10;
				PRODUCT_BUNDLE_IDENTIFIER = com.prosumma.CoreDataQueryInterface;
				PRODUCT_NAME = CoreDataQueryInterface;
				SDKROOT = macosx;
				SKIP_INSTALL = YES;
			};
			name = Release;
		};
		F30D1CDF1B2A891200AF80A1 /* Debug */ = {
			isa = XCBuildConfiguration;
			buildSettings = {
				COMBINE_HIDPI_IMAGES = YES;
				INFOPLIST_FILE = CoreDataQueryInterfaceTests/Info.plist;
				LD_RUNPATH_SEARCH_PATHS = "$(inherited) @executable_path/../Frameworks @loader_path/../Frameworks";
				MACOSX_DEPLOYMENT_TARGET = 10.10;
				PRODUCT_BUNDLE_IDENTIFIER = com.prosumma.CoreDataQueryInterfaceTests;
				PRODUCT_MODULE_NAME = CoreDataQueryInterfaceTests;
				PRODUCT_NAME = "$(TARGET_NAME)";
				SDKROOT = macosx;
			};
			name = Debug;
		};
		F30D1CE01B2A891200AF80A1 /* Release */ = {
			isa = XCBuildConfiguration;
			buildSettings = {
				COMBINE_HIDPI_IMAGES = YES;
				INFOPLIST_FILE = CoreDataQueryInterfaceTests/Info.plist;
				LD_RUNPATH_SEARCH_PATHS = "$(inherited) @executable_path/../Frameworks @loader_path/../Frameworks";
				MACOSX_DEPLOYMENT_TARGET = 10.10;
				PRODUCT_BUNDLE_IDENTIFIER = com.prosumma.CoreDataQueryInterfaceTests;
				PRODUCT_MODULE_NAME = CoreDataQueryInterfaceTests;
				PRODUCT_NAME = "$(TARGET_NAME)";
				SDKROOT = macosx;
			};
			name = Release;
		};
		F37C46B41B2A780200B35B1B /* Debug */ = {
			isa = XCBuildConfiguration;
			buildSettings = {
				ALWAYS_SEARCH_USER_PATHS = NO;
				CLANG_CXX_LANGUAGE_STANDARD = "gnu++0x";
				CLANG_CXX_LIBRARY = "libc++";
				CLANG_ENABLE_MODULES = YES;
				CLANG_ENABLE_OBJC_ARC = YES;
				CLANG_WARN_BOOL_CONVERSION = YES;
				CLANG_WARN_CONSTANT_CONVERSION = YES;
				CLANG_WARN_DIRECT_OBJC_ISA_USAGE = YES_ERROR;
				CLANG_WARN_EMPTY_BODY = YES;
				CLANG_WARN_ENUM_CONVERSION = YES;
				CLANG_WARN_INT_CONVERSION = YES;
				CLANG_WARN_OBJC_ROOT_CLASS = YES_ERROR;
				CLANG_WARN_UNREACHABLE_CODE = YES;
				CLANG_WARN__DUPLICATE_METHOD_MATCH = YES;
				"CODE_SIGN_IDENTITY[sdk=iphoneos*]" = "iPhone Developer";
				COPY_PHASE_STRIP = NO;
				CURRENT_PROJECT_VERSION = 1;
				DEBUG_INFORMATION_FORMAT = dwarf;
				ENABLE_STRICT_OBJC_MSGSEND = YES;
				ENABLE_TESTABILITY = YES;
				GCC_C_LANGUAGE_STANDARD = gnu99;
				GCC_DYNAMIC_NO_PIC = NO;
				GCC_NO_COMMON_BLOCKS = YES;
				GCC_OPTIMIZATION_LEVEL = 0;
				GCC_PREPROCESSOR_DEFINITIONS = (
					"DEBUG=1",
					"$(inherited)",
				);
				GCC_WARN_64_TO_32_BIT_CONVERSION = YES;
				GCC_WARN_ABOUT_RETURN_TYPE = YES_ERROR;
				GCC_WARN_UNDECLARED_SELECTOR = YES;
				GCC_WARN_UNINITIALIZED_AUTOS = YES_AGGRESSIVE;
				GCC_WARN_UNUSED_FUNCTION = YES;
				GCC_WARN_UNUSED_VARIABLE = YES;
				IPHONEOS_DEPLOYMENT_TARGET = 9.0;
				MTL_ENABLE_DEBUG_INFO = YES;
				ONLY_ACTIVE_ARCH = YES;
				SDKROOT = iphoneos;
				SWIFT_OPTIMIZATION_LEVEL = "-Onone";
				TARGETED_DEVICE_FAMILY = "1,2";
				VERSIONING_SYSTEM = "apple-generic";
				VERSION_INFO_PREFIX = "";
			};
			name = Debug;
		};
		F37C46B51B2A780200B35B1B /* Release */ = {
			isa = XCBuildConfiguration;
			buildSettings = {
				ALWAYS_SEARCH_USER_PATHS = NO;
				CLANG_CXX_LANGUAGE_STANDARD = "gnu++0x";
				CLANG_CXX_LIBRARY = "libc++";
				CLANG_ENABLE_MODULES = YES;
				CLANG_ENABLE_OBJC_ARC = YES;
				CLANG_WARN_BOOL_CONVERSION = YES;
				CLANG_WARN_CONSTANT_CONVERSION = YES;
				CLANG_WARN_DIRECT_OBJC_ISA_USAGE = YES_ERROR;
				CLANG_WARN_EMPTY_BODY = YES;
				CLANG_WARN_ENUM_CONVERSION = YES;
				CLANG_WARN_INT_CONVERSION = YES;
				CLANG_WARN_OBJC_ROOT_CLASS = YES_ERROR;
				CLANG_WARN_UNREACHABLE_CODE = YES;
				CLANG_WARN__DUPLICATE_METHOD_MATCH = YES;
				"CODE_SIGN_IDENTITY[sdk=iphoneos*]" = "iPhone Developer";
				COPY_PHASE_STRIP = NO;
				CURRENT_PROJECT_VERSION = 1;
				DEBUG_INFORMATION_FORMAT = "dwarf-with-dsym";
				ENABLE_NS_ASSERTIONS = NO;
				ENABLE_STRICT_OBJC_MSGSEND = YES;
				GCC_C_LANGUAGE_STANDARD = gnu99;
				GCC_NO_COMMON_BLOCKS = YES;
				GCC_WARN_64_TO_32_BIT_CONVERSION = YES;
				GCC_WARN_ABOUT_RETURN_TYPE = YES_ERROR;
				GCC_WARN_UNDECLARED_SELECTOR = YES;
				GCC_WARN_UNINITIALIZED_AUTOS = YES_AGGRESSIVE;
				GCC_WARN_UNUSED_FUNCTION = YES;
				GCC_WARN_UNUSED_VARIABLE = YES;
				IPHONEOS_DEPLOYMENT_TARGET = 9.0;
				MTL_ENABLE_DEBUG_INFO = NO;
				SDKROOT = iphoneos;
				TARGETED_DEVICE_FAMILY = "1,2";
				VALIDATE_PRODUCT = YES;
				VERSIONING_SYSTEM = "apple-generic";
				VERSION_INFO_PREFIX = "";
			};
			name = Release;
		};
		F37C46B71B2A780200B35B1B /* Debug */ = {
			isa = XCBuildConfiguration;
			buildSettings = {
				CLANG_ENABLE_MODULES = YES;
				DEFINES_MODULE = YES;
				DYLIB_COMPATIBILITY_VERSION = 1;
				DYLIB_CURRENT_VERSION = 1;
				DYLIB_INSTALL_NAME_BASE = "@rpath";
				INFOPLIST_FILE = CoreDataQueryInterface/Info.plist;
				INSTALL_PATH = "$(LOCAL_LIBRARY_DIR)/Frameworks";
				LD_RUNPATH_SEARCH_PATHS = "$(inherited) @executable_path/Frameworks @loader_path/Frameworks";
				PRODUCT_BUNDLE_IDENTIFIER = com.prosumma.CoreDataQueryInterface;
				PRODUCT_NAME = CoreDataQueryInterface;
				SKIP_INSTALL = YES;
				SWIFT_OPTIMIZATION_LEVEL = "-Onone";
			};
			name = Debug;
		};
		F37C46B81B2A780200B35B1B /* Release */ = {
			isa = XCBuildConfiguration;
			buildSettings = {
				CLANG_ENABLE_MODULES = YES;
				DEFINES_MODULE = YES;
				DYLIB_COMPATIBILITY_VERSION = 1;
				DYLIB_CURRENT_VERSION = 1;
				DYLIB_INSTALL_NAME_BASE = "@rpath";
				INFOPLIST_FILE = CoreDataQueryInterface/Info.plist;
				INSTALL_PATH = "$(LOCAL_LIBRARY_DIR)/Frameworks";
				LD_RUNPATH_SEARCH_PATHS = "$(inherited) @executable_path/Frameworks @loader_path/Frameworks";
				PRODUCT_BUNDLE_IDENTIFIER = com.prosumma.CoreDataQueryInterface;
				PRODUCT_NAME = CoreDataQueryInterface;
				SKIP_INSTALL = YES;
			};
			name = Release;
		};
		F37C46BA1B2A780200B35B1B /* Debug */ = {
			isa = XCBuildConfiguration;
			buildSettings = {
				INFOPLIST_FILE = CoreDataQueryInterfaceTests/Info.plist;
				LD_RUNPATH_SEARCH_PATHS = "$(inherited) @executable_path/Frameworks @loader_path/Frameworks";
				PRODUCT_BUNDLE_IDENTIFIER = com.prosumma.CoreDataQueryInterfaceTests;
				PRODUCT_MODULE_NAME = CoreDataQueryInterfaceTests;
				PRODUCT_NAME = "$(TARGET_NAME)";
			};
			name = Debug;
		};
		F37C46BB1B2A780200B35B1B /* Release */ = {
			isa = XCBuildConfiguration;
			buildSettings = {
				INFOPLIST_FILE = CoreDataQueryInterfaceTests/Info.plist;
				LD_RUNPATH_SEARCH_PATHS = "$(inherited) @executable_path/Frameworks @loader_path/Frameworks";
				PRODUCT_BUNDLE_IDENTIFIER = com.prosumma.CoreDataQueryInterfaceTests;
				PRODUCT_MODULE_NAME = CoreDataQueryInterfaceTests;
				PRODUCT_NAME = "$(TARGET_NAME)";
			};
			name = Release;
		};
/* End XCBuildConfiguration section */

/* Begin XCConfigurationList section */
		F30D1CDB1B2A891200AF80A1 /* Build configuration list for PBXNativeTarget "CoreDataQueryInterfaceOSX" */ = {
			isa = XCConfigurationList;
			buildConfigurations = (
				F30D1CDC1B2A891200AF80A1 /* Debug */,
				F30D1CDD1B2A891200AF80A1 /* Release */,
			);
			defaultConfigurationIsVisible = 0;
			defaultConfigurationName = Release;
		};
		F30D1CDE1B2A891200AF80A1 /* Build configuration list for PBXNativeTarget "CoreDataQueryInterfaceOSXTests" */ = {
			isa = XCConfigurationList;
			buildConfigurations = (
				F30D1CDF1B2A891200AF80A1 /* Debug */,
				F30D1CE01B2A891200AF80A1 /* Release */,
			);
			defaultConfigurationIsVisible = 0;
			defaultConfigurationName = Release;
		};
		F37C469C1B2A780200B35B1B /* Build configuration list for PBXProject "CoreDataQueryInterface" */ = {
			isa = XCConfigurationList;
			buildConfigurations = (
				F37C46B41B2A780200B35B1B /* Debug */,
				F37C46B51B2A780200B35B1B /* Release */,
			);
			defaultConfigurationIsVisible = 0;
			defaultConfigurationName = Release;
		};
		F37C46B61B2A780200B35B1B /* Build configuration list for PBXNativeTarget "CoreDataQueryInterfaceiOS" */ = {
			isa = XCConfigurationList;
			buildConfigurations = (
				F37C46B71B2A780200B35B1B /* Debug */,
				F37C46B81B2A780200B35B1B /* Release */,
			);
			defaultConfigurationIsVisible = 0;
			defaultConfigurationName = Release;
		};
		F37C46B91B2A780200B35B1B /* Build configuration list for PBXNativeTarget "CoreDataQueryInterfaceiOSTests" */ = {
			isa = XCConfigurationList;
			buildConfigurations = (
				F37C46BA1B2A780200B35B1B /* Debug */,
				F37C46BB1B2A780200B35B1B /* Release */,
			);
			defaultConfigurationIsVisible = 0;
			defaultConfigurationName = Release;
		};
/* End XCConfigurationList section */

/* Begin XCVersionGroup section */
		F3251A0A1B2BDA2D0031B817 /* Company.xcdatamodeld */ = {
			isa = XCVersionGroup;
			children = (
				F3251A0B1B2BDA2D0031B817 /* Company.xcdatamodel */,
			);
			currentVersion = F3251A0B1B2BDA2D0031B817 /* Company.xcdatamodel */;
			path = Company.xcdatamodeld;
			sourceTree = "<group>";
			versionGroupType = wrapper.xcdatamodel;
		};
/* End XCVersionGroup section */
	};
	rootObject = F37C46991B2A780200B35B1B /* Project object */;
}
